// !$*UTF8*$!
{
	archiveVersion = 1;
	classes = {
	};
	objectVersion = 60;
	objects = {

/* Begin PBXBuildFile section */
		00929F5D9FE04CBA118A8A71 /* GroupListItem.swift in Sources */ = {isa = PBXBuildFile; fileRef = 28A93C54A9B7AA6B8B9C4E6C /* GroupListItem.swift */; };
		02EECEFB7B30F191C6BE9B96 /* CategoryUseCase.swift in Sources */ = {isa = PBXBuildFile; fileRef = 7BEF6C7623E107C929911252 /* CategoryUseCase.swift */; };
		031A6A4778063B2563AB7F43 /* TermRepository.swift in Sources */ = {isa = PBXBuildFile; fileRef = 65AC368229D269A6D5E0401B /* TermRepository.swift */; };
		075CC818B4C84D404B93F6E5 /* MoimDiaryUseCase.swift in Sources */ = {isa = PBXBuildFile; fileRef = 0A080823E2A91EEC97A10990 /* MoimDiaryUseCase.swift */; };
		0965619E2D31350E0D418E9F /* DiaryUseCase.swift in Sources */ = {isa = PBXBuildFile; fileRef = 7143AF1C0E7C474BCAA5986B /* DiaryUseCase.swift */; };
		0C9FA381F6706C624630B93D /* AlertViewWithContent.swift in Sources */ = {isa = PBXBuildFile; fileRef = 72643D8EE4239F8151A83F63 /* AlertViewWithContent.swift */; };
		10D80305EF8F39310BC27744 /* GroupCalendarView.swift in Sources */ = {isa = PBXBuildFile; fileRef = 3733645A9CB5EC9D0C377FB6 /* GroupCalendarView.swift */; };
		12EAA88756DF9839C5815795 /* ToDoSelectCategoryView.swift in Sources */ = {isa = PBXBuildFile; fileRef = CF4880A8C774BF8143E1E0DF /* ToDoSelectCategoryView.swift */; };
		137C75FAF72A3FEA03E2EEB3 /* CustomMainView.swift in Sources */ = {isa = PBXBuildFile; fileRef = DC5A760D605B4B161A39D5F0 /* CustomMainView.swift */; };
		1DE0D7A002CB731F275FACDB /* HomeMainView.swift in Sources */ = {isa = PBXBuildFile; fileRef = 856C2014AEAB66E978DE9603 /* HomeMainView.swift */; };
		1F8304B1364772B84F942998 /* AlertViewWithTitleAndMessage.swift in Sources */ = {isa = PBXBuildFile; fileRef = 2A22C591FE35D2D6A098E992 /* AlertViewWithTitleAndMessage.swift */; };
		216BF82FA79516DCD1A1AFF0 /* ScheduleRepository.swift in Sources */ = {isa = PBXBuildFile; fileRef = A73C573EF0237C93FCC063E4 /* ScheduleRepository.swift */; };
		261E799CA43080F74C78E9EE /* GroupUseCase.swift in Sources */ = {isa = PBXBuildFile; fileRef = D358A2008393045CEE07DCBD /* GroupUseCase.swift */; };
		2774A46B07FCF81A68E4A901 /* NamoHome.swift in Sources */ = {isa = PBXBuildFile; fileRef = F3D50CF83D0C1D64E9F26923 /* NamoHome.swift */; };
		27EB15983206D03D3D20DD43 /* ColorCircleView.swift in Sources */ = {isa = PBXBuildFile; fileRef = 0F584BE8A592B9BBC422E4ED /* ColorCircleView.swift */; };
		2AD09C17C3613A9BEBD5191A /* ScheduleRepositoryImpl.swift in Sources */ = {isa = PBXBuildFile; fileRef = F3FAB1496E6B949FA393572D /* ScheduleRepositoryImpl.swift */; };
		31226D43539E37B243B35F5D /* CategoryEditView.swift in Sources */ = {isa = PBXBuildFile; fileRef = 55A6D973546EF14031FF7BC1 /* CategoryEditView.swift */; };
		3186A0B30D562BDA7F2D15C7 /* ToDoSelectPlaceView.swift in Sources */ = {isa = PBXBuildFile; fileRef = 5130FFCD9982C1C9F1BFA37E /* ToDoSelectPlaceView.swift */; };
		3792D63B8A902BC22373FF2A /* HomeMainViewModel.swift in Sources */ = {isa = PBXBuildFile; fileRef = 0CAF8F35DDE95D2DBD8B83E7 /* HomeMainViewModel.swift */; };
		3AFDDC901E4E38022C19F106 /* NaverThirdPartyLogin.xcframework in Embed Frameworks */ = {isa = PBXBuildFile; fileRef = 3D27D92952AC8E322A55877C /* NaverThirdPartyLogin.xcframework */; settings = {ATTRIBUTES = (CodeSignOnCopy, RemoveHeadersOnCopy, ); }; };
		45851431E556D2BFD4EE3BA0 /* MoimRepositoryImpl.swift in Sources */ = {isa = PBXBuildFile; fileRef = AECDBC99943EEC63CE19AAB9 /* MoimRepositoryImpl.swift */; };
		498DA876838B8A49C2958F92 /* BaseFeature.framework in Embed Frameworks */ = {isa = PBXBuildFile; fileRef = 525F6AAD86080287399C33EB /* BaseFeature.framework */; settings = {ATTRIBUTES = (CodeSignOnCopy, RemoveHeadersOnCopy, ); }; };
		49E0E50ACC2B2851D3D06009 /* KakaoMapsSDK.xcframework in Embed Frameworks */ = {isa = PBXBuildFile; fileRef = 4D31DA52FE56D9A34BEF1C18 /* KakaoMapsSDK.xcframework */; settings = {ATTRIBUTES = (CodeSignOnCopy, RemoveHeadersOnCopy, ); }; };
		4D1A3AF0BF4BC8AB1A738F81 /* CategorySettingView.swift in Sources */ = {isa = PBXBuildFile; fileRef = 56E2B7DBDE400987F93285B1 /* CategorySettingView.swift */; };
		54E87F7E9C6AD8E707455E81 /* OnboardingView.swift in Sources */ = {isa = PBXBuildFile; fileRef = F0E5D659F1E3B911DD2EBF62 /* OnboardingView.swift */; };
		556BBA37AE5C27B7F950F2AE /* MoimRepository.swift in Sources */ = {isa = PBXBuildFile; fileRef = 50B353EA7B6701D66D3BA304 /* MoimRepository.swift */; };
		577B558B621BEBE41272BEAC /* SplashView.swift in Sources */ = {isa = PBXBuildFile; fileRef = E5295F58964DAC317BAA6565 /* SplashView.swift */; };
		60708820842D3274D6294E88 /* ScheduleUseCase.swift in Sources */ = {isa = PBXBuildFile; fileRef = 62788B67F7921BE69ED3136D /* ScheduleUseCase.swift */; };
		60D8C0CDE2BC65A7DB263544 /* MoimPlaceView.swift in Sources */ = {isa = PBXBuildFile; fileRef = 6B0B1D1F3C738162A185D5A1 /* MoimPlaceView.swift */; };
		672CCE8F807EDDB0C6D94BFD /* Namo_SwiftUI.entitlements in Resources */ = {isa = PBXBuildFile; fileRef = 19A60BD7F21E86A2E68F1782 /* Namo_SwiftUI.entitlements */; };
		67E2EA8485671EB2399E8E72 /* GroupMainViewModel.swift in Sources */ = {isa = PBXBuildFile; fileRef = 58FBDF9EB9108DEC9619FE73 /* GroupMainViewModel.swift */; };
		698043111BC368F430AD8F35 /* LoginBtn.swift in Sources */ = {isa = PBXBuildFile; fileRef = 471424781BEDE618B2FCBFB5 /* LoginBtn.swift */; };
		6CFC9AAF43A688DBFB91A57A /* SettingViewModel.swift in Sources */ = {isa = PBXBuildFile; fileRef = B521AD0DD73D15A09724ADFD /* SettingViewModel.swift */; };
		719B2CFA2C0194B505640D98 /* AgreeSubView.swift in Sources */ = {isa = PBXBuildFile; fileRef = 28BE915D885C52EEF9CFA814 /* AgreeSubView.swift */; };
		73ABB92921EA333A7497C092 /* PlaceRepositoryImpl.swift in Sources */ = {isa = PBXBuildFile; fileRef = B7D345E73AEDD9341790501C /* PlaceRepositoryImpl.swift */; };
		753E60551AAD34D048D7A072 /* TuistBundle+NamoSwiftUI.swift in Sources */ = {isa = PBXBuildFile; fileRef = E9A01B6F7E0F860517101A86 /* TuistBundle+NamoSwiftUI.swift */; };
		75E85CB9C702CA831F751D3C /* LottieView.swift in Sources */ = {isa = PBXBuildFile; fileRef = AB77E1CAD44DEDB141E59B20 /* LottieView.swift */; };
		7B0C44044ADC6615E1EEA0E4 /* DiaryRepository.swift in Sources */ = {isa = PBXBuildFile; fileRef = 42597BF030265050345DF9E3 /* DiaryRepository.swift */; };
		7B1625313FA7FC92738C4A16 /* AlertViewOld.swift in Sources */ = {isa = PBXBuildFile; fileRef = D19F39CD48DB931A9E1376FC /* AlertViewOld.swift */; };
		7D4C3C68CD571BEE3D7A50B2 /* ImageDetailView.swift in Sources */ = {isa = PBXBuildFile; fileRef = 806A9722C24436A0C3508830 /* ImageDetailView.swift */; };
		7E3E174AD0BA03B92EA3B1C2 /* AuthRepository.swift in Sources */ = {isa = PBXBuildFile; fileRef = F9D2BAE849DB5F2C1ADC4590 /* AuthRepository.swift */; };
		7F076FB28D765540467F2DB5 /* OnboardingViewModel.swift in Sources */ = {isa = PBXBuildFile; fileRef = 45ECA82598542183A4214D0C /* OnboardingViewModel.swift */; };
		7F156FF086420FA4E6641D16 /* BlackBorderRoundedView.swift in Sources */ = {isa = PBXBuildFile; fileRef = 9FA5CAB40C9E2C7BD300EA3B /* BlackBorderRoundedView.swift */; };
		7F6A4FB1DB50BE2656C3CF08 /* KakaoMapView.swift in Sources */ = {isa = PBXBuildFile; fileRef = 854688261BDA8E37ED9DBE25 /* KakaoMapView.swift */; };
		8604B14F0D077688FC305DBD /* PlaceRepository.swift in Sources */ = {isa = PBXBuildFile; fileRef = 7E614F81DDC0EF8661875918 /* PlaceRepository.swift */; };
		8F3104DAFD28EFC8881DC7D0 /* AuthUseCase.swift in Sources */ = {isa = PBXBuildFile; fileRef = 4C1DECB440CE33FA1AA11AB8 /* AuthUseCase.swift */; };
		8F6749E6564B2BE0CBF34BAA /* DiaryMainView.swift in Sources */ = {isa = PBXBuildFile; fileRef = 12A82B653AEF501BB832DB87 /* DiaryMainView.swift */; };
		916E6C298F7B376EB917210B /* ToastView.swift in Sources */ = {isa = PBXBuildFile; fileRef = 9BDDC38ABD48D774C7D6A505 /* ToastView.swift */; };
		928DFC8422B9BD728B30DD76 /* Namo-SwiftUI-Info.plist in Resources */ = {isa = PBXBuildFile; fileRef = 6062422B7A59A69A78655BF3 /* Namo-SwiftUI-Info.plist */; };
		92FE84858B7D0FC361F73282 /* BaseFeature.framework in Frameworks */ = {isa = PBXBuildFile; fileRef = 525F6AAD86080287399C33EB /* BaseFeature.framework */; };
		972DA04C3382DCD0F49A178F /* DismissButton.swift in Sources */ = {isa = PBXBuildFile; fileRef = A1F4A00BC3A307AF0B099D69 /* DismissButton.swift */; };
		9B800067E6C89666A55C530F /* TuistPlists+NamoSwiftUI.swift in Sources */ = {isa = PBXBuildFile; fileRef = 258EC7D7FFCF7D292010072A /* TuistPlists+NamoSwiftUI.swift */; };
		9C0C4F2F80D82D8056EFFF8D /* MoimDiaryRepositoryImpl.swift in Sources */ = {isa = PBXBuildFile; fileRef = 8DD4D5BC498342B48D9FAF06 /* MoimDiaryRepositoryImpl.swift */; };
		9D82A542CC00818661939633 /* CategorySettingPath.swift in Sources */ = {isa = PBXBuildFile; fileRef = 67067B7047622C2C130817A3 /* CategorySettingPath.swift */; };
		9F921AAF5A095EBC4CC59A15 /* GroupToDoEditView.swift in Sources */ = {isa = PBXBuildFile; fileRef = F501F3228A8DB062B0524F79 /* GroupToDoEditView.swift */; };
		A0D2368DAEBF0D94058F18E9 /* AuthRepositoryImpl.swift in Sources */ = {isa = PBXBuildFile; fileRef = E1F494B7D182B425073E591B /* AuthRepositoryImpl.swift */; };
		A38B523F5602196A8D6DFA55 /* AgreeViewModel.swift in Sources */ = {isa = PBXBuildFile; fileRef = 7681158CA66CD6F9C710A202 /* AgreeViewModel.swift */; };
		A5B7CF564F9C7F2A3F2E89CF /* CalendarScheduleItem.swift in Sources */ = {isa = PBXBuildFile; fileRef = 6DF758C95DBDCE0998E5D61C /* CalendarScheduleItem.swift */; };
		A7CCC135865980FF0D87F20E /* AgreeView.swift in Sources */ = {isa = PBXBuildFile; fileRef = 6DB679D4C5579AB9E08438E4 /* AgreeView.swift */; };
		AA109E8DB7451405876DB00E /* CategoryAddView.swift in Sources */ = {isa = PBXBuildFile; fileRef = 1264B9ED848FEB9971C82812 /* CategoryAddView.swift */; };
		AA1A07D5A216F298E9BBFB2A /* EditDiaryView.swift in Sources */ = {isa = PBXBuildFile; fileRef = 5498267F9FAC6C860796EE51 /* EditDiaryView.swift */; };
		AB0F3F56FB106621949A6A8C /* CategoryRepository.swift in Sources */ = {isa = PBXBuildFile; fileRef = 4CFEF8A83AE4C340D54CB169 /* CategoryRepository.swift */; };
		AB3C3E2E1853553A0035708A /* Alamofire.framework in Embed Frameworks */ = {isa = PBXBuildFile; fileRef = 918BCE691BD5678B2C347C3D /* Alamofire.framework */; settings = {ATTRIBUTES = (CodeSignOnCopy, RemoveHeadersOnCopy, ); }; };
		AB5AEAD7A6E609D3B420E7C4 /* AppState.swift in Sources */ = {isa = PBXBuildFile; fileRef = C9970C58E428AB673ED6431D /* AppState.swift */; };
		AD78DFD13425238B83EFAD2D /* ToastViewNew.swift in Sources */ = {isa = PBXBuildFile; fileRef = 9D469C7FA44FBD63E9FA2D7A /* ToastViewNew.swift */; };
		AF567C5B66F132A0E28FB34C /* TermUseCase.swift in Sources */ = {isa = PBXBuildFile; fileRef = A9AAE90A1A87901A0B8291AD /* TermUseCase.swift */; };
		B0069A7E8829763E5C3EDF8E /* CalendarItem.swift in Sources */ = {isa = PBXBuildFile; fileRef = 0C64753134E1E6C79807A2FF /* CalendarItem.swift */; };
		B19A4C3AAB519D9761997F2C /* NamoAlertView.swift in Sources */ = {isa = PBXBuildFile; fileRef = 42E6D2F936CE388515F7E8BE /* NamoAlertView.swift */; };
		B5766569C764B91956CC0695 /* CalendarScheduleDetailItem.swift in Sources */ = {isa = PBXBuildFile; fileRef = E4070E41424BB481BB59A6A5 /* CalendarScheduleDetailItem.swift */; };
		B5F7B6FE4C8F07E9E7AC9146 /* GoogleService-Info.plist in Resources */ = {isa = PBXBuildFile; fileRef = E909BFFEDFE2E0A2B03C4C42 /* GoogleService-Info.plist */; };
		BC2486FCC43BA7DA0D746DF5 /* SettingView.swift in Sources */ = {isa = PBXBuildFile; fileRef = 5819545FE335494E1234626D /* SettingView.swift */; };
		BEE339309A8549A16FA7BC3C /* DiaryRepositoryImpl.swift in Sources */ = {isa = PBXBuildFile; fileRef = CE1A777921E268209ABBD8FF /* DiaryRepositoryImpl.swift */; };
		C25A6EA0CF14D92C38851539 /* NamoTabView.swift in Sources */ = {isa = PBXBuildFile; fileRef = 2D777B5ED215698D33F92B06 /* NamoTabView.swift */; };
		C332B5CE02C6D14D99F2C737 /* NamoAlertViewWithTopButton.swift in Sources */ = {isa = PBXBuildFile; fileRef = 5CBF191E365003E058A99B2C /* NamoAlertViewWithTopButton.swift */; };
		C96ED6BB027668F739C40ACD /* RoundedCorners.swift in Sources */ = {isa = PBXBuildFile; fileRef = 65483FA6542DF96BE5604ECA /* RoundedCorners.swift */; };
		CCFEF9F95F4C5EA564DE0741 /* FactoryDI.swift in Sources */ = {isa = PBXBuildFile; fileRef = 38A1173989B5398FF08090FB /* FactoryDI.swift */; };
		CECA29AA6C486F9095C5148C /* PlaceUseCase.swift in Sources */ = {isa = PBXBuildFile; fileRef = 652C39492743188779259B70 /* PlaceUseCase.swift */; };
		DA83ABEFBDEFEFA61FA8FEE8 /* NamoAlertViewWithOneButton.swift in Sources */ = {isa = PBXBuildFile; fileRef = AD7EF4B0CBA89C0C85F7D429 /* NamoAlertViewWithOneButton.swift */; };
		DBA547A9D9CCE408EDC8FF0B /* TermRepositoryImpl.swift in Sources */ = {isa = PBXBuildFile; fileRef = FD41598F59F22E879EBEF5A1 /* TermRepositoryImpl.swift */; };
		DBB1E290D694419CE0B1B6D6 /* Namo_SwiftUIApp.swift in Sources */ = {isa = PBXBuildFile; fileRef = 66C0448A1B02490D4DC21C5F /* Namo_SwiftUIApp.swift */; };
		DE3DD71D880E349C4ECC6554 /* TrashView.swift in Sources */ = {isa = PBXBuildFile; fileRef = D09F6B4CBD364FEF54BCA0E2 /* TrashView.swift */; };
		E27AE5F2D3AFE1A970586086 /* CategoryRepositoryImpl.swift in Sources */ = {isa = PBXBuildFile; fileRef = 7F450D5A835A141CD9E4131A /* CategoryRepositoryImpl.swift */; };
		E29CF2A0381184120F4972CC /* ToDoEditView.swift in Sources */ = {isa = PBXBuildFile; fileRef = 36248C1C5088D95A95CE7276 /* ToDoEditView.swift */; };
		E31F140B4B0E7C3753FB161C /* DatePlaceInfoView.swift in Sources */ = {isa = PBXBuildFile; fileRef = 1D3D9E78D74AAFDC00A19BD0 /* DatePlaceInfoView.swift */; };
		E59CF653F6CACFAE9061E154 /* MoimDiaryRepository.swift in Sources */ = {isa = PBXBuildFile; fileRef = 5A68EFBCA6553E52365D6873 /* MoimDiaryRepository.swift */; };
		EEDE00180E925872F85CC4A2 /* AlertViewWithTopButton.swift in Sources */ = {isa = PBXBuildFile; fileRef = 4A57E6181A4B6B8C303132BB /* AlertViewWithTopButton.swift */; };
		F1A88EE9C7B35F0A831F3D1D /* CircleItemView.swift in Sources */ = {isa = PBXBuildFile; fileRef = DE75EDA6F6C083488BDE47ED /* CircleItemView.swift */; };
		F243E5762918671C0EFADE81 /* GroupMainView.swift in Sources */ = {isa = PBXBuildFile; fileRef = 42ABB3E15DBBE1AAC791140A /* GroupMainView.swift */; };
		F34B0F52B05871D9130765E1 /* Kingfisher.framework in Embed Frameworks */ = {isa = PBXBuildFile; fileRef = 5C31D5484055CB2D129FE67F /* Kingfisher.framework */; settings = {ATTRIBUTES = (CodeSignOnCopy, RemoveHeadersOnCopy, ); }; };
		F55C0BEC4C02D5D0C5CDC014 /* LoginViewModel.swift in Sources */ = {isa = PBXBuildFile; fileRef = 663AA06DDAA5694433F842BC /* LoginViewModel.swift */; };
		F7D0D16DBB749B0F406C8706 /* LoginView.swift in Sources */ = {isa = PBXBuildFile; fileRef = F2AA9B9D90967CA1A545C8F6 /* LoginView.swift */; };
		FBF04B35A8592CB4144F51FF /* EditMoimDiaryView.swift in Sources */ = {isa = PBXBuildFile; fileRef = 665E102982ADB5E0716FF805 /* EditMoimDiaryView.swift */; };
		FE5E27ABF2C228320B92A970 /* SettingComponent.swift in Sources */ = {isa = PBXBuildFile; fileRef = E7F333202D4CC3DC13F78100 /* SettingComponent.swift */; };
		FEC8EC1EBE50334BCACA29BA /* NamoAlertViewWithTitle.swift in Sources */ = {isa = PBXBuildFile; fileRef = 9F14881E01746641FF178632 /* NamoAlertViewWithTitle.swift */; };
		FEC918D0597BE15B28C44076 /* ClearBackgournd.swift in Sources */ = {isa = PBXBuildFile; fileRef = 3BB9068B469F78A11B980664 /* ClearBackgournd.swift */; };
/* End PBXBuildFile section */

/* Begin PBXCopyFilesBuildPhase section */
		9045A6A14161F3037FB98A88 /* Embed Frameworks */ = {
			isa = PBXCopyFilesBuildPhase;
			buildActionMask = 2147483647;
			dstPath = "";
			dstSubfolderSpec = 10;
			files = (
				AB3C3E2E1853553A0035708A /* Alamofire.framework in Embed Frameworks */,
				498DA876838B8A49C2958F92 /* BaseFeature.framework in Embed Frameworks */,
				F34B0F52B05871D9130765E1 /* Kingfisher.framework in Embed Frameworks */,
				49E0E50ACC2B2851D3D06009 /* KakaoMapsSDK.xcframework in Embed Frameworks */,
				3AFDDC901E4E38022C19F106 /* NaverThirdPartyLogin.xcframework in Embed Frameworks */,
			);
			name = "Embed Frameworks";
			runOnlyForDeploymentPostprocessing = 0;
		};
/* End PBXCopyFilesBuildPhase section */

/* Begin PBXFileReference section */
		0A080823E2A91EEC97A10990 /* MoimDiaryUseCase.swift */ = {isa = PBXFileReference; lastKnownFileType = sourcecode.swift; path = MoimDiaryUseCase.swift; sourceTree = "<group>"; };
		0C64753134E1E6C79807A2FF /* CalendarItem.swift */ = {isa = PBXFileReference; lastKnownFileType = sourcecode.swift; path = CalendarItem.swift; sourceTree = "<group>"; };
		0CAF8F35DDE95D2DBD8B83E7 /* HomeMainViewModel.swift */ = {isa = PBXFileReference; lastKnownFileType = sourcecode.swift; path = HomeMainViewModel.swift; sourceTree = "<group>"; };
		0F584BE8A592B9BBC422E4ED /* ColorCircleView.swift */ = {isa = PBXFileReference; lastKnownFileType = sourcecode.swift; path = ColorCircleView.swift; sourceTree = "<group>"; };
		1264B9ED848FEB9971C82812 /* CategoryAddView.swift */ = {isa = PBXFileReference; lastKnownFileType = sourcecode.swift; path = CategoryAddView.swift; sourceTree = "<group>"; };
		12A82B653AEF501BB832DB87 /* DiaryMainView.swift */ = {isa = PBXFileReference; lastKnownFileType = sourcecode.swift; path = DiaryMainView.swift; sourceTree = "<group>"; };
		19A60BD7F21E86A2E68F1782 /* Namo_SwiftUI.entitlements */ = {isa = PBXFileReference; lastKnownFileType = text.plist.entitlements; path = Namo_SwiftUI.entitlements; sourceTree = "<group>"; };
		1D3D9E78D74AAFDC00A19BD0 /* DatePlaceInfoView.swift */ = {isa = PBXFileReference; lastKnownFileType = sourcecode.swift; path = DatePlaceInfoView.swift; sourceTree = "<group>"; };
		258EC7D7FFCF7D292010072A /* TuistPlists+NamoSwiftUI.swift */ = {isa = PBXFileReference; lastKnownFileType = sourcecode.swift; path = "TuistPlists+NamoSwiftUI.swift"; sourceTree = "<group>"; };
		28A93C54A9B7AA6B8B9C4E6C /* GroupListItem.swift */ = {isa = PBXFileReference; lastKnownFileType = sourcecode.swift; path = GroupListItem.swift; sourceTree = "<group>"; };
		28BE915D885C52EEF9CFA814 /* AgreeSubView.swift */ = {isa = PBXFileReference; lastKnownFileType = sourcecode.swift; path = AgreeSubView.swift; sourceTree = "<group>"; };
		2A22C591FE35D2D6A098E992 /* AlertViewWithTitleAndMessage.swift */ = {isa = PBXFileReference; lastKnownFileType = sourcecode.swift; path = AlertViewWithTitleAndMessage.swift; sourceTree = "<group>"; };
		2D777B5ED215698D33F92B06 /* NamoTabView.swift */ = {isa = PBXFileReference; lastKnownFileType = sourcecode.swift; path = NamoTabView.swift; sourceTree = "<group>"; };
		36248C1C5088D95A95CE7276 /* ToDoEditView.swift */ = {isa = PBXFileReference; lastKnownFileType = sourcecode.swift; path = ToDoEditView.swift; sourceTree = "<group>"; };
		3733645A9CB5EC9D0C377FB6 /* GroupCalendarView.swift */ = {isa = PBXFileReference; lastKnownFileType = sourcecode.swift; path = GroupCalendarView.swift; sourceTree = "<group>"; };
		38A1173989B5398FF08090FB /* FactoryDI.swift */ = {isa = PBXFileReference; lastKnownFileType = sourcecode.swift; path = FactoryDI.swift; sourceTree = "<group>"; };
		3BB9068B469F78A11B980664 /* ClearBackgournd.swift */ = {isa = PBXFileReference; lastKnownFileType = sourcecode.swift; path = ClearBackgournd.swift; sourceTree = "<group>"; };
		3D27D92952AC8E322A55877C /* NaverThirdPartyLogin.xcframework */ = {isa = PBXFileReference; expectedSignature = "AppleDeveloperProgram:U6VV7FMD97:NHN Corporation"; lastKnownFileType = wrapper.xcframework; path = NaverThirdPartyLogin.xcframework; sourceTree = "<group>"; };
		42597BF030265050345DF9E3 /* DiaryRepository.swift */ = {isa = PBXFileReference; lastKnownFileType = sourcecode.swift; path = DiaryRepository.swift; sourceTree = "<group>"; };
		42ABB3E15DBBE1AAC791140A /* GroupMainView.swift */ = {isa = PBXFileReference; lastKnownFileType = sourcecode.swift; path = GroupMainView.swift; sourceTree = "<group>"; };
		42E6D2F936CE388515F7E8BE /* NamoAlertView.swift */ = {isa = PBXFileReference; lastKnownFileType = sourcecode.swift; path = NamoAlertView.swift; sourceTree = "<group>"; };
		43CBBF942C73CA6B7979A12D /* Namo_SwiftUI.app */ = {isa = PBXFileReference; explicitFileType = wrapper.application; includeInIndex = 0; path = Namo_SwiftUI.app; sourceTree = BUILT_PRODUCTS_DIR; };
		45ECA82598542183A4214D0C /* OnboardingViewModel.swift */ = {isa = PBXFileReference; lastKnownFileType = sourcecode.swift; path = OnboardingViewModel.swift; sourceTree = "<group>"; };
		471424781BEDE618B2FCBFB5 /* LoginBtn.swift */ = {isa = PBXFileReference; lastKnownFileType = sourcecode.swift; path = LoginBtn.swift; sourceTree = "<group>"; };
		4A57E6181A4B6B8C303132BB /* AlertViewWithTopButton.swift */ = {isa = PBXFileReference; lastKnownFileType = sourcecode.swift; path = AlertViewWithTopButton.swift; sourceTree = "<group>"; };
		4C1DECB440CE33FA1AA11AB8 /* AuthUseCase.swift */ = {isa = PBXFileReference; lastKnownFileType = sourcecode.swift; path = AuthUseCase.swift; sourceTree = "<group>"; };
		4CFEF8A83AE4C340D54CB169 /* CategoryRepository.swift */ = {isa = PBXFileReference; lastKnownFileType = sourcecode.swift; path = CategoryRepository.swift; sourceTree = "<group>"; };
		4D31DA52FE56D9A34BEF1C18 /* KakaoMapsSDK.xcframework */ = {isa = PBXFileReference; lastKnownFileType = wrapper.xcframework; path = KakaoMapsSDK.xcframework; sourceTree = "<group>"; };
		50B353EA7B6701D66D3BA304 /* MoimRepository.swift */ = {isa = PBXFileReference; lastKnownFileType = sourcecode.swift; path = MoimRepository.swift; sourceTree = "<group>"; };
		5130FFCD9982C1C9F1BFA37E /* ToDoSelectPlaceView.swift */ = {isa = PBXFileReference; lastKnownFileType = sourcecode.swift; path = ToDoSelectPlaceView.swift; sourceTree = "<group>"; };
		525F6AAD86080287399C33EB /* BaseFeature.framework */ = {isa = PBXFileReference; explicitFileType = wrapper.framework; includeInIndex = 0; path = BaseFeature.framework; sourceTree = BUILT_PRODUCTS_DIR; };
		5498267F9FAC6C860796EE51 /* EditDiaryView.swift */ = {isa = PBXFileReference; lastKnownFileType = sourcecode.swift; path = EditDiaryView.swift; sourceTree = "<group>"; };
		55A6D973546EF14031FF7BC1 /* CategoryEditView.swift */ = {isa = PBXFileReference; lastKnownFileType = sourcecode.swift; path = CategoryEditView.swift; sourceTree = "<group>"; };
		56E2B7DBDE400987F93285B1 /* CategorySettingView.swift */ = {isa = PBXFileReference; lastKnownFileType = sourcecode.swift; path = CategorySettingView.swift; sourceTree = "<group>"; };
		5819545FE335494E1234626D /* SettingView.swift */ = {isa = PBXFileReference; lastKnownFileType = sourcecode.swift; path = SettingView.swift; sourceTree = "<group>"; };
		58FBDF9EB9108DEC9619FE73 /* GroupMainViewModel.swift */ = {isa = PBXFileReference; lastKnownFileType = sourcecode.swift; path = GroupMainViewModel.swift; sourceTree = "<group>"; };
		5A68EFBCA6553E52365D6873 /* MoimDiaryRepository.swift */ = {isa = PBXFileReference; lastKnownFileType = sourcecode.swift; path = MoimDiaryRepository.swift; sourceTree = "<group>"; };
		5C31D5484055CB2D129FE67F /* Kingfisher.framework */ = {isa = PBXFileReference; explicitFileType = wrapper.framework; includeInIndex = 0; path = Kingfisher.framework; sourceTree = BUILT_PRODUCTS_DIR; };
		5CBF191E365003E058A99B2C /* NamoAlertViewWithTopButton.swift */ = {isa = PBXFileReference; lastKnownFileType = sourcecode.swift; path = NamoAlertViewWithTopButton.swift; sourceTree = "<group>"; };
		6062422B7A59A69A78655BF3 /* Namo-SwiftUI-Info.plist */ = {isa = PBXFileReference; lastKnownFileType = text.plist; path = "Namo-SwiftUI-Info.plist"; sourceTree = "<group>"; };
		614041D6BFDABFE384158DC7 /* Namo_SwiftUI.xcconfig */ = {isa = PBXFileReference; lastKnownFileType = text.xcconfig; path = Namo_SwiftUI.xcconfig; sourceTree = "<group>"; };
		62788B67F7921BE69ED3136D /* ScheduleUseCase.swift */ = {isa = PBXFileReference; lastKnownFileType = sourcecode.swift; path = ScheduleUseCase.swift; sourceTree = "<group>"; };
		652C39492743188779259B70 /* PlaceUseCase.swift */ = {isa = PBXFileReference; lastKnownFileType = sourcecode.swift; path = PlaceUseCase.swift; sourceTree = "<group>"; };
		65483FA6542DF96BE5604ECA /* RoundedCorners.swift */ = {isa = PBXFileReference; lastKnownFileType = sourcecode.swift; path = RoundedCorners.swift; sourceTree = "<group>"; };
		65AC368229D269A6D5E0401B /* TermRepository.swift */ = {isa = PBXFileReference; lastKnownFileType = sourcecode.swift; path = TermRepository.swift; sourceTree = "<group>"; };
		663AA06DDAA5694433F842BC /* LoginViewModel.swift */ = {isa = PBXFileReference; lastKnownFileType = sourcecode.swift; path = LoginViewModel.swift; sourceTree = "<group>"; };
		665E102982ADB5E0716FF805 /* EditMoimDiaryView.swift */ = {isa = PBXFileReference; lastKnownFileType = sourcecode.swift; path = EditMoimDiaryView.swift; sourceTree = "<group>"; };
		66C0448A1B02490D4DC21C5F /* Namo_SwiftUIApp.swift */ = {isa = PBXFileReference; lastKnownFileType = sourcecode.swift; path = Namo_SwiftUIApp.swift; sourceTree = "<group>"; };
		67067B7047622C2C130817A3 /* CategorySettingPath.swift */ = {isa = PBXFileReference; lastKnownFileType = sourcecode.swift; path = CategorySettingPath.swift; sourceTree = "<group>"; };
		6B0B1D1F3C738162A185D5A1 /* MoimPlaceView.swift */ = {isa = PBXFileReference; lastKnownFileType = sourcecode.swift; path = MoimPlaceView.swift; sourceTree = "<group>"; };
		6DB679D4C5579AB9E08438E4 /* AgreeView.swift */ = {isa = PBXFileReference; lastKnownFileType = sourcecode.swift; path = AgreeView.swift; sourceTree = "<group>"; };
		6DF758C95DBDCE0998E5D61C /* CalendarScheduleItem.swift */ = {isa = PBXFileReference; lastKnownFileType = sourcecode.swift; path = CalendarScheduleItem.swift; sourceTree = "<group>"; };
		7143AF1C0E7C474BCAA5986B /* DiaryUseCase.swift */ = {isa = PBXFileReference; lastKnownFileType = sourcecode.swift; path = DiaryUseCase.swift; sourceTree = "<group>"; };
		72643D8EE4239F8151A83F63 /* AlertViewWithContent.swift */ = {isa = PBXFileReference; lastKnownFileType = sourcecode.swift; path = AlertViewWithContent.swift; sourceTree = "<group>"; };
		7681158CA66CD6F9C710A202 /* AgreeViewModel.swift */ = {isa = PBXFileReference; lastKnownFileType = sourcecode.swift; path = AgreeViewModel.swift; sourceTree = "<group>"; };
		7BEF6C7623E107C929911252 /* CategoryUseCase.swift */ = {isa = PBXFileReference; lastKnownFileType = sourcecode.swift; path = CategoryUseCase.swift; sourceTree = "<group>"; };
		7E614F81DDC0EF8661875918 /* PlaceRepository.swift */ = {isa = PBXFileReference; lastKnownFileType = sourcecode.swift; path = PlaceRepository.swift; sourceTree = "<group>"; };
		7F450D5A835A141CD9E4131A /* CategoryRepositoryImpl.swift */ = {isa = PBXFileReference; lastKnownFileType = sourcecode.swift; path = CategoryRepositoryImpl.swift; sourceTree = "<group>"; };
		806A9722C24436A0C3508830 /* ImageDetailView.swift */ = {isa = PBXFileReference; lastKnownFileType = sourcecode.swift; path = ImageDetailView.swift; sourceTree = "<group>"; };
		854688261BDA8E37ED9DBE25 /* KakaoMapView.swift */ = {isa = PBXFileReference; lastKnownFileType = sourcecode.swift; path = KakaoMapView.swift; sourceTree = "<group>"; };
		856C2014AEAB66E978DE9603 /* HomeMainView.swift */ = {isa = PBXFileReference; lastKnownFileType = sourcecode.swift; path = HomeMainView.swift; sourceTree = "<group>"; };
		8DD4D5BC498342B48D9FAF06 /* MoimDiaryRepositoryImpl.swift */ = {isa = PBXFileReference; lastKnownFileType = sourcecode.swift; path = MoimDiaryRepositoryImpl.swift; sourceTree = "<group>"; };
		918BCE691BD5678B2C347C3D /* Alamofire.framework */ = {isa = PBXFileReference; explicitFileType = wrapper.framework; includeInIndex = 0; path = Alamofire.framework; sourceTree = BUILT_PRODUCTS_DIR; };
		9BDDC38ABD48D774C7D6A505 /* ToastView.swift */ = {isa = PBXFileReference; lastKnownFileType = sourcecode.swift; path = ToastView.swift; sourceTree = "<group>"; };
		9D469C7FA44FBD63E9FA2D7A /* ToastViewNew.swift */ = {isa = PBXFileReference; lastKnownFileType = sourcecode.swift; path = ToastViewNew.swift; sourceTree = "<group>"; };
		9F14881E01746641FF178632 /* NamoAlertViewWithTitle.swift */ = {isa = PBXFileReference; lastKnownFileType = sourcecode.swift; path = NamoAlertViewWithTitle.swift; sourceTree = "<group>"; };
		9FA5CAB40C9E2C7BD300EA3B /* BlackBorderRoundedView.swift */ = {isa = PBXFileReference; lastKnownFileType = sourcecode.swift; path = BlackBorderRoundedView.swift; sourceTree = "<group>"; };
		A1F4A00BC3A307AF0B099D69 /* DismissButton.swift */ = {isa = PBXFileReference; lastKnownFileType = sourcecode.swift; path = DismissButton.swift; sourceTree = "<group>"; };
		A73C573EF0237C93FCC063E4 /* ScheduleRepository.swift */ = {isa = PBXFileReference; lastKnownFileType = sourcecode.swift; path = ScheduleRepository.swift; sourceTree = "<group>"; };
		A9AAE90A1A87901A0B8291AD /* TermUseCase.swift */ = {isa = PBXFileReference; lastKnownFileType = sourcecode.swift; path = TermUseCase.swift; sourceTree = "<group>"; };
		AB77E1CAD44DEDB141E59B20 /* LottieView.swift */ = {isa = PBXFileReference; lastKnownFileType = sourcecode.swift; path = LottieView.swift; sourceTree = "<group>"; };
		AD7EF4B0CBA89C0C85F7D429 /* NamoAlertViewWithOneButton.swift */ = {isa = PBXFileReference; lastKnownFileType = sourcecode.swift; path = NamoAlertViewWithOneButton.swift; sourceTree = "<group>"; };
		AECDBC99943EEC63CE19AAB9 /* MoimRepositoryImpl.swift */ = {isa = PBXFileReference; lastKnownFileType = sourcecode.swift; path = MoimRepositoryImpl.swift; sourceTree = "<group>"; };
		B521AD0DD73D15A09724ADFD /* SettingViewModel.swift */ = {isa = PBXFileReference; lastKnownFileType = sourcecode.swift; path = SettingViewModel.swift; sourceTree = "<group>"; };
		B7D345E73AEDD9341790501C /* PlaceRepositoryImpl.swift */ = {isa = PBXFileReference; lastKnownFileType = sourcecode.swift; path = PlaceRepositoryImpl.swift; sourceTree = "<group>"; };
		C9970C58E428AB673ED6431D /* AppState.swift */ = {isa = PBXFileReference; lastKnownFileType = sourcecode.swift; path = AppState.swift; sourceTree = "<group>"; };
		CE1A777921E268209ABBD8FF /* DiaryRepositoryImpl.swift */ = {isa = PBXFileReference; lastKnownFileType = sourcecode.swift; path = DiaryRepositoryImpl.swift; sourceTree = "<group>"; };
		CF4880A8C774BF8143E1E0DF /* ToDoSelectCategoryView.swift */ = {isa = PBXFileReference; lastKnownFileType = sourcecode.swift; path = ToDoSelectCategoryView.swift; sourceTree = "<group>"; };
		D09F6B4CBD364FEF54BCA0E2 /* TrashView.swift */ = {isa = PBXFileReference; lastKnownFileType = sourcecode.swift; path = TrashView.swift; sourceTree = "<group>"; };
		D19F39CD48DB931A9E1376FC /* AlertViewOld.swift */ = {isa = PBXFileReference; lastKnownFileType = sourcecode.swift; path = AlertViewOld.swift; sourceTree = "<group>"; };
		D358A2008393045CEE07DCBD /* GroupUseCase.swift */ = {isa = PBXFileReference; lastKnownFileType = sourcecode.swift; path = GroupUseCase.swift; sourceTree = "<group>"; };
		DC5A760D605B4B161A39D5F0 /* CustomMainView.swift */ = {isa = PBXFileReference; lastKnownFileType = sourcecode.swift; path = CustomMainView.swift; sourceTree = "<group>"; };
		DE75EDA6F6C083488BDE47ED /* CircleItemView.swift */ = {isa = PBXFileReference; lastKnownFileType = sourcecode.swift; path = CircleItemView.swift; sourceTree = "<group>"; };
		E1F494B7D182B425073E591B /* AuthRepositoryImpl.swift */ = {isa = PBXFileReference; lastKnownFileType = sourcecode.swift; path = AuthRepositoryImpl.swift; sourceTree = "<group>"; };
		E4070E41424BB481BB59A6A5 /* CalendarScheduleDetailItem.swift */ = {isa = PBXFileReference; lastKnownFileType = sourcecode.swift; path = CalendarScheduleDetailItem.swift; sourceTree = "<group>"; };
		E5295F58964DAC317BAA6565 /* SplashView.swift */ = {isa = PBXFileReference; lastKnownFileType = sourcecode.swift; path = SplashView.swift; sourceTree = "<group>"; };
		E7F333202D4CC3DC13F78100 /* SettingComponent.swift */ = {isa = PBXFileReference; lastKnownFileType = sourcecode.swift; path = SettingComponent.swift; sourceTree = "<group>"; };
		E909BFFEDFE2E0A2B03C4C42 /* GoogleService-Info.plist */ = {isa = PBXFileReference; lastKnownFileType = text.plist; path = "GoogleService-Info.plist"; sourceTree = "<group>"; };
		E9A01B6F7E0F860517101A86 /* TuistBundle+NamoSwiftUI.swift */ = {isa = PBXFileReference; lastKnownFileType = sourcecode.swift; path = "TuistBundle+NamoSwiftUI.swift"; sourceTree = "<group>"; };
		F0E5D659F1E3B911DD2EBF62 /* OnboardingView.swift */ = {isa = PBXFileReference; lastKnownFileType = sourcecode.swift; path = OnboardingView.swift; sourceTree = "<group>"; };
		F2AA9B9D90967CA1A545C8F6 /* LoginView.swift */ = {isa = PBXFileReference; lastKnownFileType = sourcecode.swift; path = LoginView.swift; sourceTree = "<group>"; };
		F3D50CF83D0C1D64E9F26923 /* NamoHome.swift */ = {isa = PBXFileReference; lastKnownFileType = sourcecode.swift; path = NamoHome.swift; sourceTree = "<group>"; };
		F3FAB1496E6B949FA393572D /* ScheduleRepositoryImpl.swift */ = {isa = PBXFileReference; lastKnownFileType = sourcecode.swift; path = ScheduleRepositoryImpl.swift; sourceTree = "<group>"; };
		F501F3228A8DB062B0524F79 /* GroupToDoEditView.swift */ = {isa = PBXFileReference; lastKnownFileType = sourcecode.swift; path = GroupToDoEditView.swift; sourceTree = "<group>"; };
		F9D2BAE849DB5F2C1ADC4590 /* AuthRepository.swift */ = {isa = PBXFileReference; lastKnownFileType = sourcecode.swift; path = AuthRepository.swift; sourceTree = "<group>"; };
		FD41598F59F22E879EBEF5A1 /* TermRepositoryImpl.swift */ = {isa = PBXFileReference; lastKnownFileType = sourcecode.swift; path = TermRepositoryImpl.swift; sourceTree = "<group>"; };
/* End PBXFileReference section */

/* Begin PBXFrameworksBuildPhase section */
		8484F2DC0C79E8E05E2B7644 /* Frameworks */ = {
			isa = PBXFrameworksBuildPhase;
			buildActionMask = 2147483647;
			files = (
				92FE84858B7D0FC361F73282 /* BaseFeature.framework in Frameworks */,
			);
			runOnlyForDeploymentPostprocessing = 0;
		};
/* End PBXFrameworksBuildPhase section */

/* Begin PBXGroup section */
		012C91F0A8077C794A017A53 /* HomeMain */ = {
			isa = PBXGroup;
			children = (
				0C64753134E1E6C79807A2FF /* CalendarItem.swift */,
				E4070E41424BB481BB59A6A5 /* CalendarScheduleDetailItem.swift */,
				6DF758C95DBDCE0998E5D61C /* CalendarScheduleItem.swift */,
				856C2014AEAB66E978DE9603 /* HomeMainView.swift */,
				0CAF8F35DDE95D2DBD8B83E7 /* HomeMainViewModel.swift */,
			);
			path = HomeMain;
			sourceTree = "<group>";
		};
		083227B161E1DA19311E78E1 /* UseCase */ = {
			isa = PBXGroup;
			children = (
				70683D0DCD593E13224AA624 /* Auth */,
				76BC9B7358BADF9D82FFA239 /* Category */,
				8BFF3DACD7FEBD695507DD11 /* Diary */,
				5BD39EB6A9109AA4EAF5E109 /* Moim */,
				8577A4F9EB0417A672CECAC9 /* Place */,
				C350AEB5BA8A544392C9166B /* Schedule */,
				B489E3F8BC03B4F79CD0CA5C /* Term */,
			);
			path = UseCase;
			sourceTree = "<group>";
		};
		092441977FD8DF6F36676062 /* Resources */ = {
			isa = PBXGroup;
			children = (
				E909BFFEDFE2E0A2B03C4C42 /* GoogleService-Info.plist */,
				19A60BD7F21E86A2E68F1782 /* Namo_SwiftUI.entitlements */,
				6062422B7A59A69A78655BF3 /* Namo-SwiftUI-Info.plist */,
			);
			path = Resources;
			sourceTree = "<group>";
		};
		0D085625967421F5ADBDA8BB /* Common */ = {
			isa = PBXGroup;
			children = (
				AA681EC2919F97DA63535125 /* DI */,
			);
			path = Common;
			sourceTree = "<group>";
		};
		12B87E42A14E7D772BC79270 /* .build */ = {
			isa = PBXGroup;
			children = (
				8CCCEA280517608BF6631027 /* checkouts */,
			);
			path = .build;
			sourceTree = "<group>";
		};
		131FAB8987150109C7A6F95C /* Custom */ = {
			isa = PBXGroup;
			children = (
				27778BB14B1D60EAE171C8FF /* CustomMain */,
				ED36DDCB0E1F25CAE04B39AB /* Setting */,
			);
			path = Custom;
			sourceTree = "<group>";
		};
		1384EC8378D5907643975B83 /* View */ = {
			isa = PBXGroup;
			children = (
				471424781BEDE618B2FCBFB5 /* LoginBtn.swift */,
				F2AA9B9D90967CA1A545C8F6 /* LoginView.swift */,
			);
			path = View;
			sourceTree = "<group>";
		};
		143CCCD560855D92FB42A7DC /* GroupMain */ = {
			isa = PBXGroup;
			children = (
				28A93C54A9B7AA6B8B9C4E6C /* GroupListItem.swift */,
				42ABB3E15DBBE1AAC791140A /* GroupMainView.swift */,
				58FBDF9EB9108DEC9619FE73 /* GroupMainViewModel.swift */,
			);
			path = GroupMain;
			sourceTree = "<group>";
		};
		1834E39D598DFECC8FA1C47C /* Sources */ = {
			isa = PBXGroup;
			children = (
				E9A01B6F7E0F860517101A86 /* TuistBundle+NamoSwiftUI.swift */,
				258EC7D7FFCF7D292010072A /* TuistPlists+NamoSwiftUI.swift */,
			);
			path = Sources;
			sourceTree = "<group>";
		};
		1A1E494142994C43D6A803B5 /* Auth */ = {
			isa = PBXGroup;
			children = (
				F9D2BAE849DB5F2C1ADC4590 /* AuthRepository.swift */,
				E1F494B7D182B425073E591B /* AuthRepositoryImpl.swift */,
			);
			path = Auth;
			sourceTree = "<group>";
		};
		1B915662230464BFC20526D0 /* App */ = {
			isa = PBXGroup;
			children = (
				66C0448A1B02490D4DC21C5F /* Namo_SwiftUIApp.swift */,
				42E6D2F936CE388515F7E8BE /* NamoAlertView.swift */,
				F3D50CF83D0C1D64E9F26923 /* NamoHome.swift */,
				2D777B5ED215698D33F92B06 /* NamoTabView.swift */,
				E5295F58964DAC317BAA6565 /* SplashView.swift */,
			);
			path = App;
			sourceTree = "<group>";
		};
		2419914039CA1E6C6EF40926 /* ViewModel */ = {
			isa = PBXGroup;
			children = (
				B521AD0DD73D15A09724ADFD /* SettingViewModel.swift */,
			);
			path = ViewModel;
			sourceTree = "<group>";
		};
		27778BB14B1D60EAE171C8FF /* CustomMain */ = {
			isa = PBXGroup;
			children = (
				DC5A760D605B4B161A39D5F0 /* CustomMainView.swift */,
			);
			path = CustomMain;
			sourceTree = "<group>";
		};
		2A95959A0FDE56998FE5E7F6 /* View */ = {
			isa = PBXGroup;
			children = (
				28BE915D885C52EEF9CFA814 /* AgreeSubView.swift */,
				6DB679D4C5579AB9E08438E4 /* AgreeView.swift */,
			);
			path = View;
			sourceTree = "<group>";
		};
		2E3134B688E91517ACA8949E /* ViewModel */ = {
			isa = PBXGroup;
			children = (
				45ECA82598542183A4214D0C /* OnboardingViewModel.swift */,
			);
			path = ViewModel;
			sourceTree = "<group>";
		};
		2F4B36CE84AE052E8C3DA874 /* Agree */ = {
			isa = PBXGroup;
			children = (
				2A95959A0FDE56998FE5E7F6 /* View */,
				8F13490B8A765CD7FC74D8E4 /* ViewModel */,
			);
			path = Agree;
			sourceTree = "<group>";
		};
		3813CFE734D1AC4E430CA3FB /* Project */ = {
			isa = PBXGroup;
			children = (
				CB599BDB8B018730CAA36C5B /* Derived */,
				092441977FD8DF6F36676062 /* Resources */,
				824374D927BD527A28DBD370 /* Sources */,
				752461EFE5B5DDD35A772A25 /* Tuist */,
				9E8CA5FCC58F898619AB55AE /* xcconfigs */,
			);
			name = Project;
			sourceTree = "<group>";
		};
		39AA283218C568EA7CC7F745 /* Alert */ = {
			isa = PBXGroup;
			children = (
				72643D8EE4239F8151A83F63 /* AlertViewWithContent.swift */,
				2A22C591FE35D2D6A098E992 /* AlertViewWithTitleAndMessage.swift */,
				4A57E6181A4B6B8C303132BB /* AlertViewWithTopButton.swift */,
			);
			path = Alert;
			sourceTree = "<group>";
		};
		3C6DD9F182DD033AA37D96E1 /* Diary */ = {
			isa = PBXGroup;
			children = (
				FE68E34AF0E8387DE0B61591 /* DiaryMain */,
			);
			path = Diary;
			sourceTree = "<group>";
		};
		4334FC639D2F29FC8D5FA919 /* Term */ = {
			isa = PBXGroup;
			children = (
				65AC368229D269A6D5E0401B /* TermRepository.swift */,
				FD41598F59F22E879EBEF5A1 /* TermRepositoryImpl.swift */,
			);
			path = Term;
			sourceTree = "<group>";
		};
		45BBFCAD1E7F512016CD034A /* HomeToDo */ = {
			isa = PBXGroup;
			children = (
				36248C1C5088D95A95CE7276 /* ToDoEditView.swift */,
				CF4880A8C774BF8143E1E0DF /* ToDoSelectCategoryView.swift */,
				5130FFCD9982C1C9F1BFA37E /* ToDoSelectPlaceView.swift */,
			);
			path = HomeToDo;
			sourceTree = "<group>";
		};
		4F13596125270D3ABD7FF090 /* Frameworks */ = {
			isa = PBXGroup;
			children = (
				3D27D92952AC8E322A55877C /* NaverThirdPartyLogin.xcframework */,
			);
			path = Frameworks;
			sourceTree = "<group>";
		};
		573BF968D200139D4EA51D93 /* ViewModel */ = {
			isa = PBXGroup;
			children = (
				663AA06DDAA5694433F842BC /* LoginViewModel.swift */,
			);
			path = ViewModel;
			sourceTree = "<group>";
		};
		59C476E55F628F847370B075 /* Onboarding */ = {
			isa = PBXGroup;
			children = (
				AE888F3CF4D74A7D08B7436C /* View */,
				2E3134B688E91517ACA8949E /* ViewModel */,
			);
			path = Onboarding;
			sourceTree = "<group>";
		};
		5BD39EB6A9109AA4EAF5E109 /* Moim */ = {
			isa = PBXGroup;
			children = (
				D358A2008393045CEE07DCBD /* GroupUseCase.swift */,
			);
			path = Moim;
			sourceTree = "<group>";
		};
		604A8752849BFE9985A14FA5 = {
			isa = PBXGroup;
			children = (
				3813CFE734D1AC4E430CA3FB /* Project */,
				BBF7B97231F54125FAD92AAC /* Products */,
			);
			sourceTree = "<group>";
		};
		6D32A190CF28A5AC6D9AB100 /* Category */ = {
			isa = PBXGroup;
			children = (
				4CFEF8A83AE4C340D54CB169 /* CategoryRepository.swift */,
				7F450D5A835A141CD9E4131A /* CategoryRepositoryImpl.swift */,
			);
			path = Category;
			sourceTree = "<group>";
		};
		6F83BBA574484852C2DB25DA /* Data */ = {
			isa = PBXGroup;
			children = (
				E8663C51A86F3624D3FF195C /* Repository */,
			);
			path = Data;
			sourceTree = "<group>";
		};
		6FB790FBE8FB9991D7F1D6CF /* KakaoMapsSDK-SPM */ = {
			isa = PBXGroup;
			children = (
				93D2387E268D1AD0A3A411CB /* BinaryFramework */,
			);
			path = "KakaoMapsSDK-SPM";
			sourceTree = "<group>";
		};
		70683D0DCD593E13224AA624 /* Auth */ = {
			isa = PBXGroup;
			children = (
				4C1DECB440CE33FA1AA11AB8 /* AuthUseCase.swift */,
			);
			path = Auth;
			sourceTree = "<group>";
		};
		723133E6F53D7ECD779C9DDB /* Schedule */ = {
			isa = PBXGroup;
			children = (
				A73C573EF0237C93FCC063E4 /* ScheduleRepository.swift */,
				F3FAB1496E6B949FA393572D /* ScheduleRepositoryImpl.swift */,
			);
			path = Schedule;
			sourceTree = "<group>";
		};
		752461EFE5B5DDD35A772A25 /* Tuist */ = {
			isa = PBXGroup;
			children = (
				12B87E42A14E7D772BC79270 /* .build */,
			);
			name = Tuist;
			path = ../../Tuist;
			sourceTree = "<group>";
		};
		75ACD5EF51790ACE96130C33 /* GroupToDo */ = {
			isa = PBXGroup;
			children = (
				F501F3228A8DB062B0524F79 /* GroupToDoEditView.swift */,
			);
			path = GroupToDo;
			sourceTree = "<group>";
		};
		76BC9B7358BADF9D82FFA239 /* Category */ = {
			isa = PBXGroup;
			children = (
				7BEF6C7623E107C929911252 /* CategoryUseCase.swift */,
			);
			path = Category;
			sourceTree = "<group>";
		};
		7CF7DD44B0177D025A9BD1DF /* View */ = {
			isa = PBXGroup;
			children = (
				E7F333202D4CC3DC13F78100 /* SettingComponent.swift */,
				5819545FE335494E1234626D /* SettingView.swift */,
			);
			path = View;
			sourceTree = "<group>";
		};
		824374D927BD527A28DBD370 /* Sources */ = {
			isa = PBXGroup;
			children = (
				0D085625967421F5ADBDA8BB /* Common */,
				6F83BBA574484852C2DB25DA /* Data */,
				8CC78BCFFB64EF899776753B /* Domain */,
				B0A6957D517955FF3FC6EEEB /* Presentation */,
			);
			path = Sources;
			sourceTree = "<group>";
		};
		83F8CC6134A770954EACEAE9 /* Group */ = {
			isa = PBXGroup;
			children = (
				143CCCD560855D92FB42A7DC /* GroupMain */,
				75ACD5EF51790ACE96130C33 /* GroupToDo */,
				3733645A9CB5EC9D0C377FB6 /* GroupCalendarView.swift */,
			);
			path = Group;
			sourceTree = "<group>";
		};
		8577A4F9EB0417A672CECAC9 /* Place */ = {
			isa = PBXGroup;
			children = (
				652C39492743188779259B70 /* PlaceUseCase.swift */,
			);
			path = Place;
			sourceTree = "<group>";
		};
		8BFF3DACD7FEBD695507DD11 /* Diary */ = {
			isa = PBXGroup;
			children = (
				7143AF1C0E7C474BCAA5986B /* DiaryUseCase.swift */,
				0A080823E2A91EEC97A10990 /* MoimDiaryUseCase.swift */,
			);
			path = Diary;
			sourceTree = "<group>";
		};
		8CC78BCFFB64EF899776753B /* Domain */ = {
			isa = PBXGroup;
			children = (
				083227B161E1DA19311E78E1 /* UseCase */,
				C9970C58E428AB673ED6431D /* AppState.swift */,
			);
			path = Domain;
			sourceTree = "<group>";
		};
		8CCCEA280517608BF6631027 /* checkouts */ = {
			isa = PBXGroup;
			children = (
				6FB790FBE8FB9991D7F1D6CF /* KakaoMapsSDK-SPM */,
				DF22912A309713528FC57267 /* naveridlogin-ios-sp */,
			);
			path = checkouts;
			sourceTree = "<group>";
		};
		8F13490B8A765CD7FC74D8E4 /* ViewModel */ = {
			isa = PBXGroup;
			children = (
				7681158CA66CD6F9C710A202 /* AgreeViewModel.swift */,
			);
			path = ViewModel;
			sourceTree = "<group>";
		};
		93D2387E268D1AD0A3A411CB /* BinaryFramework */ = {
			isa = PBXGroup;
			children = (
				4D31DA52FE56D9A34BEF1C18 /* KakaoMapsSDK.xcframework */,
			);
			path = BinaryFramework;
			sourceTree = "<group>";
		};
		9E8CA5FCC58F898619AB55AE /* xcconfigs */ = {
			isa = PBXGroup;
			children = (
				614041D6BFDABFE384158DC7 /* Namo_SwiftUI.xcconfig */,
			);
			name = xcconfigs;
			path = ../../xcconfigs;
			sourceTree = "<group>";
		};
		9FB9B481ADD9D9D31F53D3BC /* Place */ = {
			isa = PBXGroup;
			children = (
				7E614F81DDC0EF8661875918 /* PlaceRepository.swift */,
				B7D345E73AEDD9341790501C /* PlaceRepositoryImpl.swift */,
			);
			path = Place;
			sourceTree = "<group>";
		};
		AA681EC2919F97DA63535125 /* DI */ = {
			isa = PBXGroup;
			children = (
				38A1173989B5398FF08090FB /* FactoryDI.swift */,
			);
			path = DI;
			sourceTree = "<group>";
		};
		AE888F3CF4D74A7D08B7436C /* View */ = {
			isa = PBXGroup;
			children = (
				F0E5D659F1E3B911DD2EBF62 /* OnboardingView.swift */,
			);
			path = View;
			sourceTree = "<group>";
		};
		AEA4ED894A907AEF36BA9203 /* Moim */ = {
			isa = PBXGroup;
			children = (
				50B353EA7B6701D66D3BA304 /* MoimRepository.swift */,
				AECDBC99943EEC63CE19AAB9 /* MoimRepositoryImpl.swift */,
			);
			path = Moim;
			sourceTree = "<group>";
		};
		B0A6957D517955FF3FC6EEEB /* Presentation */ = {
			isa = PBXGroup;
			children = (
				1B915662230464BFC20526D0 /* App */,
				BABCF6DA17085D9FE98536AE /* Components */,
				131FAB8987150109C7A6F95C /* Custom */,
				3C6DD9F182DD033AA37D96E1 /* Diary */,
				83F8CC6134A770954EACEAE9 /* Group */,
				F42965B073AB273966460FF7 /* Home */,
				D41CCAD99BD01624F4F8CEDB /* Initial */,
			);
			path = Presentation;
			sourceTree = "<group>";
		};
		B489E3F8BC03B4F79CD0CA5C /* Term */ = {
			isa = PBXGroup;
			children = (
				A9AAE90A1A87901A0B8291AD /* TermUseCase.swift */,
			);
			path = Term;
			sourceTree = "<group>";
		};
		BABCF6DA17085D9FE98536AE /* Components */ = {
			isa = PBXGroup;
			children = (
				39AA283218C568EA7CC7F745 /* Alert */,
				D19F39CD48DB931A9E1376FC /* AlertViewOld.swift */,
				DE75EDA6F6C083488BDE47ED /* CircleItemView.swift */,
				3BB9068B469F78A11B980664 /* ClearBackgournd.swift */,
				0F584BE8A592B9BBC422E4ED /* ColorCircleView.swift */,
				A1F4A00BC3A307AF0B099D69 /* DismissButton.swift */,
				806A9722C24436A0C3508830 /* ImageDetailView.swift */,
				854688261BDA8E37ED9DBE25 /* KakaoMapView.swift */,
				AB77E1CAD44DEDB141E59B20 /* LottieView.swift */,
				AD7EF4B0CBA89C0C85F7D429 /* NamoAlertViewWithOneButton.swift */,
				9F14881E01746641FF178632 /* NamoAlertViewWithTitle.swift */,
				5CBF191E365003E058A99B2C /* NamoAlertViewWithTopButton.swift */,
				65483FA6542DF96BE5604ECA /* RoundedCorners.swift */,
				9BDDC38ABD48D774C7D6A505 /* ToastView.swift */,
				9D469C7FA44FBD63E9FA2D7A /* ToastViewNew.swift */,
				D09F6B4CBD364FEF54BCA0E2 /* TrashView.swift */,
			);
			path = Components;
			sourceTree = "<group>";
		};
		BBF7B97231F54125FAD92AAC /* Products */ = {
			isa = PBXGroup;
			children = (
				918BCE691BD5678B2C347C3D /* Alamofire.framework */,
				525F6AAD86080287399C33EB /* BaseFeature.framework */,
				5C31D5484055CB2D129FE67F /* Kingfisher.framework */,
				43CBBF942C73CA6B7979A12D /* Namo_SwiftUI.app */,
			);
			name = Products;
			sourceTree = "<group>";
		};
		C350AEB5BA8A544392C9166B /* Schedule */ = {
			isa = PBXGroup;
			children = (
				62788B67F7921BE69ED3136D /* ScheduleUseCase.swift */,
			);
			path = Schedule;
			sourceTree = "<group>";
		};
		CB599BDB8B018730CAA36C5B /* Derived */ = {
			isa = PBXGroup;
			children = (
				1834E39D598DFECC8FA1C47C /* Sources */,
			);
			path = Derived;
			sourceTree = "<group>";
		};
		D41CCAD99BD01624F4F8CEDB /* Initial */ = {
			isa = PBXGroup;
			children = (
				2F4B36CE84AE052E8C3DA874 /* Agree */,
				F4E13298F9D20E2B5431C215 /* Login */,
				59C476E55F628F847370B075 /* Onboarding */,
			);
			path = Initial;
			sourceTree = "<group>";
		};
		DF22912A309713528FC57267 /* naveridlogin-ios-sp */ = {
			isa = PBXGroup;
			children = (
				4F13596125270D3ABD7FF090 /* Frameworks */,
			);
			path = "naveridlogin-ios-sp";
			sourceTree = "<group>";
		};
		E72AE44F98729DC8BC22E856 /* Diary */ = {
			isa = PBXGroup;
			children = (
				42597BF030265050345DF9E3 /* DiaryRepository.swift */,
				CE1A777921E268209ABBD8FF /* DiaryRepositoryImpl.swift */,
				5A68EFBCA6553E52365D6873 /* MoimDiaryRepository.swift */,
				8DD4D5BC498342B48D9FAF06 /* MoimDiaryRepositoryImpl.swift */,
			);
			path = Diary;
			sourceTree = "<group>";
		};
		E8663C51A86F3624D3FF195C /* Repository */ = {
			isa = PBXGroup;
			children = (
				1A1E494142994C43D6A803B5 /* Auth */,
				6D32A190CF28A5AC6D9AB100 /* Category */,
				E72AE44F98729DC8BC22E856 /* Diary */,
				AEA4ED894A907AEF36BA9203 /* Moim */,
				9FB9B481ADD9D9D31F53D3BC /* Place */,
				723133E6F53D7ECD779C9DDB /* Schedule */,
				4334FC639D2F29FC8D5FA919 /* Term */,
			);
			path = Repository;
			sourceTree = "<group>";
		};
		ECDB089F2160783C54E7E769 /* CategorySetting */ = {
			isa = PBXGroup;
			children = (
				1264B9ED848FEB9971C82812 /* CategoryAddView.swift */,
				55A6D973546EF14031FF7BC1 /* CategoryEditView.swift */,
				67067B7047622C2C130817A3 /* CategorySettingPath.swift */,
				56E2B7DBDE400987F93285B1 /* CategorySettingView.swift */,
			);
			path = CategorySetting;
			sourceTree = "<group>";
		};
		ED36DDCB0E1F25CAE04B39AB /* Setting */ = {
			isa = PBXGroup;
			children = (
				7CF7DD44B0177D025A9BD1DF /* View */,
				2419914039CA1E6C6EF40926 /* ViewModel */,
			);
			path = Setting;
			sourceTree = "<group>";
		};
		F42965B073AB273966460FF7 /* Home */ = {
			isa = PBXGroup;
			children = (
				ECDB089F2160783C54E7E769 /* CategorySetting */,
				012C91F0A8077C794A017A53 /* HomeMain */,
				45BBFCAD1E7F512016CD034A /* HomeToDo */,
			);
			path = Home;
			sourceTree = "<group>";
		};
		F4E13298F9D20E2B5431C215 /* Login */ = {
			isa = PBXGroup;
			children = (
				1384EC8378D5907643975B83 /* View */,
				573BF968D200139D4EA51D93 /* ViewModel */,
			);
			path = Login;
			sourceTree = "<group>";
		};
		FE68E34AF0E8387DE0B61591 /* DiaryMain */ = {
			isa = PBXGroup;
			children = (
				9FA5CAB40C9E2C7BD300EA3B /* BlackBorderRoundedView.swift */,
				1D3D9E78D74AAFDC00A19BD0 /* DatePlaceInfoView.swift */,
				12A82B653AEF501BB832DB87 /* DiaryMainView.swift */,
				5498267F9FAC6C860796EE51 /* EditDiaryView.swift */,
				665E102982ADB5E0716FF805 /* EditMoimDiaryView.swift */,
				6B0B1D1F3C738162A185D5A1 /* MoimPlaceView.swift */,
			);
			path = DiaryMain;
			sourceTree = "<group>";
		};
/* End PBXGroup section */

/* Begin PBXNativeTarget section */
		1AAF258DE6E35CA99BA01E83 /* Namo_SwiftUI */ = {
			isa = PBXNativeTarget;
			buildConfigurationList = EACA044875C4250EF4BBBE03 /* Build configuration list for PBXNativeTarget "Namo_SwiftUI" */;
			buildPhases = (
				3B2E77072CADFA4E93D9E653 /* Sources */,
				61EC0215BD74760837461F75 /* Resources */,
				9045A6A14161F3037FB98A88 /* Embed Frameworks */,
				8484F2DC0C79E8E05E2B7644 /* Frameworks */,
			);
			buildRules = (
			);
			dependencies = (
			);
			name = Namo_SwiftUI;
			productName = Namo_SwiftUI;
			productReference = 43CBBF942C73CA6B7979A12D /* Namo_SwiftUI.app */;
			productType = "com.apple.product-type.application";
		};
/* End PBXNativeTarget section */

/* Begin PBXProject section */
		325888568D5E586828E59C7C /* Project object */ = {
			isa = PBXProject;
			attributes = {
				BuildIndependentTargetsInParallel = YES;
			};
			buildConfigurationList = 7E71552B1A89C15EAA194A6F /* Build configuration list for PBXProject "Namo_SwiftUI" */;
			compatibilityVersion = "Xcode 14.0";
			developmentRegion = en;
			hasScannedForEncodings = 0;
			knownRegions = (
				Base,
				en,
			);
			mainGroup = 604A8752849BFE9985A14FA5;
			productRefGroup = BBF7B97231F54125FAD92AAC /* Products */;
			projectDirPath = "";
			projectRoot = "";
			targets = (
				1AAF258DE6E35CA99BA01E83 /* Namo_SwiftUI */,
			);
		};
/* End PBXProject section */

/* Begin PBXResourcesBuildPhase section */
		61EC0215BD74760837461F75 /* Resources */ = {
			isa = PBXResourcesBuildPhase;
			buildActionMask = 2147483647;
			files = (
				B5F7B6FE4C8F07E9E7AC9146 /* GoogleService-Info.plist in Resources */,
				928DFC8422B9BD728B30DD76 /* Namo-SwiftUI-Info.plist in Resources */,
				672CCE8F807EDDB0C6D94BFD /* Namo_SwiftUI.entitlements in Resources */,
			);
			runOnlyForDeploymentPostprocessing = 0;
		};
/* End PBXResourcesBuildPhase section */

/* Begin PBXSourcesBuildPhase section */
		3B2E77072CADFA4E93D9E653 /* Sources */ = {
			isa = PBXSourcesBuildPhase;
			buildActionMask = 2147483647;
			files = (
				753E60551AAD34D048D7A072 /* TuistBundle+NamoSwiftUI.swift in Sources */,
				9B800067E6C89666A55C530F /* TuistPlists+NamoSwiftUI.swift in Sources */,
				CCFEF9F95F4C5EA564DE0741 /* FactoryDI.swift in Sources */,
				7E3E174AD0BA03B92EA3B1C2 /* AuthRepository.swift in Sources */,
				A0D2368DAEBF0D94058F18E9 /* AuthRepositoryImpl.swift in Sources */,
				AB0F3F56FB106621949A6A8C /* CategoryRepository.swift in Sources */,
				E27AE5F2D3AFE1A970586086 /* CategoryRepositoryImpl.swift in Sources */,
				7B0C44044ADC6615E1EEA0E4 /* DiaryRepository.swift in Sources */,
				BEE339309A8549A16FA7BC3C /* DiaryRepositoryImpl.swift in Sources */,
				E59CF653F6CACFAE9061E154 /* MoimDiaryRepository.swift in Sources */,
				9C0C4F2F80D82D8056EFFF8D /* MoimDiaryRepositoryImpl.swift in Sources */,
				556BBA37AE5C27B7F950F2AE /* MoimRepository.swift in Sources */,
				45851431E556D2BFD4EE3BA0 /* MoimRepositoryImpl.swift in Sources */,
				8604B14F0D077688FC305DBD /* PlaceRepository.swift in Sources */,
				73ABB92921EA333A7497C092 /* PlaceRepositoryImpl.swift in Sources */,
				216BF82FA79516DCD1A1AFF0 /* ScheduleRepository.swift in Sources */,
				2AD09C17C3613A9BEBD5191A /* ScheduleRepositoryImpl.swift in Sources */,
				031A6A4778063B2563AB7F43 /* TermRepository.swift in Sources */,
				DBA547A9D9CCE408EDC8FF0B /* TermRepositoryImpl.swift in Sources */,
				AB5AEAD7A6E609D3B420E7C4 /* AppState.swift in Sources */,
				8F3104DAFD28EFC8881DC7D0 /* AuthUseCase.swift in Sources */,
				02EECEFB7B30F191C6BE9B96 /* CategoryUseCase.swift in Sources */,
				0965619E2D31350E0D418E9F /* DiaryUseCase.swift in Sources */,
				075CC818B4C84D404B93F6E5 /* MoimDiaryUseCase.swift in Sources */,
				261E799CA43080F74C78E9EE /* GroupUseCase.swift in Sources */,
				CECA29AA6C486F9095C5148C /* PlaceUseCase.swift in Sources */,
				60708820842D3274D6294E88 /* ScheduleUseCase.swift in Sources */,
				AF567C5B66F132A0E28FB34C /* TermUseCase.swift in Sources */,
				B19A4C3AAB519D9761997F2C /* NamoAlertView.swift in Sources */,
				2774A46B07FCF81A68E4A901 /* NamoHome.swift in Sources */,
				C25A6EA0CF14D92C38851539 /* NamoTabView.swift in Sources */,
				DBB1E290D694419CE0B1B6D6 /* Namo_SwiftUIApp.swift in Sources */,
				577B558B621BEBE41272BEAC /* SplashView.swift in Sources */,
				0C9FA381F6706C624630B93D /* AlertViewWithContent.swift in Sources */,
				1F8304B1364772B84F942998 /* AlertViewWithTitleAndMessage.swift in Sources */,
				EEDE00180E925872F85CC4A2 /* AlertViewWithTopButton.swift in Sources */,
				7B1625313FA7FC92738C4A16 /* AlertViewOld.swift in Sources */,
				F1A88EE9C7B35F0A831F3D1D /* CircleItemView.swift in Sources */,
				FEC918D0597BE15B28C44076 /* ClearBackgournd.swift in Sources */,
				27EB15983206D03D3D20DD43 /* ColorCircleView.swift in Sources */,
				972DA04C3382DCD0F49A178F /* DismissButton.swift in Sources */,
				7D4C3C68CD571BEE3D7A50B2 /* ImageDetailView.swift in Sources */,
				7F6A4FB1DB50BE2656C3CF08 /* KakaoMapView.swift in Sources */,
				75E85CB9C702CA831F751D3C /* LottieView.swift in Sources */,
				DA83ABEFBDEFEFA61FA8FEE8 /* NamoAlertViewWithOneButton.swift in Sources */,
				FEC8EC1EBE50334BCACA29BA /* NamoAlertViewWithTitle.swift in Sources */,
				C332B5CE02C6D14D99F2C737 /* NamoAlertViewWithTopButton.swift in Sources */,
				C96ED6BB027668F739C40ACD /* RoundedCorners.swift in Sources */,
				916E6C298F7B376EB917210B /* ToastView.swift in Sources */,
				AD78DFD13425238B83EFAD2D /* ToastViewNew.swift in Sources */,
				DE3DD71D880E349C4ECC6554 /* TrashView.swift in Sources */,
				137C75FAF72A3FEA03E2EEB3 /* CustomMainView.swift in Sources */,
				FE5E27ABF2C228320B92A970 /* SettingComponent.swift in Sources */,
				BC2486FCC43BA7DA0D746DF5 /* SettingView.swift in Sources */,
				6CFC9AAF43A688DBFB91A57A /* SettingViewModel.swift in Sources */,
				7F156FF086420FA4E6641D16 /* BlackBorderRoundedView.swift in Sources */,
				E31F140B4B0E7C3753FB161C /* DatePlaceInfoView.swift in Sources */,
				8F6749E6564B2BE0CBF34BAA /* DiaryMainView.swift in Sources */,
				AA1A07D5A216F298E9BBFB2A /* EditDiaryView.swift in Sources */,
				FBF04B35A8592CB4144F51FF /* EditMoimDiaryView.swift in Sources */,
				60D8C0CDE2BC65A7DB263544 /* MoimPlaceView.swift in Sources */,
				10D80305EF8F39310BC27744 /* GroupCalendarView.swift in Sources */,
				00929F5D9FE04CBA118A8A71 /* GroupListItem.swift in Sources */,
				F243E5762918671C0EFADE81 /* GroupMainView.swift in Sources */,
				67E2EA8485671EB2399E8E72 /* GroupMainViewModel.swift in Sources */,
				9F921AAF5A095EBC4CC59A15 /* GroupToDoEditView.swift in Sources */,
				AA109E8DB7451405876DB00E /* CategoryAddView.swift in Sources */,
				31226D43539E37B243B35F5D /* CategoryEditView.swift in Sources */,
				9D82A542CC00818661939633 /* CategorySettingPath.swift in Sources */,
				4D1A3AF0BF4BC8AB1A738F81 /* CategorySettingView.swift in Sources */,
				B0069A7E8829763E5C3EDF8E /* CalendarItem.swift in Sources */,
				B5766569C764B91956CC0695 /* CalendarScheduleDetailItem.swift in Sources */,
				A5B7CF564F9C7F2A3F2E89CF /* CalendarScheduleItem.swift in Sources */,
				1DE0D7A002CB731F275FACDB /* HomeMainView.swift in Sources */,
				3792D63B8A902BC22373FF2A /* HomeMainViewModel.swift in Sources */,
				E29CF2A0381184120F4972CC /* ToDoEditView.swift in Sources */,
				12EAA88756DF9839C5815795 /* ToDoSelectCategoryView.swift in Sources */,
				3186A0B30D562BDA7F2D15C7 /* ToDoSelectPlaceView.swift in Sources */,
				719B2CFA2C0194B505640D98 /* AgreeSubView.swift in Sources */,
				A7CCC135865980FF0D87F20E /* AgreeView.swift in Sources */,
				A38B523F5602196A8D6DFA55 /* AgreeViewModel.swift in Sources */,
				698043111BC368F430AD8F35 /* LoginBtn.swift in Sources */,
				F7D0D16DBB749B0F406C8706 /* LoginView.swift in Sources */,
				F55C0BEC4C02D5D0C5CDC014 /* LoginViewModel.swift in Sources */,
				54E87F7E9C6AD8E707455E81 /* OnboardingView.swift in Sources */,
				7F076FB28D765540467F2DB5 /* OnboardingViewModel.swift in Sources */,
			);
			runOnlyForDeploymentPostprocessing = 0;
		};
/* End PBXSourcesBuildPhase section */

/* Begin XCBuildConfiguration section */
		43709D26CF74CA14900FF16B /* Debug */ = {
			isa = XCBuildConfiguration;
			buildSettings = {
				ALWAYS_SEARCH_USER_PATHS = NO;
				CLANG_ANALYZER_LOCALIZABILITY_NONLOCALIZED = YES;
				CLANG_ANALYZER_NONNULL = YES;
				CLANG_ANALYZER_NUMBER_OBJECT_CONVERSION = YES_AGGRESSIVE;
				CLANG_CXX_LANGUAGE_STANDARD = "gnu++14";
				CLANG_CXX_LIBRARY = "libc++";
				CLANG_ENABLE_MODULES = YES;
				CLANG_ENABLE_OBJC_ARC = YES;
				CLANG_ENABLE_OBJC_WEAK = YES;
				CLANG_WARN_BLOCK_CAPTURE_AUTORELEASING = YES;
				CLANG_WARN_BOOL_CONVERSION = YES;
				CLANG_WARN_COMMA = YES;
				CLANG_WARN_CONSTANT_CONVERSION = YES;
				CLANG_WARN_DEPRECATED_OBJC_IMPLEMENTATIONS = YES;
				CLANG_WARN_DIRECT_OBJC_ISA_USAGE = YES_ERROR;
				CLANG_WARN_DOCUMENTATION_COMMENTS = YES;
				CLANG_WARN_EMPTY_BODY = YES;
				CLANG_WARN_ENUM_CONVERSION = YES;
				CLANG_WARN_INFINITE_RECURSION = YES;
				CLANG_WARN_INT_CONVERSION = YES;
				CLANG_WARN_NON_LITERAL_NULL_CONVERSION = YES;
				CLANG_WARN_OBJC_IMPLICIT_RETAIN_SELF = YES;
				CLANG_WARN_OBJC_LITERAL_CONVERSION = YES;
				CLANG_WARN_OBJC_ROOT_CLASS = YES_ERROR;
				CLANG_WARN_QUOTED_INCLUDE_IN_FRAMEWORK_HEADER = YES;
				CLANG_WARN_RANGE_LOOP_ANALYSIS = YES;
				CLANG_WARN_STRICT_PROTOTYPES = YES;
				CLANG_WARN_SUSPICIOUS_MOVE = YES;
				CLANG_WARN_UNGUARDED_AVAILABILITY = YES_AGGRESSIVE;
				CLANG_WARN_UNREACHABLE_CODE = YES;
				CLANG_WARN__DUPLICATE_METHOD_MATCH = YES;
				COPY_PHASE_STRIP = NO;
				DEAD_CODE_STRIPPING = YES;
				DEBUG_INFORMATION_FORMAT = dwarf;
				ENABLE_STRICT_OBJC_MSGSEND = YES;
				ENABLE_TESTABILITY = YES;
				GCC_C_LANGUAGE_STANDARD = gnu11;
				GCC_DYNAMIC_NO_PIC = NO;
				GCC_NO_COMMON_BLOCKS = YES;
				GCC_OPTIMIZATION_LEVEL = 0;
				GCC_PREPROCESSOR_DEFINITIONS = (
					"DEBUG=1",
					"$(inherited)",
				);
				GCC_WARN_64_TO_32_BIT_CONVERSION = YES;
				GCC_WARN_ABOUT_RETURN_TYPE = YES_ERROR;
				GCC_WARN_UNDECLARED_SELECTOR = YES;
				GCC_WARN_UNINITIALIZED_AUTOS = YES_AGGRESSIVE;
				GCC_WARN_UNUSED_FUNCTION = YES;
				GCC_WARN_UNUSED_VARIABLE = YES;
				MTL_ENABLE_DEBUG_INFO = YES;
				ONLY_ACTIVE_ARCH = YES;
				PRODUCT_NAME = "$(TARGET_NAME)";
			};
			name = Debug;
		};
		533E0A1030A414569A64D261 /* Release */ = {
			isa = XCBuildConfiguration;
			baseConfigurationReference = 614041D6BFDABFE384158DC7 /* Namo_SwiftUI.xcconfig */;
			buildSettings = {
				ASSETCATALOG_COMPILER_APPICON_NAME = AppIcon;
				CODE_SIGN_ENTITLEMENTS = Resources/Namo_SwiftUI.entitlements;
				CODE_SIGN_IDENTITY = "iPhone Developer";
				ENABLE_PREVIEWS = YES;
				HEADER_SEARCH_PATHS = (
					"$(inherited)",
					"$(inherited)",
					"$(SRCROOT)/../../Tuist/.build/checkouts/GoogleAppMeasurement/GoogleAppMeasurementWrapper/include",
					"$(SRCROOT)/../../Tuist/.build/checkouts/GoogleDataTransport",
					"$(SRCROOT)/../../Tuist/.build/checkouts/GoogleDataTransport/GoogleDataTransport/GDTCORLibrary/Public",
					"$(SRCROOT)/../../Tuist/.build/checkouts/GoogleUtilities",
					"$(SRCROOT)/../../Tuist/.build/checkouts/GoogleUtilities/GoogleUtilities/AppDelegateSwizzler/Public",
					"$(SRCROOT)/../../Tuist/.build/checkouts/GoogleUtilities/GoogleUtilities/Environment/Public",
					"$(SRCROOT)/../../Tuist/.build/checkouts/GoogleUtilities/GoogleUtilities/Logger/Public",
					"$(SRCROOT)/../../Tuist/.build/checkouts/GoogleUtilities/GoogleUtilities/MethodSwizzler/Public",
					"$(SRCROOT)/../../Tuist/.build/checkouts/GoogleUtilities/GoogleUtilities/NSData+zlib/Public",
					"$(SRCROOT)/../../Tuist/.build/checkouts/GoogleUtilities/GoogleUtilities/Network/Public",
					"$(SRCROOT)/../../Tuist/.build/checkouts/GoogleUtilities/GoogleUtilities/Reachability/Public",
					"$(SRCROOT)/../../Tuist/.build/checkouts/GoogleUtilities/GoogleUtilities/UserDefaults/Public",
					"$(SRCROOT)/../../Tuist/.build/checkouts/GoogleUtilities/third_party/IsAppEncrypted/Public",
					"$(SRCROOT)/../../Tuist/.build/checkouts/firebase-ios-sdk",
					"$(SRCROOT)/../../Tuist/.build/checkouts/firebase-ios-sdk/CoreOnly/Sources",
					"$(SRCROOT)/../../Tuist/.build/checkouts/firebase-ios-sdk/Crashlytics/Crashlytics/Public",
					"$(SRCROOT)/../../Tuist/.build/checkouts/firebase-ios-sdk/FirebaseABTesting/Sources/Public",
					"$(SRCROOT)/../../Tuist/.build/checkouts/firebase-ios-sdk/FirebaseAnalyticsWrapper/include",
					"$(SRCROOT)/../../Tuist/.build/checkouts/firebase-ios-sdk/FirebaseAppCheck/Interop/Public",
					"$(SRCROOT)/../../Tuist/.build/checkouts/firebase-ios-sdk/FirebaseCore/Extension",
					"$(SRCROOT)/../../Tuist/.build/checkouts/firebase-ios-sdk/FirebaseCore/Sources/Public",
					"$(SRCROOT)/../../Tuist/.build/checkouts/firebase-ios-sdk/FirebaseDatabase/Sources/Public",
					"$(SRCROOT)/../../Tuist/.build/checkouts/firebase-ios-sdk/FirebaseDynamicLinks/Sources/Public",
					"$(SRCROOT)/../../Tuist/.build/checkouts/firebase-ios-sdk/FirebaseInstallations/Source/Library/Public",
					"$(SRCROOT)/../../Tuist/.build/checkouts/firebase-ios-sdk/FirebaseMessaging/Sources/Public",
					"$(SRCROOT)/../../Tuist/.build/checkouts/firebase-ios-sdk/FirebasePerformance/Sources/Public",
					"$(SRCROOT)/../../Tuist/.build/checkouts/firebase-ios-sdk/FirebaseRemoteConfig/Sources/Public",
					"$(SRCROOT)/../../Tuist/.build/checkouts/firebase-ios-sdk/FirebaseSessions",
					"$(SRCROOT)/../../Tuist/.build/checkouts/firebase-ios-sdk/FirebaseSessions/SourcesObjC",
					"$(SRCROOT)/../../Tuist/.build/checkouts/firebase-ios-sdk/SwiftPM-PlatformExclude/FirebaseAnalyticsWrap/include",
					"$(SRCROOT)/../../Tuist/.build/checkouts/firebase-ios-sdk/SwiftPM-PlatformExclude/FirebaseDynamicLinksWrap/include",
					"$(SRCROOT)/../../Tuist/.build/checkouts/firebase-ios-sdk/SwiftPM-PlatformExclude/FirebasePerformanceWrap/include",
					"$(SRCROOT)/../../Tuist/.build/checkouts/leveldb",
					"$(SRCROOT)/../../Tuist/.build/checkouts/leveldb/include",
					"$(SRCROOT)/../../Tuist/.build/checkouts/nanopb/spm_headers",
					"$(SRCROOT)/../../Tuist/.build/checkouts/promises/Sources/FBLPromises/include",
					"$(SRCROOT)/../../Tuist/.build/checkouts/swift-navigation/Sources/UIKitNavigationShim/include",
					"$(SRCROOT)/../../Tuist/.build/checkouts/swift-syntax/Sources/_SwiftSyntaxCShims/include",
				);
				INFOPLIST_FILE = "Resources/Namo-SwiftUI-Info.plist";
				LD_RUNPATH_SEARCH_PATHS = (
					"$(inherited)",
					"@executable_path/Frameworks",
				);
				OTHER_CFLAGS = (
					"$(inherited)",
					"-fmodule-map-file=$(SRCROOT)/../../Tuist/.build/checkouts/firebase-ios-sdk/CoreOnly/Sources/module.modulemap",
					"-fmodule-map-file=$(SRCROOT)/../../Tuist/.build/checkouts/promises/Sources/FBLPromises/include/module.modulemap",
					"-fmodule-map-file=$(SRCROOT)/../../Tuist/.build/checkouts/swift-syntax/Sources/_SwiftSyntaxCShims/include/module.modulemap",
					"-fmodule-map-file=$(SRCROOT)/../../Tuist/.build/tuist-derived/FirebaseABTesting/FirebaseABTesting.modulemap",
					"-fmodule-map-file=$(SRCROOT)/../../Tuist/.build/tuist-derived/FirebaseAnalyticsTarget/FirebaseAnalyticsTarget.modulemap",
					"-fmodule-map-file=$(SRCROOT)/../../Tuist/.build/tuist-derived/FirebaseAnalyticsWrapper/FirebaseAnalyticsWrapper.modulemap",
					"-fmodule-map-file=$(SRCROOT)/../../Tuist/.build/tuist-derived/FirebaseAppCheckInterop/FirebaseAppCheckInterop.modulemap",
					"-fmodule-map-file=$(SRCROOT)/../../Tuist/.build/tuist-derived/FirebaseCore/FirebaseCore.modulemap",
					"-fmodule-map-file=$(SRCROOT)/../../Tuist/.build/tuist-derived/FirebaseCoreExtension/FirebaseCoreExtension.modulemap",
					"-fmodule-map-file=$(SRCROOT)/../../Tuist/.build/tuist-derived/FirebaseCrashlytics/FirebaseCrashlytics.modulemap",
					"-fmodule-map-file=$(SRCROOT)/../../Tuist/.build/tuist-derived/FirebaseDatabaseInternal/FirebaseDatabaseInternal.modulemap",
					"-fmodule-map-file=$(SRCROOT)/../../Tuist/.build/tuist-derived/FirebaseDynamicLinks/FirebaseDynamicLinks.modulemap",
					"-fmodule-map-file=$(SRCROOT)/../../Tuist/.build/tuist-derived/FirebaseDynamicLinksTarget/FirebaseDynamicLinksTarget.modulemap",
					"-fmodule-map-file=$(SRCROOT)/../../Tuist/.build/tuist-derived/FirebaseInstallations/FirebaseInstallations.modulemap",
					"-fmodule-map-file=$(SRCROOT)/../../Tuist/.build/tuist-derived/FirebaseMessaging/FirebaseMessaging.modulemap",
					"-fmodule-map-file=$(SRCROOT)/../../Tuist/.build/tuist-derived/FirebasePerformance/FirebasePerformance.modulemap",
					"-fmodule-map-file=$(SRCROOT)/../../Tuist/.build/tuist-derived/FirebasePerformanceTarget/FirebasePerformanceTarget.modulemap",
					"-fmodule-map-file=$(SRCROOT)/../../Tuist/.build/tuist-derived/FirebaseRemoteConfigInternal/FirebaseRemoteConfigInternal.modulemap",
					"-fmodule-map-file=$(SRCROOT)/../../Tuist/.build/tuist-derived/FirebaseSessionsObjC/FirebaseSessionsObjC.modulemap",
					"-fmodule-map-file=$(SRCROOT)/../../Tuist/.build/tuist-derived/GoogleAppMeasurementTarget/GoogleAppMeasurementTarget.modulemap",
					"-fmodule-map-file=$(SRCROOT)/../../Tuist/.build/tuist-derived/GoogleDataTransport/GoogleDataTransport.modulemap",
					"-fmodule-map-file=$(SRCROOT)/../../Tuist/.build/tuist-derived/GoogleUtilities_AppDelegateSwizzler/GoogleUtilities_AppDelegateSwizzler.modulemap",
					"-fmodule-map-file=$(SRCROOT)/../../Tuist/.build/tuist-derived/GoogleUtilities_Environment/GoogleUtilities_Environment.modulemap",
					"-fmodule-map-file=$(SRCROOT)/../../Tuist/.build/tuist-derived/GoogleUtilities_Logger/GoogleUtilities_Logger.modulemap",
					"-fmodule-map-file=$(SRCROOT)/../../Tuist/.build/tuist-derived/GoogleUtilities_MethodSwizzler/GoogleUtilities_MethodSwizzler.modulemap",
					"-fmodule-map-file=$(SRCROOT)/../../Tuist/.build/tuist-derived/GoogleUtilities_NSData/GoogleUtilities_NSData.modulemap",
					"-fmodule-map-file=$(SRCROOT)/../../Tuist/.build/tuist-derived/GoogleUtilities_Network/GoogleUtilities_Network.modulemap",
					"-fmodule-map-file=$(SRCROOT)/../../Tuist/.build/tuist-derived/GoogleUtilities_Reachability/GoogleUtilities_Reachability.modulemap",
					"-fmodule-map-file=$(SRCROOT)/../../Tuist/.build/tuist-derived/GoogleUtilities_UserDefaults/GoogleUtilities_UserDefaults.modulemap",
					"-fmodule-map-file=$(SRCROOT)/../../Tuist/.build/tuist-derived/UIKitNavigationShim/UIKitNavigationShim.modulemap",
					"-fmodule-map-file=$(SRCROOT)/../../Tuist/.build/tuist-derived/leveldb/leveldb.modulemap",
					"-fmodule-map-file=$(SRCROOT)/../../Tuist/.build/tuist-derived/nanopb/nanopb.modulemap",
					"-fmodule-map-file=$(SRCROOT)/../../Tuist/.build/tuist-derived/third_party_IsAppEncrypted/third_party_IsAppEncrypted.modulemap",
				);
				OTHER_LDFLAGS = (
					"$(inherited)",
					"-ObjC",
				);
				OTHER_SWIFT_FLAGS = "$(inherited) -Xcc -fmodule-map-file=$(SRCROOT)/../../Tuist/.build/checkouts/firebase-ios-sdk/CoreOnly/Sources/module.modulemap -Xcc -fmodule-map-file=$(SRCROOT)/../../Tuist/.build/checkouts/promises/Sources/FBLPromises/include/module.modulemap -Xcc -fmodule-map-file=$(SRCROOT)/../../Tuist/.build/checkouts/swift-syntax/Sources/_SwiftSyntaxCShims/include/module.modulemap -Xcc -fmodule-map-file=$(SRCROOT)/../../Tuist/.build/tuist-derived/FirebaseABTesting/FirebaseABTesting.modulemap -Xcc -fmodule-map-file=$(SRCROOT)/../../Tuist/.build/tuist-derived/FirebaseAnalyticsTarget/FirebaseAnalyticsTarget.modulemap -Xcc -fmodule-map-file=$(SRCROOT)/../../Tuist/.build/tuist-derived/FirebaseAnalyticsWrapper/FirebaseAnalyticsWrapper.modulemap -Xcc -fmodule-map-file=$(SRCROOT)/../../Tuist/.build/tuist-derived/FirebaseAppCheckInterop/FirebaseAppCheckInterop.modulemap -Xcc -fmodule-map-file=$(SRCROOT)/../../Tuist/.build/tuist-derived/FirebaseCore/FirebaseCore.modulemap -Xcc -fmodule-map-file=$(SRCROOT)/../../Tuist/.build/tuist-derived/FirebaseCoreExtension/FirebaseCoreExtension.modulemap -Xcc -fmodule-map-file=$(SRCROOT)/../../Tuist/.build/tuist-derived/FirebaseCrashlytics/FirebaseCrashlytics.modulemap -Xcc -fmodule-map-file=$(SRCROOT)/../../Tuist/.build/tuist-derived/FirebaseDatabaseInternal/FirebaseDatabaseInternal.modulemap -Xcc -fmodule-map-file=$(SRCROOT)/../../Tuist/.build/tuist-derived/FirebaseDynamicLinks/FirebaseDynamicLinks.modulemap -Xcc -fmodule-map-file=$(SRCROOT)/../../Tuist/.build/tuist-derived/FirebaseDynamicLinksTarget/FirebaseDynamicLinksTarget.modulemap -Xcc -fmodule-map-file=$(SRCROOT)/../../Tuist/.build/tuist-derived/FirebaseInstallations/FirebaseInstallations.modulemap -Xcc -fmodule-map-file=$(SRCROOT)/../../Tuist/.build/tuist-derived/FirebaseMessaging/FirebaseMessaging.modulemap -Xcc -fmodule-map-file=$(SRCROOT)/../../Tuist/.build/tuist-derived/FirebasePerformance/FirebasePerformance.modulemap -Xcc -fmodule-map-file=$(SRCROOT)/../../Tuist/.build/tuist-derived/FirebasePerformanceTarget/FirebasePerformanceTarget.modulemap -Xcc -fmodule-map-file=$(SRCROOT)/../../Tuist/.build/tuist-derived/FirebaseRemoteConfigInternal/FirebaseRemoteConfigInternal.modulemap -Xcc -fmodule-map-file=$(SRCROOT)/../../Tuist/.build/tuist-derived/FirebaseSessionsObjC/FirebaseSessionsObjC.modulemap -Xcc -fmodule-map-file=$(SRCROOT)/../../Tuist/.build/tuist-derived/GoogleAppMeasurementTarget/GoogleAppMeasurementTarget.modulemap -Xcc -fmodule-map-file=$(SRCROOT)/../../Tuist/.build/tuist-derived/GoogleDataTransport/GoogleDataTransport.modulemap -Xcc -fmodule-map-file=$(SRCROOT)/../../Tuist/.build/tuist-derived/GoogleUtilities_AppDelegateSwizzler/GoogleUtilities_AppDelegateSwizzler.modulemap -Xcc -fmodule-map-file=$(SRCROOT)/../../Tuist/.build/tuist-derived/GoogleUtilities_Environment/GoogleUtilities_Environment.modulemap -Xcc -fmodule-map-file=$(SRCROOT)/../../Tuist/.build/tuist-derived/GoogleUtilities_Logger/GoogleUtilities_Logger.modulemap -Xcc -fmodule-map-file=$(SRCROOT)/../../Tuist/.build/tuist-derived/GoogleUtilities_MethodSwizzler/GoogleUtilities_MethodSwizzler.modulemap -Xcc -fmodule-map-file=$(SRCROOT)/../../Tuist/.build/tuist-derived/GoogleUtilities_NSData/GoogleUtilities_NSData.modulemap -Xcc -fmodule-map-file=$(SRCROOT)/../../Tuist/.build/tuist-derived/GoogleUtilities_Network/GoogleUtilities_Network.modulemap -Xcc -fmodule-map-file=$(SRCROOT)/../../Tuist/.build/tuist-derived/GoogleUtilities_Reachability/GoogleUtilities_Reachability.modulemap -Xcc -fmodule-map-file=$(SRCROOT)/../../Tuist/.build/tuist-derived/GoogleUtilities_UserDefaults/GoogleUtilities_UserDefaults.modulemap -Xcc -fmodule-map-file=$(SRCROOT)/../../Tuist/.build/tuist-derived/UIKitNavigationShim/UIKitNavigationShim.modulemap -Xcc -fmodule-map-file=$(SRCROOT)/../../Tuist/.build/tuist-derived/leveldb/leveldb.modulemap -Xcc -fmodule-map-file=$(SRCROOT)/../../Tuist/.build/tuist-derived/nanopb/nanopb.modulemap -Xcc -fmodule-map-file=$(SRCROOT)/../../Tuist/.build/tuist-derived/third_party_IsAppEncrypted/third_party_IsAppEncrypted.modulemap -load-plugin-executable $BUILD_DIR/Debug$EFFECTIVE_PLATFORM_NAME/DependenciesMacrosPlugin#DependenciesMacrosPlugin -load-plugin-executable $BUILD_DIR/Debug$EFFECTIVE_PLATFORM_NAME/ComposableArchitectureMacros#ComposableArchitectureMacros -load-plugin-executable $BUILD_DIR/Debug$EFFECTIVE_PLATFORM_NAME/CasePathsMacros#CasePathsMacros -load-plugin-executable $BUILD_DIR/Debug$EFFECTIVE_PLATFORM_NAME/PerceptionMacros#PerceptionMacros";
				PRODUCT_BUNDLE_IDENTIFIER = com.mongmong.namo;
				PRODUCT_NAME = Namo_SwiftUI;
				SDKROOT = iphoneos;
				SUPPORTS_MACCATALYST = NO;
				SUPPORTS_MAC_DESIGNED_FOR_IPHONE_IPAD = YES;
				SUPPORTS_XR_DESIGNED_FOR_IPHONE_IPAD = NO;
				SWIFT_COMPILATION_MODE = wholemodule;
				SWIFT_OPTIMIZATION_LEVEL = "-Owholemodule";
				SWIFT_VERSION = 5.0;
				TARGETED_DEVICE_FAMILY = "1,2";
			};
			name = Release;
		};
		5D303B6A4879C7599E56F5D6 /* Release */ = {
			isa = XCBuildConfiguration;
			buildSettings = {
				ALWAYS_SEARCH_USER_PATHS = NO;
				CLANG_ANALYZER_LOCALIZABILITY_NONLOCALIZED = YES;
				CLANG_ANALYZER_NONNULL = YES;
				CLANG_ANALYZER_NUMBER_OBJECT_CONVERSION = YES_AGGRESSIVE;
				CLANG_CXX_LANGUAGE_STANDARD = "gnu++14";
				CLANG_CXX_LIBRARY = "libc++";
				CLANG_ENABLE_MODULES = YES;
				CLANG_ENABLE_OBJC_ARC = YES;
				CLANG_ENABLE_OBJC_WEAK = YES;
				CLANG_WARN_BLOCK_CAPTURE_AUTORELEASING = YES;
				CLANG_WARN_BOOL_CONVERSION = YES;
				CLANG_WARN_COMMA = YES;
				CLANG_WARN_CONSTANT_CONVERSION = YES;
				CLANG_WARN_DEPRECATED_OBJC_IMPLEMENTATIONS = YES;
				CLANG_WARN_DIRECT_OBJC_ISA_USAGE = YES_ERROR;
				CLANG_WARN_DOCUMENTATION_COMMENTS = YES;
				CLANG_WARN_EMPTY_BODY = YES;
				CLANG_WARN_ENUM_CONVERSION = YES;
				CLANG_WARN_INFINITE_RECURSION = YES;
				CLANG_WARN_INT_CONVERSION = YES;
				CLANG_WARN_NON_LITERAL_NULL_CONVERSION = YES;
				CLANG_WARN_OBJC_IMPLICIT_RETAIN_SELF = YES;
				CLANG_WARN_OBJC_LITERAL_CONVERSION = YES;
				CLANG_WARN_OBJC_ROOT_CLASS = YES_ERROR;
				CLANG_WARN_QUOTED_INCLUDE_IN_FRAMEWORK_HEADER = YES;
				CLANG_WARN_RANGE_LOOP_ANALYSIS = YES;
				CLANG_WARN_STRICT_PROTOTYPES = YES;
				CLANG_WARN_SUSPICIOUS_MOVE = YES;
				CLANG_WARN_UNGUARDED_AVAILABILITY = YES_AGGRESSIVE;
				CLANG_WARN_UNREACHABLE_CODE = YES;
				CLANG_WARN__DUPLICATE_METHOD_MATCH = YES;
				COPY_PHASE_STRIP = NO;
				DEAD_CODE_STRIPPING = YES;
				DEBUG_INFORMATION_FORMAT = "dwarf-with-dsym";
				ENABLE_NS_ASSERTIONS = NO;
				ENABLE_STRICT_OBJC_MSGSEND = YES;
				GCC_C_LANGUAGE_STANDARD = gnu11;
				GCC_NO_COMMON_BLOCKS = YES;
				GCC_WARN_64_TO_32_BIT_CONVERSION = YES;
				GCC_WARN_ABOUT_RETURN_TYPE = YES_ERROR;
				GCC_WARN_UNDECLARED_SELECTOR = YES;
				GCC_WARN_UNINITIALIZED_AUTOS = YES_AGGRESSIVE;
				GCC_WARN_UNUSED_FUNCTION = YES;
				GCC_WARN_UNUSED_VARIABLE = YES;
				MTL_ENABLE_DEBUG_INFO = NO;
				PRODUCT_NAME = "$(TARGET_NAME)";
				VALIDATE_PRODUCT = YES;
			};
			name = Release;
		};
		B63E45E0D92A0A275F3B70AB /* Debug */ = {
			isa = XCBuildConfiguration;
			baseConfigurationReference = 614041D6BFDABFE384158DC7 /* Namo_SwiftUI.xcconfig */;
			buildSettings = {
				ASSETCATALOG_COMPILER_APPICON_NAME = AppIcon;
				CODE_SIGN_ENTITLEMENTS = Resources/Namo_SwiftUI.entitlements;
				CODE_SIGN_IDENTITY = "iPhone Developer";
				ENABLE_PREVIEWS = YES;
				HEADER_SEARCH_PATHS = (
					"$(inherited)",
					"$(inherited)",
					"$(SRCROOT)/../../Tuist/.build/checkouts/GoogleAppMeasurement/GoogleAppMeasurementWrapper/include",
					"$(SRCROOT)/../../Tuist/.build/checkouts/GoogleDataTransport",
					"$(SRCROOT)/../../Tuist/.build/checkouts/GoogleDataTransport/GoogleDataTransport/GDTCORLibrary/Public",
					"$(SRCROOT)/../../Tuist/.build/checkouts/GoogleUtilities",
					"$(SRCROOT)/../../Tuist/.build/checkouts/GoogleUtilities/GoogleUtilities/AppDelegateSwizzler/Public",
					"$(SRCROOT)/../../Tuist/.build/checkouts/GoogleUtilities/GoogleUtilities/Environment/Public",
					"$(SRCROOT)/../../Tuist/.build/checkouts/GoogleUtilities/GoogleUtilities/Logger/Public",
					"$(SRCROOT)/../../Tuist/.build/checkouts/GoogleUtilities/GoogleUtilities/MethodSwizzler/Public",
					"$(SRCROOT)/../../Tuist/.build/checkouts/GoogleUtilities/GoogleUtilities/NSData+zlib/Public",
					"$(SRCROOT)/../../Tuist/.build/checkouts/GoogleUtilities/GoogleUtilities/Network/Public",
					"$(SRCROOT)/../../Tuist/.build/checkouts/GoogleUtilities/GoogleUtilities/Reachability/Public",
					"$(SRCROOT)/../../Tuist/.build/checkouts/GoogleUtilities/GoogleUtilities/UserDefaults/Public",
					"$(SRCROOT)/../../Tuist/.build/checkouts/GoogleUtilities/third_party/IsAppEncrypted/Public",
					"$(SRCROOT)/../../Tuist/.build/checkouts/firebase-ios-sdk",
					"$(SRCROOT)/../../Tuist/.build/checkouts/firebase-ios-sdk/CoreOnly/Sources",
					"$(SRCROOT)/../../Tuist/.build/checkouts/firebase-ios-sdk/Crashlytics/Crashlytics/Public",
					"$(SRCROOT)/../../Tuist/.build/checkouts/firebase-ios-sdk/FirebaseABTesting/Sources/Public",
					"$(SRCROOT)/../../Tuist/.build/checkouts/firebase-ios-sdk/FirebaseAnalyticsWrapper/include",
					"$(SRCROOT)/../../Tuist/.build/checkouts/firebase-ios-sdk/FirebaseAppCheck/Interop/Public",
					"$(SRCROOT)/../../Tuist/.build/checkouts/firebase-ios-sdk/FirebaseCore/Extension",
					"$(SRCROOT)/../../Tuist/.build/checkouts/firebase-ios-sdk/FirebaseCore/Sources/Public",
					"$(SRCROOT)/../../Tuist/.build/checkouts/firebase-ios-sdk/FirebaseDatabase/Sources/Public",
					"$(SRCROOT)/../../Tuist/.build/checkouts/firebase-ios-sdk/FirebaseDynamicLinks/Sources/Public",
					"$(SRCROOT)/../../Tuist/.build/checkouts/firebase-ios-sdk/FirebaseInstallations/Source/Library/Public",
					"$(SRCROOT)/../../Tuist/.build/checkouts/firebase-ios-sdk/FirebaseMessaging/Sources/Public",
					"$(SRCROOT)/../../Tuist/.build/checkouts/firebase-ios-sdk/FirebasePerformance/Sources/Public",
					"$(SRCROOT)/../../Tuist/.build/checkouts/firebase-ios-sdk/FirebaseRemoteConfig/Sources/Public",
					"$(SRCROOT)/../../Tuist/.build/checkouts/firebase-ios-sdk/FirebaseSessions",
					"$(SRCROOT)/../../Tuist/.build/checkouts/firebase-ios-sdk/FirebaseSessions/SourcesObjC",
					"$(SRCROOT)/../../Tuist/.build/checkouts/firebase-ios-sdk/SwiftPM-PlatformExclude/FirebaseAnalyticsWrap/include",
					"$(SRCROOT)/../../Tuist/.build/checkouts/firebase-ios-sdk/SwiftPM-PlatformExclude/FirebaseDynamicLinksWrap/include",
					"$(SRCROOT)/../../Tuist/.build/checkouts/firebase-ios-sdk/SwiftPM-PlatformExclude/FirebasePerformanceWrap/include",
					"$(SRCROOT)/../../Tuist/.build/checkouts/leveldb",
					"$(SRCROOT)/../../Tuist/.build/checkouts/leveldb/include",
					"$(SRCROOT)/../../Tuist/.build/checkouts/nanopb/spm_headers",
					"$(SRCROOT)/../../Tuist/.build/checkouts/promises/Sources/FBLPromises/include",
					"$(SRCROOT)/../../Tuist/.build/checkouts/swift-navigation/Sources/UIKitNavigationShim/include",
					"$(SRCROOT)/../../Tuist/.build/checkouts/swift-syntax/Sources/_SwiftSyntaxCShims/include",
				);
				INFOPLIST_FILE = "Resources/Namo-SwiftUI-Info.plist";
				LD_RUNPATH_SEARCH_PATHS = (
					"$(inherited)",
					"@executable_path/Frameworks",
				);
				OTHER_CFLAGS = (
					"$(inherited)",
					"-fmodule-map-file=$(SRCROOT)/../../Tuist/.build/checkouts/firebase-ios-sdk/CoreOnly/Sources/module.modulemap",
					"-fmodule-map-file=$(SRCROOT)/../../Tuist/.build/checkouts/promises/Sources/FBLPromises/include/module.modulemap",
					"-fmodule-map-file=$(SRCROOT)/../../Tuist/.build/checkouts/swift-syntax/Sources/_SwiftSyntaxCShims/include/module.modulemap",
					"-fmodule-map-file=$(SRCROOT)/../../Tuist/.build/tuist-derived/FirebaseABTesting/FirebaseABTesting.modulemap",
					"-fmodule-map-file=$(SRCROOT)/../../Tuist/.build/tuist-derived/FirebaseAnalyticsTarget/FirebaseAnalyticsTarget.modulemap",
					"-fmodule-map-file=$(SRCROOT)/../../Tuist/.build/tuist-derived/FirebaseAnalyticsWrapper/FirebaseAnalyticsWrapper.modulemap",
					"-fmodule-map-file=$(SRCROOT)/../../Tuist/.build/tuist-derived/FirebaseAppCheckInterop/FirebaseAppCheckInterop.modulemap",
					"-fmodule-map-file=$(SRCROOT)/../../Tuist/.build/tuist-derived/FirebaseCore/FirebaseCore.modulemap",
					"-fmodule-map-file=$(SRCROOT)/../../Tuist/.build/tuist-derived/FirebaseCoreExtension/FirebaseCoreExtension.modulemap",
					"-fmodule-map-file=$(SRCROOT)/../../Tuist/.build/tuist-derived/FirebaseCrashlytics/FirebaseCrashlytics.modulemap",
					"-fmodule-map-file=$(SRCROOT)/../../Tuist/.build/tuist-derived/FirebaseDatabaseInternal/FirebaseDatabaseInternal.modulemap",
					"-fmodule-map-file=$(SRCROOT)/../../Tuist/.build/tuist-derived/FirebaseDynamicLinks/FirebaseDynamicLinks.modulemap",
					"-fmodule-map-file=$(SRCROOT)/../../Tuist/.build/tuist-derived/FirebaseDynamicLinksTarget/FirebaseDynamicLinksTarget.modulemap",
					"-fmodule-map-file=$(SRCROOT)/../../Tuist/.build/tuist-derived/FirebaseInstallations/FirebaseInstallations.modulemap",
					"-fmodule-map-file=$(SRCROOT)/../../Tuist/.build/tuist-derived/FirebaseMessaging/FirebaseMessaging.modulemap",
					"-fmodule-map-file=$(SRCROOT)/../../Tuist/.build/tuist-derived/FirebasePerformance/FirebasePerformance.modulemap",
					"-fmodule-map-file=$(SRCROOT)/../../Tuist/.build/tuist-derived/FirebasePerformanceTarget/FirebasePerformanceTarget.modulemap",
					"-fmodule-map-file=$(SRCROOT)/../../Tuist/.build/tuist-derived/FirebaseRemoteConfigInternal/FirebaseRemoteConfigInternal.modulemap",
					"-fmodule-map-file=$(SRCROOT)/../../Tuist/.build/tuist-derived/FirebaseSessionsObjC/FirebaseSessionsObjC.modulemap",
					"-fmodule-map-file=$(SRCROOT)/../../Tuist/.build/tuist-derived/GoogleAppMeasurementTarget/GoogleAppMeasurementTarget.modulemap",
					"-fmodule-map-file=$(SRCROOT)/../../Tuist/.build/tuist-derived/GoogleDataTransport/GoogleDataTransport.modulemap",
					"-fmodule-map-file=$(SRCROOT)/../../Tuist/.build/tuist-derived/GoogleUtilities_AppDelegateSwizzler/GoogleUtilities_AppDelegateSwizzler.modulemap",
					"-fmodule-map-file=$(SRCROOT)/../../Tuist/.build/tuist-derived/GoogleUtilities_Environment/GoogleUtilities_Environment.modulemap",
					"-fmodule-map-file=$(SRCROOT)/../../Tuist/.build/tuist-derived/GoogleUtilities_Logger/GoogleUtilities_Logger.modulemap",
					"-fmodule-map-file=$(SRCROOT)/../../Tuist/.build/tuist-derived/GoogleUtilities_MethodSwizzler/GoogleUtilities_MethodSwizzler.modulemap",
					"-fmodule-map-file=$(SRCROOT)/../../Tuist/.build/tuist-derived/GoogleUtilities_NSData/GoogleUtilities_NSData.modulemap",
					"-fmodule-map-file=$(SRCROOT)/../../Tuist/.build/tuist-derived/GoogleUtilities_Network/GoogleUtilities_Network.modulemap",
					"-fmodule-map-file=$(SRCROOT)/../../Tuist/.build/tuist-derived/GoogleUtilities_Reachability/GoogleUtilities_Reachability.modulemap",
					"-fmodule-map-file=$(SRCROOT)/../../Tuist/.build/tuist-derived/GoogleUtilities_UserDefaults/GoogleUtilities_UserDefaults.modulemap",
					"-fmodule-map-file=$(SRCROOT)/../../Tuist/.build/tuist-derived/UIKitNavigationShim/UIKitNavigationShim.modulemap",
					"-fmodule-map-file=$(SRCROOT)/../../Tuist/.build/tuist-derived/leveldb/leveldb.modulemap",
					"-fmodule-map-file=$(SRCROOT)/../../Tuist/.build/tuist-derived/nanopb/nanopb.modulemap",
					"-fmodule-map-file=$(SRCROOT)/../../Tuist/.build/tuist-derived/third_party_IsAppEncrypted/third_party_IsAppEncrypted.modulemap",
				);
				OTHER_LDFLAGS = (
					"$(inherited)",
					"-ObjC",
				);
				OTHER_SWIFT_FLAGS = "$(inherited) -Xcc -fmodule-map-file=$(SRCROOT)/../../Tuist/.build/checkouts/firebase-ios-sdk/CoreOnly/Sources/module.modulemap -Xcc -fmodule-map-file=$(SRCROOT)/../../Tuist/.build/checkouts/promises/Sources/FBLPromises/include/module.modulemap -Xcc -fmodule-map-file=$(SRCROOT)/../../Tuist/.build/checkouts/swift-syntax/Sources/_SwiftSyntaxCShims/include/module.modulemap -Xcc -fmodule-map-file=$(SRCROOT)/../../Tuist/.build/tuist-derived/FirebaseABTesting/FirebaseABTesting.modulemap -Xcc -fmodule-map-file=$(SRCROOT)/../../Tuist/.build/tuist-derived/FirebaseAnalyticsTarget/FirebaseAnalyticsTarget.modulemap -Xcc -fmodule-map-file=$(SRCROOT)/../../Tuist/.build/tuist-derived/FirebaseAnalyticsWrapper/FirebaseAnalyticsWrapper.modulemap -Xcc -fmodule-map-file=$(SRCROOT)/../../Tuist/.build/tuist-derived/FirebaseAppCheckInterop/FirebaseAppCheckInterop.modulemap -Xcc -fmodule-map-file=$(SRCROOT)/../../Tuist/.build/tuist-derived/FirebaseCore/FirebaseCore.modulemap -Xcc -fmodule-map-file=$(SRCROOT)/../../Tuist/.build/tuist-derived/FirebaseCoreExtension/FirebaseCoreExtension.modulemap -Xcc -fmodule-map-file=$(SRCROOT)/../../Tuist/.build/tuist-derived/FirebaseCrashlytics/FirebaseCrashlytics.modulemap -Xcc -fmodule-map-file=$(SRCROOT)/../../Tuist/.build/tuist-derived/FirebaseDatabaseInternal/FirebaseDatabaseInternal.modulemap -Xcc -fmodule-map-file=$(SRCROOT)/../../Tuist/.build/tuist-derived/FirebaseDynamicLinks/FirebaseDynamicLinks.modulemap -Xcc -fmodule-map-file=$(SRCROOT)/../../Tuist/.build/tuist-derived/FirebaseDynamicLinksTarget/FirebaseDynamicLinksTarget.modulemap -Xcc -fmodule-map-file=$(SRCROOT)/../../Tuist/.build/tuist-derived/FirebaseInstallations/FirebaseInstallations.modulemap -Xcc -fmodule-map-file=$(SRCROOT)/../../Tuist/.build/tuist-derived/FirebaseMessaging/FirebaseMessaging.modulemap -Xcc -fmodule-map-file=$(SRCROOT)/../../Tuist/.build/tuist-derived/FirebasePerformance/FirebasePerformance.modulemap -Xcc -fmodule-map-file=$(SRCROOT)/../../Tuist/.build/tuist-derived/FirebasePerformanceTarget/FirebasePerformanceTarget.modulemap -Xcc -fmodule-map-file=$(SRCROOT)/../../Tuist/.build/tuist-derived/FirebaseRemoteConfigInternal/FirebaseRemoteConfigInternal.modulemap -Xcc -fmodule-map-file=$(SRCROOT)/../../Tuist/.build/tuist-derived/FirebaseSessionsObjC/FirebaseSessionsObjC.modulemap -Xcc -fmodule-map-file=$(SRCROOT)/../../Tuist/.build/tuist-derived/GoogleAppMeasurementTarget/GoogleAppMeasurementTarget.modulemap -Xcc -fmodule-map-file=$(SRCROOT)/../../Tuist/.build/tuist-derived/GoogleDataTransport/GoogleDataTransport.modulemap -Xcc -fmodule-map-file=$(SRCROOT)/../../Tuist/.build/tuist-derived/GoogleUtilities_AppDelegateSwizzler/GoogleUtilities_AppDelegateSwizzler.modulemap -Xcc -fmodule-map-file=$(SRCROOT)/../../Tuist/.build/tuist-derived/GoogleUtilities_Environment/GoogleUtilities_Environment.modulemap -Xcc -fmodule-map-file=$(SRCROOT)/../../Tuist/.build/tuist-derived/GoogleUtilities_Logger/GoogleUtilities_Logger.modulemap -Xcc -fmodule-map-file=$(SRCROOT)/../../Tuist/.build/tuist-derived/GoogleUtilities_MethodSwizzler/GoogleUtilities_MethodSwizzler.modulemap -Xcc -fmodule-map-file=$(SRCROOT)/../../Tuist/.build/tuist-derived/GoogleUtilities_NSData/GoogleUtilities_NSData.modulemap -Xcc -fmodule-map-file=$(SRCROOT)/../../Tuist/.build/tuist-derived/GoogleUtilities_Network/GoogleUtilities_Network.modulemap -Xcc -fmodule-map-file=$(SRCROOT)/../../Tuist/.build/tuist-derived/GoogleUtilities_Reachability/GoogleUtilities_Reachability.modulemap -Xcc -fmodule-map-file=$(SRCROOT)/../../Tuist/.build/tuist-derived/GoogleUtilities_UserDefaults/GoogleUtilities_UserDefaults.modulemap -Xcc -fmodule-map-file=$(SRCROOT)/../../Tuist/.build/tuist-derived/UIKitNavigationShim/UIKitNavigationShim.modulemap -Xcc -fmodule-map-file=$(SRCROOT)/../../Tuist/.build/tuist-derived/leveldb/leveldb.modulemap -Xcc -fmodule-map-file=$(SRCROOT)/../../Tuist/.build/tuist-derived/nanopb/nanopb.modulemap -Xcc -fmodule-map-file=$(SRCROOT)/../../Tuist/.build/tuist-derived/third_party_IsAppEncrypted/third_party_IsAppEncrypted.modulemap -load-plugin-executable $BUILD_DIR/Debug$EFFECTIVE_PLATFORM_NAME/DependenciesMacrosPlugin#DependenciesMacrosPlugin -load-plugin-executable $BUILD_DIR/Debug$EFFECTIVE_PLATFORM_NAME/CasePathsMacros#CasePathsMacros -load-plugin-executable $BUILD_DIR/Debug$EFFECTIVE_PLATFORM_NAME/PerceptionMacros#PerceptionMacros -load-plugin-executable $BUILD_DIR/Debug$EFFECTIVE_PLATFORM_NAME/ComposableArchitectureMacros#ComposableArchitectureMacros";
				PRODUCT_BUNDLE_IDENTIFIER = com.mongmong.namo;
				PRODUCT_NAME = Namo_SwiftUI;
				SDKROOT = iphoneos;
				SUPPORTS_MACCATALYST = NO;
				SUPPORTS_MAC_DESIGNED_FOR_IPHONE_IPAD = YES;
				SUPPORTS_XR_DESIGNED_FOR_IPHONE_IPAD = NO;
				SWIFT_ACTIVE_COMPILATION_CONDITIONS = "$(inherited) DEBUG";
				SWIFT_COMPILATION_MODE = singlefile;
				SWIFT_OPTIMIZATION_LEVEL = "-Onone";
				SWIFT_VERSION = 5.0;
				TARGETED_DEVICE_FAMILY = "1,2";
			};
			name = Debug;
		};
/* End XCBuildConfiguration section */

/* Begin XCConfigurationList section */
		7E71552B1A89C15EAA194A6F /* Build configuration list for PBXProject "Namo_SwiftUI" */ = {
			isa = XCConfigurationList;
			buildConfigurations = (
				43709D26CF74CA14900FF16B /* Debug */,
				5D303B6A4879C7599E56F5D6 /* Release */,
			);
			defaultConfigurationIsVisible = 0;
			defaultConfigurationName = Release;
		};
		EACA044875C4250EF4BBBE03 /* Build configuration list for PBXNativeTarget "Namo_SwiftUI" */ = {
			isa = XCConfigurationList;
			buildConfigurations = (
				B63E45E0D92A0A275F3B70AB /* Debug */,
				533E0A1030A414569A64D261 /* Release */,
			);
			defaultConfigurationIsVisible = 0;
			defaultConfigurationName = Release;
		};
/* End XCConfigurationList section */
	};
	rootObject = 325888568D5E586828E59C7C /* Project object */;
}
