// !$*UTF8*$!
{
	archiveVersion = 1;
	classes = {
	};
	objectVersion = 55;
	objects = {

/* Begin PBXBuildFile section */
		0C8B2C0AE1F278BA2C0182A1 /* CategoryDTO.swift in Sources */ = {isa = PBXBuildFile; fileRef = 504F21A74517B474F3F3D7BE /* CategoryDTO.swift */; };
		183E7408A226F604D89C2FCA /* MoimDTO.swift in Sources */ = {isa = PBXBuildFile; fileRef = 7CCE5B244B2915E9B9B72334 /* MoimDTO.swift */; };
		2E7F8633CFE6BB88137D4504 /* TermDTO.swift in Sources */ = {isa = PBXBuildFile; fileRef = 7DCFE3B1072A639707847B8C /* TermDTO.swift */; };
		3085C1AED14B31FAEF6F0DF9 /* APITask.swift in Sources */ = {isa = PBXBuildFile; fileRef = 92AAFFDAE9D2B977E1061DCA /* APITask.swift */; };
		337BA6B009611D68006F9796 /* TermEndPoint.swift in Sources */ = {isa = PBXBuildFile; fileRef = 1312E7323AF1FBFB8FFFA768 /* TermEndPoint.swift */; };
		3B024A625A7D4862FFFD551D /* MoimDiaryDTO.swift in Sources */ = {isa = PBXBuildFile; fileRef = E01B35F998919F9C60DA474D /* MoimDiaryDTO.swift */; };
		488449A1F68C72BD2A9BF299 /* libShared.a in Dependencies */ = {isa = PBXBuildFile; fileRef = CEB5CF8E8F11FB276BDCDD64 /* libShared.a */; };
		4BA89728242EC4CBFDDABC63 /* PlaceEndPoint.swift in Sources */ = {isa = PBXBuildFile; fileRef = 0EA904CAF27EA7A2BDCC45AE /* PlaceEndPoint.swift */; };
		5CDCB0755C90B64634F2DD15 /* DiaryDTO.swift in Sources */ = {isa = PBXBuildFile; fileRef = 7413CF442795DC21A46EE50A /* DiaryDTO.swift */; };
		619579DABBC8915DAFBF563F /* libCoreNetworkInterface.a in Dependencies */ = {isa = PBXBuildFile; fileRef = 83ED0F4F2A244F231A58364C /* libCoreNetworkInterface.a */; };
		6A874C6F2B16CB715818FFF4 /* DiaryEndPoint.swift in Sources */ = {isa = PBXBuildFile; fileRef = 00B168C3D1C3EBB83150451C /* DiaryEndPoint.swift */; };
		7320666451A4288DFEF86BDF /* ScheduleDTO.swift in Sources */ = {isa = PBXBuildFile; fileRef = 917EC20A525B0FF618D69ADB /* ScheduleDTO.swift */; };
		748B31E670B7F422820831B4 /* AuthEndPoint.swift in Sources */ = {isa = PBXBuildFile; fileRef = 4148B5C32E5DF3372237EF06 /* AuthEndPoint.swift */; };
		7DACFA72D24E0FB7C56AAF5C /* KakaoMapDTO.swift in Sources */ = {isa = PBXBuildFile; fileRef = DEE16F6D6C1A48FFD8D76944 /* KakaoMapDTO.swift */; };
		8839EA5E3844F961F595D095 /* BaseResponse.swift in Sources */ = {isa = PBXBuildFile; fileRef = 648918849D4E7B0EC5BC7714 /* BaseResponse.swift */; };
		907B6A8D6280AC836A69F5B5 /* ScheduleEndPoint.swift in Sources */ = {isa = PBXBuildFile; fileRef = 1E53643CAF27CA1D06563743 /* ScheduleEndPoint.swift */; };
		9CEA191E42D9BD8B66655416 /* CategoryEndPoint.swift in Sources */ = {isa = PBXBuildFile; fileRef = 09767564F838A21BA434EB3C /* CategoryEndPoint.swift */; };
		9EB04DCC583247307DC8C292 /* APIManager.swift in Sources */ = {isa = PBXBuildFile; fileRef = 1176EBA3BA67708B1463F0A4 /* APIManager.swift */; };
		A2519206C5586292D15FCD47 /* EmptyResponse.swift in Sources */ = {isa = PBXBuildFile; fileRef = 85B69765540E65F00A84D87B /* EmptyResponse.swift */; };
		A84AFFB1BA3063E4A2CA4507 /* MoimEndPoint.swift in Sources */ = {isa = PBXBuildFile; fileRef = 991D433CD11AC0CC94280979 /* MoimEndPoint.swift */; };
		C266BCCF4634B7455E0DEFD2 /* AuthManager.swift in Sources */ = {isa = PBXBuildFile; fileRef = F4F33E01569E098156037256 /* AuthManager.swift */; };
		CA726101AC72346E7D175B6E /* MoimDiaryEndPoint.swift in Sources */ = {isa = PBXBuildFile; fileRef = 6C9147F9940169393FEF2D10 /* MoimDiaryEndPoint.swift */; };
		E3BF30F23B011E50BAF583C4 /* EndPoint.swift in Sources */ = {isa = PBXBuildFile; fileRef = 4CFD932C44192DF84B0B61FD /* EndPoint.swift */; };
		F72A7C146AEF5E5C1EF310FE /* AuthDTO.swift in Sources */ = {isa = PBXBuildFile; fileRef = F9B52B8F8EEC0D1055836920 /* AuthDTO.swift */; };
		FC8007C7B50ADC61AB33CA35 /* CoreNetworkInterfaceSample.swift in Sources */ = {isa = PBXBuildFile; fileRef = CAB69124F78F3B212F901A10 /* CoreNetworkInterfaceSample.swift */; };
/* End PBXBuildFile section */

/* Begin PBXContainerItemProxy section */
		31FB6F982C3B19BDAE8C74AC /* PBXContainerItemProxy */ = {
			isa = PBXContainerItemProxy;
			containerPortal = 691C8819DDA33B5FC519C434 /* Project object */;
			proxyType = 1;
			remoteGlobalIDString = 7B612E9DE8A3F66949386851;
			remoteInfo = CoreNetworkInterface;
		};
/* End PBXContainerItemProxy section */

/* Begin PBXCopyFilesBuildPhase section */
		2C7F7D0539CEA60A1D39061E /* Dependencies */ = {
			isa = PBXCopyFilesBuildPhase;
			buildActionMask = 8;
			dstSubfolderSpec = 16;
			files = (
				488449A1F68C72BD2A9BF299 /* libShared.a in Dependencies */,
			);
			name = Dependencies;
			runOnlyForDeploymentPostprocessing = 1;
		};
		6DCB1D8B44D642BC776A6617 /* Embed Frameworks */ = {
			isa = PBXCopyFilesBuildPhase;
			buildActionMask = 2147483647;
			dstPath = "";
			dstSubfolderSpec = 10;
			files = (
			);
			name = "Embed Frameworks";
			runOnlyForDeploymentPostprocessing = 0;
		};
		891249A4E9A9029344DA385D /* Embed Frameworks */ = {
			isa = PBXCopyFilesBuildPhase;
			buildActionMask = 2147483647;
			dstPath = "";
			dstSubfolderSpec = 10;
			files = (
			);
			name = "Embed Frameworks";
			runOnlyForDeploymentPostprocessing = 0;
		};
		B49A8E40DB2C10637AEABA52 /* Dependencies */ = {
			isa = PBXCopyFilesBuildPhase;
			buildActionMask = 8;
			dstSubfolderSpec = 16;
			files = (
				619579DABBC8915DAFBF563F /* libCoreNetworkInterface.a in Dependencies */,
			);
			name = Dependencies;
			runOnlyForDeploymentPostprocessing = 1;
		};
/* End PBXCopyFilesBuildPhase section */

/* Begin PBXFileReference section */
		00B168C3D1C3EBB83150451C /* DiaryEndPoint.swift */ = {isa = PBXFileReference; lastKnownFileType = sourcecode.swift; path = DiaryEndPoint.swift; sourceTree = "<group>"; };
		09767564F838A21BA434EB3C /* CategoryEndPoint.swift */ = {isa = PBXFileReference; lastKnownFileType = sourcecode.swift; path = CategoryEndPoint.swift; sourceTree = "<group>"; };
		0EA904CAF27EA7A2BDCC45AE /* PlaceEndPoint.swift */ = {isa = PBXFileReference; lastKnownFileType = sourcecode.swift; path = PlaceEndPoint.swift; sourceTree = "<group>"; };
		1176EBA3BA67708B1463F0A4 /* APIManager.swift */ = {isa = PBXFileReference; lastKnownFileType = sourcecode.swift; path = APIManager.swift; sourceTree = "<group>"; };
		1312E7323AF1FBFB8FFFA768 /* TermEndPoint.swift */ = {isa = PBXFileReference; lastKnownFileType = sourcecode.swift; path = TermEndPoint.swift; sourceTree = "<group>"; };
		1E53643CAF27CA1D06563743 /* ScheduleEndPoint.swift */ = {isa = PBXFileReference; lastKnownFileType = sourcecode.swift; path = ScheduleEndPoint.swift; sourceTree = "<group>"; };
		4148B5C32E5DF3372237EF06 /* AuthEndPoint.swift */ = {isa = PBXFileReference; lastKnownFileType = sourcecode.swift; path = AuthEndPoint.swift; sourceTree = "<group>"; };
		4CFD932C44192DF84B0B61FD /* EndPoint.swift */ = {isa = PBXFileReference; lastKnownFileType = sourcecode.swift; path = EndPoint.swift; sourceTree = "<group>"; };
		504F21A74517B474F3F3D7BE /* CategoryDTO.swift */ = {isa = PBXFileReference; lastKnownFileType = sourcecode.swift; path = CategoryDTO.swift; sourceTree = "<group>"; };
		648918849D4E7B0EC5BC7714 /* BaseResponse.swift */ = {isa = PBXFileReference; lastKnownFileType = sourcecode.swift; path = BaseResponse.swift; sourceTree = "<group>"; };
		6C9147F9940169393FEF2D10 /* MoimDiaryEndPoint.swift */ = {isa = PBXFileReference; lastKnownFileType = sourcecode.swift; path = MoimDiaryEndPoint.swift; sourceTree = "<group>"; };
		7413CF442795DC21A46EE50A /* DiaryDTO.swift */ = {isa = PBXFileReference; lastKnownFileType = sourcecode.swift; path = DiaryDTO.swift; sourceTree = "<group>"; };
		7CCE5B244B2915E9B9B72334 /* MoimDTO.swift */ = {isa = PBXFileReference; lastKnownFileType = sourcecode.swift; path = MoimDTO.swift; sourceTree = "<group>"; };
		7DCFE3B1072A639707847B8C /* TermDTO.swift */ = {isa = PBXFileReference; lastKnownFileType = sourcecode.swift; path = TermDTO.swift; sourceTree = "<group>"; };
		83ED0F4F2A244F231A58364C /* libCoreNetworkInterface.a */ = {isa = PBXFileReference; explicitFileType = archive.ar; includeInIndex = 0; path = libCoreNetworkInterface.a; sourceTree = BUILT_PRODUCTS_DIR; };
		85B69765540E65F00A84D87B /* EmptyResponse.swift */ = {isa = PBXFileReference; lastKnownFileType = sourcecode.swift; path = EmptyResponse.swift; sourceTree = "<group>"; };
		866DB30D8A552341BF3D1371 /* libCoreNetwork.a */ = {isa = PBXFileReference; explicitFileType = archive.ar; includeInIndex = 0; path = libCoreNetwork.a; sourceTree = BUILT_PRODUCTS_DIR; };
		917EC20A525B0FF618D69ADB /* ScheduleDTO.swift */ = {isa = PBXFileReference; lastKnownFileType = sourcecode.swift; path = ScheduleDTO.swift; sourceTree = "<group>"; };
		92AAFFDAE9D2B977E1061DCA /* APITask.swift */ = {isa = PBXFileReference; lastKnownFileType = sourcecode.swift; path = APITask.swift; sourceTree = "<group>"; };
		991D433CD11AC0CC94280979 /* MoimEndPoint.swift */ = {isa = PBXFileReference; lastKnownFileType = sourcecode.swift; path = MoimEndPoint.swift; sourceTree = "<group>"; };
		CAB69124F78F3B212F901A10 /* CoreNetworkInterfaceSample.swift */ = {isa = PBXFileReference; lastKnownFileType = sourcecode.swift; path = CoreNetworkInterfaceSample.swift; sourceTree = "<group>"; };
		CEB5CF8E8F11FB276BDCDD64 /* libShared.a */ = {isa = PBXFileReference; explicitFileType = archive.ar; includeInIndex = 0; path = libShared.a; sourceTree = BUILT_PRODUCTS_DIR; };
		DEE16F6D6C1A48FFD8D76944 /* KakaoMapDTO.swift */ = {isa = PBXFileReference; lastKnownFileType = sourcecode.swift; path = KakaoMapDTO.swift; sourceTree = "<group>"; };
		E01B35F998919F9C60DA474D /* MoimDiaryDTO.swift */ = {isa = PBXFileReference; lastKnownFileType = sourcecode.swift; path = MoimDiaryDTO.swift; sourceTree = "<group>"; };
		F4F33E01569E098156037256 /* AuthManager.swift */ = {isa = PBXFileReference; lastKnownFileType = sourcecode.swift; path = AuthManager.swift; sourceTree = "<group>"; };
		F9B52B8F8EEC0D1055836920 /* AuthDTO.swift */ = {isa = PBXFileReference; lastKnownFileType = sourcecode.swift; path = AuthDTO.swift; sourceTree = "<group>"; };
/* End PBXFileReference section */

/* Begin PBXFrameworksBuildPhase section */
		35EFBE076CB48AFC3AC8F8A0 /* Frameworks */ = {
			isa = PBXFrameworksBuildPhase;
			buildActionMask = 2147483647;
			files = (
			);
			runOnlyForDeploymentPostprocessing = 0;
		};
		3CAEE80C14661B02EF70FBA2 /* Frameworks */ = {
			isa = PBXFrameworksBuildPhase;
			buildActionMask = 2147483647;
			files = (
			);
			runOnlyForDeploymentPostprocessing = 0;
		};
/* End PBXFrameworksBuildPhase section */

/* Begin PBXGroup section */
		0F36C9E047795E87E6D3E2B2 /* EndPoint */ = {
			isa = PBXGroup;
			children = (
				A7E79D381BCF8CF5A1056C4E /* Auth */,
				21DF2C26CB3CD1A232EE148A /* Category */,
				A42A60113E5C4406359D1D19 /* Diary */,
				33490E957BDA558CCFBE2AEE /* Moim */,
				A27745C70F45FF5862AB0890 /* Place */,
				801C03A58DDF357EAD617B6F /* Schedule */,
				7554015E99183B6FA281287E /* Term */,
			);
			path = EndPoint;
			sourceTree = "<group>";
		};
		21DF2C26CB3CD1A232EE148A /* Category */ = {
			isa = PBXGroup;
			children = (
				09767564F838A21BA434EB3C /* CategoryEndPoint.swift */,
			);
			path = Category;
			sourceTree = "<group>";
		};
		33490E957BDA558CCFBE2AEE /* Moim */ = {
			isa = PBXGroup;
			children = (
				991D433CD11AC0CC94280979 /* MoimEndPoint.swift */,
			);
			path = Moim;
			sourceTree = "<group>";
		};
		4D81CA67BA256FB8854CFF01 /* API */ = {
			isa = PBXGroup;
			children = (
				D63B3DC47EA611E2DB2D40DA /* Auth */,
				B4A7F89E0A908CE9B6E9354D /* Base */,
				0F36C9E047795E87E6D3E2B2 /* EndPoint */,
			);
			path = API;
			sourceTree = "<group>";
		};
		642DA93F0D05A59993B8DF63 /* Products */ = {
			isa = PBXGroup;
			children = (
				866DB30D8A552341BF3D1371 /* libCoreNetwork.a */,
				83ED0F4F2A244F231A58364C /* libCoreNetworkInterface.a */,
				CEB5CF8E8F11FB276BDCDD64 /* libShared.a */,
			);
			name = Products;
			sourceTree = "<group>";
		};
		6D7C527D686596B9005238E4 /* DTO */ = {
			isa = PBXGroup;
			children = (
				F9B52B8F8EEC0D1055836920 /* AuthDTO.swift */,
				648918849D4E7B0EC5BC7714 /* BaseResponse.swift */,
				504F21A74517B474F3F3D7BE /* CategoryDTO.swift */,
				7413CF442795DC21A46EE50A /* DiaryDTO.swift */,
				85B69765540E65F00A84D87B /* EmptyResponse.swift */,
				DEE16F6D6C1A48FFD8D76944 /* KakaoMapDTO.swift */,
				E01B35F998919F9C60DA474D /* MoimDiaryDTO.swift */,
				7CCE5B244B2915E9B9B72334 /* MoimDTO.swift */,
				917EC20A525B0FF618D69ADB /* ScheduleDTO.swift */,
				7DCFE3B1072A639707847B8C /* TermDTO.swift */,
			);
			path = DTO;
			sourceTree = "<group>";
		};
		7224ED284111817792333782 /* Interface */ = {
			isa = PBXGroup;
			children = (
				B0DEA4CF578B23933C822615 /* Sources */,
			);
			path = Interface;
			sourceTree = "<group>";
		};
		7554015E99183B6FA281287E /* Term */ = {
			isa = PBXGroup;
			children = (
				1312E7323AF1FBFB8FFFA768 /* TermEndPoint.swift */,
			);
			path = Term;
			sourceTree = "<group>";
		};
		801C03A58DDF357EAD617B6F /* Schedule */ = {
			isa = PBXGroup;
			children = (
				1E53643CAF27CA1D06563743 /* ScheduleEndPoint.swift */,
			);
			path = Schedule;
			sourceTree = "<group>";
		};
		A27745C70F45FF5862AB0890 /* Place */ = {
			isa = PBXGroup;
			children = (
				0EA904CAF27EA7A2BDCC45AE /* PlaceEndPoint.swift */,
			);
			path = Place;
			sourceTree = "<group>";
		};
		A42A60113E5C4406359D1D19 /* Diary */ = {
			isa = PBXGroup;
			children = (
				00B168C3D1C3EBB83150451C /* DiaryEndPoint.swift */,
				6C9147F9940169393FEF2D10 /* MoimDiaryEndPoint.swift */,
			);
			path = Diary;
			sourceTree = "<group>";
		};
		A7E79D381BCF8CF5A1056C4E /* Auth */ = {
			isa = PBXGroup;
			children = (
				4148B5C32E5DF3372237EF06 /* AuthEndPoint.swift */,
			);
			path = Auth;
			sourceTree = "<group>";
		};
		ACA8132DD5C0DCC60160BCEF /* Sources */ = {
			isa = PBXGroup;
			children = (
				4D81CA67BA256FB8854CFF01 /* API */,
				6D7C527D686596B9005238E4 /* DTO */,
			);
			path = Sources;
			sourceTree = "<group>";
		};
		B0DEA4CF578B23933C822615 /* Sources */ = {
			isa = PBXGroup;
			children = (
				CAB69124F78F3B212F901A10 /* CoreNetworkInterfaceSample.swift */,
			);
			path = Sources;
			sourceTree = "<group>";
		};
		B4A7F89E0A908CE9B6E9354D /* Base */ = {
			isa = PBXGroup;
			children = (
				1176EBA3BA67708B1463F0A4 /* APIManager.swift */,
				92AAFFDAE9D2B977E1061DCA /* APITask.swift */,
				4CFD932C44192DF84B0B61FD /* EndPoint.swift */,
			);
			path = Base;
			sourceTree = "<group>";
		};
		BF7DDC98C59D2F754522F5C9 = {
			isa = PBXGroup;
			children = (
				D1B402EEF621CD0137309B3D /* Project */,
				642DA93F0D05A59993B8DF63 /* Products */,
			);
			sourceTree = "<group>";
		};
		D1B402EEF621CD0137309B3D /* Project */ = {
			isa = PBXGroup;
			children = (
				7224ED284111817792333782 /* Interface */,
				ACA8132DD5C0DCC60160BCEF /* Sources */,
			);
			name = Project;
			sourceTree = "<group>";
		};
		D63B3DC47EA611E2DB2D40DA /* Auth */ = {
			isa = PBXGroup;
			children = (
				F4F33E01569E098156037256 /* AuthManager.swift */,
			);
			path = Auth;
			sourceTree = "<group>";
		};
/* End PBXGroup section */

/* Begin PBXNativeTarget section */
		7B612E9DE8A3F66949386851 /* CoreNetworkInterface */ = {
			isa = PBXNativeTarget;
			buildConfigurationList = 07F98E05C9C4F1AA7B4E3C1B /* Build configuration list for PBXNativeTarget "CoreNetworkInterface" */;
			buildPhases = (
				D2B60E224CACBCD8C41C29D5 /* Sources */,
				D23D648CA65AD8A1FBAF1BEC /* Resources */,
				6DCB1D8B44D642BC776A6617 /* Embed Frameworks */,
				35EFBE076CB48AFC3AC8F8A0 /* Frameworks */,
				2C7F7D0539CEA60A1D39061E /* Dependencies */,
			);
			buildRules = (
			);
			dependencies = (
			);
			name = CoreNetworkInterface;
			productName = CoreNetworkInterface;
			productReference = 83ED0F4F2A244F231A58364C /* libCoreNetworkInterface.a */;
			productType = "com.apple.product-type.library.static";
		};
		EE63AD00EF7A9B8C90FB26E7 /* CoreNetwork */ = {
			isa = PBXNativeTarget;
			buildConfigurationList = 3B9DF099817DA6F3210F93BC /* Build configuration list for PBXNativeTarget "CoreNetwork" */;
			buildPhases = (
				391167910DC926441B2E0AC1 /* Sources */,
				CCE9B94EA02E128720AD8070 /* Resources */,
				891249A4E9A9029344DA385D /* Embed Frameworks */,
				3CAEE80C14661B02EF70FBA2 /* Frameworks */,
				B49A8E40DB2C10637AEABA52 /* Dependencies */,
			);
			buildRules = (
			);
			dependencies = (
				D0D08E8C73375C3D19E70EF9 /* PBXTargetDependency */,
			);
			name = CoreNetwork;
			productName = CoreNetwork;
			productReference = 866DB30D8A552341BF3D1371 /* libCoreNetwork.a */;
			productType = "com.apple.product-type.library.static";
		};
/* End PBXNativeTarget section */

/* Begin PBXProject section */
		691C8819DDA33B5FC519C434 /* Project object */ = {
			isa = PBXProject;
			attributes = {
				BuildIndependentTargetsInParallel = YES;
				TargetAttributes = {
				};
			};
			buildConfigurationList = 15D58D6A0F68081606FA7B55 /* Build configuration list for PBXProject "CoreNetwork" */;
			compatibilityVersion = "Xcode 14.0";
			developmentRegion = en;
			hasScannedForEncodings = 0;
			knownRegions = (
				Base,
				en,
			);
			mainGroup = BF7DDC98C59D2F754522F5C9;
			productRefGroup = 642DA93F0D05A59993B8DF63 /* Products */;
			projectDirPath = "";
			projectRoot = "";
			targets = (
				EE63AD00EF7A9B8C90FB26E7 /* CoreNetwork */,
				7B612E9DE8A3F66949386851 /* CoreNetworkInterface */,
			);
		};
/* End PBXProject section */

/* Begin PBXResourcesBuildPhase section */
		CCE9B94EA02E128720AD8070 /* Resources */ = {
			isa = PBXResourcesBuildPhase;
			buildActionMask = 2147483647;
			files = (
			);
			runOnlyForDeploymentPostprocessing = 0;
		};
		D23D648CA65AD8A1FBAF1BEC /* Resources */ = {
			isa = PBXResourcesBuildPhase;
			buildActionMask = 2147483647;
			files = (
			);
			runOnlyForDeploymentPostprocessing = 0;
		};
/* End PBXResourcesBuildPhase section */

/* Begin PBXSourcesBuildPhase section */
		391167910DC926441B2E0AC1 /* Sources */ = {
			isa = PBXSourcesBuildPhase;
			buildActionMask = 2147483647;
			files = (
				C266BCCF4634B7455E0DEFD2 /* AuthManager.swift in Sources */,
				9EB04DCC583247307DC8C292 /* APIManager.swift in Sources */,
				3085C1AED14B31FAEF6F0DF9 /* APITask.swift in Sources */,
				E3BF30F23B011E50BAF583C4 /* EndPoint.swift in Sources */,
				748B31E670B7F422820831B4 /* AuthEndPoint.swift in Sources */,
				9CEA191E42D9BD8B66655416 /* CategoryEndPoint.swift in Sources */,
				6A874C6F2B16CB715818FFF4 /* DiaryEndPoint.swift in Sources */,
				CA726101AC72346E7D175B6E /* MoimDiaryEndPoint.swift in Sources */,
				A84AFFB1BA3063E4A2CA4507 /* MoimEndPoint.swift in Sources */,
				4BA89728242EC4CBFDDABC63 /* PlaceEndPoint.swift in Sources */,
				907B6A8D6280AC836A69F5B5 /* ScheduleEndPoint.swift in Sources */,
				337BA6B009611D68006F9796 /* TermEndPoint.swift in Sources */,
				F72A7C146AEF5E5C1EF310FE /* AuthDTO.swift in Sources */,
				8839EA5E3844F961F595D095 /* BaseResponse.swift in Sources */,
				0C8B2C0AE1F278BA2C0182A1 /* CategoryDTO.swift in Sources */,
				5CDCB0755C90B64634F2DD15 /* DiaryDTO.swift in Sources */,
				A2519206C5586292D15FCD47 /* EmptyResponse.swift in Sources */,
				7DACFA72D24E0FB7C56AAF5C /* KakaoMapDTO.swift in Sources */,
				183E7408A226F604D89C2FCA /* MoimDTO.swift in Sources */,
				3B024A625A7D4862FFFD551D /* MoimDiaryDTO.swift in Sources */,
				7320666451A4288DFEF86BDF /* ScheduleDTO.swift in Sources */,
				2E7F8633CFE6BB88137D4504 /* TermDTO.swift in Sources */,
			);
			runOnlyForDeploymentPostprocessing = 0;
		};
		D2B60E224CACBCD8C41C29D5 /* Sources */ = {
			isa = PBXSourcesBuildPhase;
			buildActionMask = 2147483647;
			files = (
				FC8007C7B50ADC61AB33CA35 /* CoreNetworkInterfaceSample.swift in Sources */,
			);
			runOnlyForDeploymentPostprocessing = 0;
		};
/* End PBXSourcesBuildPhase section */

/* Begin PBXTargetDependency section */
		D0D08E8C73375C3D19E70EF9 /* PBXTargetDependency */ = {
			isa = PBXTargetDependency;
			name = CoreNetworkInterface;
			target = 7B612E9DE8A3F66949386851 /* CoreNetworkInterface */;
			targetProxy = 31FB6F982C3B19BDAE8C74AC /* PBXContainerItemProxy */;
		};
/* End PBXTargetDependency section */

/* Begin XCBuildConfiguration section */
		07FE230BF807CCFA26F8FC22 /* Release */ = {
			isa = XCBuildConfiguration;
			buildSettings = {
				ALWAYS_SEARCH_USER_PATHS = NO;
				CLANG_ANALYZER_LOCALIZABILITY_NONLOCALIZED = YES;
				CLANG_ANALYZER_NONNULL = YES;
				CLANG_ANALYZER_NUMBER_OBJECT_CONVERSION = YES_AGGRESSIVE;
				CLANG_CXX_LANGUAGE_STANDARD = "gnu++14";
				CLANG_CXX_LIBRARY = "libc++";
				CLANG_ENABLE_MODULES = YES;
				CLANG_ENABLE_OBJC_ARC = YES;
				CLANG_ENABLE_OBJC_WEAK = YES;
				CLANG_WARN_BLOCK_CAPTURE_AUTORELEASING = YES;
				CLANG_WARN_BOOL_CONVERSION = YES;
				CLANG_WARN_COMMA = YES;
				CLANG_WARN_CONSTANT_CONVERSION = YES;
				CLANG_WARN_DEPRECATED_OBJC_IMPLEMENTATIONS = YES;
				CLANG_WARN_DIRECT_OBJC_ISA_USAGE = YES_ERROR;
				CLANG_WARN_DOCUMENTATION_COMMENTS = YES;
				CLANG_WARN_EMPTY_BODY = YES;
				CLANG_WARN_ENUM_CONVERSION = YES;
				CLANG_WARN_INFINITE_RECURSION = YES;
				CLANG_WARN_INT_CONVERSION = YES;
				CLANG_WARN_NON_LITERAL_NULL_CONVERSION = YES;
				CLANG_WARN_OBJC_IMPLICIT_RETAIN_SELF = YES;
				CLANG_WARN_OBJC_LITERAL_CONVERSION = YES;
				CLANG_WARN_OBJC_ROOT_CLASS = YES_ERROR;
				CLANG_WARN_QUOTED_INCLUDE_IN_FRAMEWORK_HEADER = YES;
				CLANG_WARN_RANGE_LOOP_ANALYSIS = YES;
				CLANG_WARN_STRICT_PROTOTYPES = YES;
				CLANG_WARN_SUSPICIOUS_MOVE = YES;
				CLANG_WARN_UNGUARDED_AVAILABILITY = YES_AGGRESSIVE;
				CLANG_WARN_UNREACHABLE_CODE = YES;
				CLANG_WARN__DUPLICATE_METHOD_MATCH = YES;
				COPY_PHASE_STRIP = NO;
				DEAD_CODE_STRIPPING = YES;
				DEBUG_INFORMATION_FORMAT = "dwarf-with-dsym";
				ENABLE_NS_ASSERTIONS = NO;
				ENABLE_STRICT_OBJC_MSGSEND = YES;
				GCC_C_LANGUAGE_STANDARD = gnu11;
				GCC_NO_COMMON_BLOCKS = YES;
				GCC_WARN_64_TO_32_BIT_CONVERSION = YES;
				GCC_WARN_ABOUT_RETURN_TYPE = YES_ERROR;
				GCC_WARN_UNDECLARED_SELECTOR = YES;
				GCC_WARN_UNINITIALIZED_AUTOS = YES_AGGRESSIVE;
				GCC_WARN_UNUSED_FUNCTION = YES;
				GCC_WARN_UNUSED_VARIABLE = YES;
				MTL_ENABLE_DEBUG_INFO = NO;
				PRODUCT_NAME = "$(TARGET_NAME)";
				VALIDATE_PRODUCT = YES;
			};
			name = Release;
		};
		3EA9D97BDEF4C86D4C7734AA /* Release */ = {
			isa = XCBuildConfiguration;
			buildSettings = {
				CODE_SIGN_IDENTITY = "iPhone Developer";
				HEADER_SEARCH_PATHS = (
					"$(inherited)",
					"$(inherited)",
					"$(SRCROOT)/../../../Tuist/.build/checkouts/GoogleAppMeasurement/GoogleAppMeasurementWrapper/include",
					"$(SRCROOT)/../../../Tuist/.build/checkouts/GoogleDataTransport",
					"$(SRCROOT)/../../../Tuist/.build/checkouts/GoogleDataTransport/GoogleDataTransport/GDTCORLibrary/Public",
					"$(SRCROOT)/../../../Tuist/.build/checkouts/GoogleUtilities",
					"$(SRCROOT)/../../../Tuist/.build/checkouts/GoogleUtilities/GoogleUtilities/AppDelegateSwizzler/Public",
					"$(SRCROOT)/../../../Tuist/.build/checkouts/GoogleUtilities/GoogleUtilities/Environment/Public",
					"$(SRCROOT)/../../../Tuist/.build/checkouts/GoogleUtilities/GoogleUtilities/Logger/Public",
					"$(SRCROOT)/../../../Tuist/.build/checkouts/GoogleUtilities/GoogleUtilities/MethodSwizzler/Public",
					"$(SRCROOT)/../../../Tuist/.build/checkouts/GoogleUtilities/GoogleUtilities/NSData+zlib/Public",
					"$(SRCROOT)/../../../Tuist/.build/checkouts/GoogleUtilities/GoogleUtilities/Network/Public",
					"$(SRCROOT)/../../../Tuist/.build/checkouts/GoogleUtilities/GoogleUtilities/Reachability/Public",
					"$(SRCROOT)/../../../Tuist/.build/checkouts/GoogleUtilities/GoogleUtilities/UserDefaults/Public",
					"$(SRCROOT)/../../../Tuist/.build/checkouts/GoogleUtilities/third_party/IsAppEncrypted/Public",
					"$(SRCROOT)/../../../Tuist/.build/checkouts/firebase-ios-sdk",
					"$(SRCROOT)/../../../Tuist/.build/checkouts/firebase-ios-sdk/CoreOnly/Sources",
					"$(SRCROOT)/../../../Tuist/.build/checkouts/firebase-ios-sdk/Crashlytics/Crashlytics/Public",
					"$(SRCROOT)/../../../Tuist/.build/checkouts/firebase-ios-sdk/FirebaseABTesting/Sources/Public",
					"$(SRCROOT)/../../../Tuist/.build/checkouts/firebase-ios-sdk/FirebaseAnalyticsWrapper/include",
					"$(SRCROOT)/../../../Tuist/.build/checkouts/firebase-ios-sdk/FirebaseAppCheck/Interop/Public",
					"$(SRCROOT)/../../../Tuist/.build/checkouts/firebase-ios-sdk/FirebaseCore/Extension",
					"$(SRCROOT)/../../../Tuist/.build/checkouts/firebase-ios-sdk/FirebaseCore/Sources/Public",
					"$(SRCROOT)/../../../Tuist/.build/checkouts/firebase-ios-sdk/FirebaseDatabase/Sources/Public",
					"$(SRCROOT)/../../../Tuist/.build/checkouts/firebase-ios-sdk/FirebaseDynamicLinks/Sources/Public",
					"$(SRCROOT)/../../../Tuist/.build/checkouts/firebase-ios-sdk/FirebaseInstallations/Source/Library/Public",
					"$(SRCROOT)/../../../Tuist/.build/checkouts/firebase-ios-sdk/FirebaseMessaging/Sources/Public",
					"$(SRCROOT)/../../../Tuist/.build/checkouts/firebase-ios-sdk/FirebasePerformance/Sources/Public",
					"$(SRCROOT)/../../../Tuist/.build/checkouts/firebase-ios-sdk/FirebaseRemoteConfig/Sources/Public",
					"$(SRCROOT)/../../../Tuist/.build/checkouts/firebase-ios-sdk/FirebaseSessions",
					"$(SRCROOT)/../../../Tuist/.build/checkouts/firebase-ios-sdk/FirebaseSessions/SourcesObjC",
					"$(SRCROOT)/../../../Tuist/.build/checkouts/firebase-ios-sdk/SwiftPM-PlatformExclude/FirebaseAnalyticsWrap/include",
					"$(SRCROOT)/../../../Tuist/.build/checkouts/firebase-ios-sdk/SwiftPM-PlatformExclude/FirebaseDynamicLinksWrap/include",
					"$(SRCROOT)/../../../Tuist/.build/checkouts/firebase-ios-sdk/SwiftPM-PlatformExclude/FirebasePerformanceWrap/include",
					"$(SRCROOT)/../../../Tuist/.build/checkouts/leveldb",
					"$(SRCROOT)/../../../Tuist/.build/checkouts/leveldb/include",
					"$(SRCROOT)/../../../Tuist/.build/checkouts/nanopb/spm_headers",
					"$(SRCROOT)/../../../Tuist/.build/checkouts/promises/Sources/FBLPromises/include",
					"$(SRCROOT)/../../../Tuist/.build/checkouts/swift-navigation/Sources/UIKitNavigationShim/include",
					"$(SRCROOT)/../../../Tuist/.build/checkouts/swift-syntax/Sources/_SwiftSyntaxCShims/include",
				);
				IPHONEOS_DEPLOYMENT_TARGET = 16.0;
				OTHER_CFLAGS = (
					"$(inherited)",
					"-fmodule-map-file=$(SRCROOT)/../../../Tuist/.build/checkouts/firebase-ios-sdk/CoreOnly/Sources/module.modulemap",
					"-fmodule-map-file=$(SRCROOT)/../../../Tuist/.build/checkouts/promises/Sources/FBLPromises/include/module.modulemap",
					"-fmodule-map-file=$(SRCROOT)/../../../Tuist/.build/checkouts/swift-syntax/Sources/_SwiftSyntaxCShims/include/module.modulemap",
					"-fmodule-map-file=$(SRCROOT)/../../../Tuist/.build/tuist-derived/FirebaseABTesting/FirebaseABTesting.modulemap",
					"-fmodule-map-file=$(SRCROOT)/../../../Tuist/.build/tuist-derived/FirebaseAnalyticsTarget/FirebaseAnalyticsTarget.modulemap",
					"-fmodule-map-file=$(SRCROOT)/../../../Tuist/.build/tuist-derived/FirebaseAnalyticsWrapper/FirebaseAnalyticsWrapper.modulemap",
					"-fmodule-map-file=$(SRCROOT)/../../../Tuist/.build/tuist-derived/FirebaseAppCheckInterop/FirebaseAppCheckInterop.modulemap",
					"-fmodule-map-file=$(SRCROOT)/../../../Tuist/.build/tuist-derived/FirebaseCore/FirebaseCore.modulemap",
					"-fmodule-map-file=$(SRCROOT)/../../../Tuist/.build/tuist-derived/FirebaseCoreExtension/FirebaseCoreExtension.modulemap",
					"-fmodule-map-file=$(SRCROOT)/../../../Tuist/.build/tuist-derived/FirebaseCrashlytics/FirebaseCrashlytics.modulemap",
					"-fmodule-map-file=$(SRCROOT)/../../../Tuist/.build/tuist-derived/FirebaseDatabaseInternal/FirebaseDatabaseInternal.modulemap",
					"-fmodule-map-file=$(SRCROOT)/../../../Tuist/.build/tuist-derived/FirebaseDynamicLinks/FirebaseDynamicLinks.modulemap",
					"-fmodule-map-file=$(SRCROOT)/../../../Tuist/.build/tuist-derived/FirebaseDynamicLinksTarget/FirebaseDynamicLinksTarget.modulemap",
					"-fmodule-map-file=$(SRCROOT)/../../../Tuist/.build/tuist-derived/FirebaseInstallations/FirebaseInstallations.modulemap",
					"-fmodule-map-file=$(SRCROOT)/../../../Tuist/.build/tuist-derived/FirebaseMessaging/FirebaseMessaging.modulemap",
					"-fmodule-map-file=$(SRCROOT)/../../../Tuist/.build/tuist-derived/FirebasePerformance/FirebasePerformance.modulemap",
					"-fmodule-map-file=$(SRCROOT)/../../../Tuist/.build/tuist-derived/FirebasePerformanceTarget/FirebasePerformanceTarget.modulemap",
					"-fmodule-map-file=$(SRCROOT)/../../../Tuist/.build/tuist-derived/FirebaseRemoteConfigInternal/FirebaseRemoteConfigInternal.modulemap",
					"-fmodule-map-file=$(SRCROOT)/../../../Tuist/.build/tuist-derived/FirebaseSessionsObjC/FirebaseSessionsObjC.modulemap",
					"-fmodule-map-file=$(SRCROOT)/../../../Tuist/.build/tuist-derived/GoogleAppMeasurementTarget/GoogleAppMeasurementTarget.modulemap",
					"-fmodule-map-file=$(SRCROOT)/../../../Tuist/.build/tuist-derived/GoogleDataTransport/GoogleDataTransport.modulemap",
					"-fmodule-map-file=$(SRCROOT)/../../../Tuist/.build/tuist-derived/GoogleUtilities_AppDelegateSwizzler/GoogleUtilities_AppDelegateSwizzler.modulemap",
					"-fmodule-map-file=$(SRCROOT)/../../../Tuist/.build/tuist-derived/GoogleUtilities_Environment/GoogleUtilities_Environment.modulemap",
					"-fmodule-map-file=$(SRCROOT)/../../../Tuist/.build/tuist-derived/GoogleUtilities_Logger/GoogleUtilities_Logger.modulemap",
					"-fmodule-map-file=$(SRCROOT)/../../../Tuist/.build/tuist-derived/GoogleUtilities_MethodSwizzler/GoogleUtilities_MethodSwizzler.modulemap",
					"-fmodule-map-file=$(SRCROOT)/../../../Tuist/.build/tuist-derived/GoogleUtilities_NSData/GoogleUtilities_NSData.modulemap",
					"-fmodule-map-file=$(SRCROOT)/../../../Tuist/.build/tuist-derived/GoogleUtilities_Network/GoogleUtilities_Network.modulemap",
					"-fmodule-map-file=$(SRCROOT)/../../../Tuist/.build/tuist-derived/GoogleUtilities_Reachability/GoogleUtilities_Reachability.modulemap",
					"-fmodule-map-file=$(SRCROOT)/../../../Tuist/.build/tuist-derived/GoogleUtilities_UserDefaults/GoogleUtilities_UserDefaults.modulemap",
					"-fmodule-map-file=$(SRCROOT)/../../../Tuist/.build/tuist-derived/UIKitNavigationShim/UIKitNavigationShim.modulemap",
					"-fmodule-map-file=$(SRCROOT)/../../../Tuist/.build/tuist-derived/leveldb/leveldb.modulemap",
					"-fmodule-map-file=$(SRCROOT)/../../../Tuist/.build/tuist-derived/nanopb/nanopb.modulemap",
					"-fmodule-map-file=$(SRCROOT)/../../../Tuist/.build/tuist-derived/third_party_IsAppEncrypted/third_party_IsAppEncrypted.modulemap",
				);
				OTHER_LDFLAGS = "-ObjC";
				OTHER_SWIFT_FLAGS = (
					"$(inherited)",
					"-Xcc",
					"-fmodule-map-file=$(SRCROOT)/../../../Tuist/.build/checkouts/firebase-ios-sdk/CoreOnly/Sources/module.modulemap",
					"-Xcc",
					"-fmodule-map-file=$(SRCROOT)/../../../Tuist/.build/checkouts/promises/Sources/FBLPromises/include/module.modulemap",
					"-Xcc",
					"-fmodule-map-file=$(SRCROOT)/../../../Tuist/.build/checkouts/swift-syntax/Sources/_SwiftSyntaxCShims/include/module.modulemap",
					"-Xcc",
					"-fmodule-map-file=$(SRCROOT)/../../../Tuist/.build/tuist-derived/FirebaseABTesting/FirebaseABTesting.modulemap",
					"-Xcc",
					"-fmodule-map-file=$(SRCROOT)/../../../Tuist/.build/tuist-derived/FirebaseAnalyticsTarget/FirebaseAnalyticsTarget.modulemap",
					"-Xcc",
					"-fmodule-map-file=$(SRCROOT)/../../../Tuist/.build/tuist-derived/FirebaseAnalyticsWrapper/FirebaseAnalyticsWrapper.modulemap",
					"-Xcc",
					"-fmodule-map-file=$(SRCROOT)/../../../Tuist/.build/tuist-derived/FirebaseAppCheckInterop/FirebaseAppCheckInterop.modulemap",
					"-Xcc",
					"-fmodule-map-file=$(SRCROOT)/../../../Tuist/.build/tuist-derived/FirebaseCore/FirebaseCore.modulemap",
					"-Xcc",
					"-fmodule-map-file=$(SRCROOT)/../../../Tuist/.build/tuist-derived/FirebaseCoreExtension/FirebaseCoreExtension.modulemap",
					"-Xcc",
					"-fmodule-map-file=$(SRCROOT)/../../../Tuist/.build/tuist-derived/FirebaseCrashlytics/FirebaseCrashlytics.modulemap",
					"-Xcc",
					"-fmodule-map-file=$(SRCROOT)/../../../Tuist/.build/tuist-derived/FirebaseDatabaseInternal/FirebaseDatabaseInternal.modulemap",
					"-Xcc",
					"-fmodule-map-file=$(SRCROOT)/../../../Tuist/.build/tuist-derived/FirebaseDynamicLinks/FirebaseDynamicLinks.modulemap",
					"-Xcc",
					"-fmodule-map-file=$(SRCROOT)/../../../Tuist/.build/tuist-derived/FirebaseDynamicLinksTarget/FirebaseDynamicLinksTarget.modulemap",
					"-Xcc",
					"-fmodule-map-file=$(SRCROOT)/../../../Tuist/.build/tuist-derived/FirebaseInstallations/FirebaseInstallations.modulemap",
					"-Xcc",
					"-fmodule-map-file=$(SRCROOT)/../../../Tuist/.build/tuist-derived/FirebaseMessaging/FirebaseMessaging.modulemap",
					"-Xcc",
					"-fmodule-map-file=$(SRCROOT)/../../../Tuist/.build/tuist-derived/FirebasePerformance/FirebasePerformance.modulemap",
					"-Xcc",
					"-fmodule-map-file=$(SRCROOT)/../../../Tuist/.build/tuist-derived/FirebasePerformanceTarget/FirebasePerformanceTarget.modulemap",
					"-Xcc",
					"-fmodule-map-file=$(SRCROOT)/../../../Tuist/.build/tuist-derived/FirebaseRemoteConfigInternal/FirebaseRemoteConfigInternal.modulemap",
					"-Xcc",
					"-fmodule-map-file=$(SRCROOT)/../../../Tuist/.build/tuist-derived/FirebaseSessionsObjC/FirebaseSessionsObjC.modulemap",
					"-Xcc",
					"-fmodule-map-file=$(SRCROOT)/../../../Tuist/.build/tuist-derived/GoogleAppMeasurementTarget/GoogleAppMeasurementTarget.modulemap",
					"-Xcc",
					"-fmodule-map-file=$(SRCROOT)/../../../Tuist/.build/tuist-derived/GoogleDataTransport/GoogleDataTransport.modulemap",
					"-Xcc",
					"-fmodule-map-file=$(SRCROOT)/../../../Tuist/.build/tuist-derived/GoogleUtilities_AppDelegateSwizzler/GoogleUtilities_AppDelegateSwizzler.modulemap",
					"-Xcc",
					"-fmodule-map-file=$(SRCROOT)/../../../Tuist/.build/tuist-derived/GoogleUtilities_Environment/GoogleUtilities_Environment.modulemap",
					"-Xcc",
					"-fmodule-map-file=$(SRCROOT)/../../../Tuist/.build/tuist-derived/GoogleUtilities_Logger/GoogleUtilities_Logger.modulemap",
					"-Xcc",
					"-fmodule-map-file=$(SRCROOT)/../../../Tuist/.build/tuist-derived/GoogleUtilities_MethodSwizzler/GoogleUtilities_MethodSwizzler.modulemap",
					"-Xcc",
					"-fmodule-map-file=$(SRCROOT)/../../../Tuist/.build/tuist-derived/GoogleUtilities_NSData/GoogleUtilities_NSData.modulemap",
					"-Xcc",
					"-fmodule-map-file=$(SRCROOT)/../../../Tuist/.build/tuist-derived/GoogleUtilities_Network/GoogleUtilities_Network.modulemap",
					"-Xcc",
					"-fmodule-map-file=$(SRCROOT)/../../../Tuist/.build/tuist-derived/GoogleUtilities_Reachability/GoogleUtilities_Reachability.modulemap",
					"-Xcc",
					"-fmodule-map-file=$(SRCROOT)/../../../Tuist/.build/tuist-derived/GoogleUtilities_UserDefaults/GoogleUtilities_UserDefaults.modulemap",
					"-Xcc",
					"-fmodule-map-file=$(SRCROOT)/../../../Tuist/.build/tuist-derived/UIKitNavigationShim/UIKitNavigationShim.modulemap",
					"-Xcc",
					"-fmodule-map-file=$(SRCROOT)/../../../Tuist/.build/tuist-derived/leveldb/leveldb.modulemap",
					"-Xcc",
					"-fmodule-map-file=$(SRCROOT)/../../../Tuist/.build/tuist-derived/nanopb/nanopb.modulemap",
					"-Xcc",
					"-fmodule-map-file=$(SRCROOT)/../../../Tuist/.build/tuist-derived/third_party_IsAppEncrypted/third_party_IsAppEncrypted.modulemap",
					"-load-plugin-executable",
					"$BUILD_DIR/Debug$EFFECTIVE_PLATFORM_NAME/CasePathsMacros#CasePathsMacros",
					"-load-plugin-executable",
					"$BUILD_DIR/Debug$EFFECTIVE_PLATFORM_NAME/PerceptionMacros#PerceptionMacros",
					"-load-plugin-executable",
					"$BUILD_DIR/Debug$EFFECTIVE_PLATFORM_NAME/DependenciesMacrosPlugin#DependenciesMacrosPlugin",
					"-load-plugin-executable",
					"$BUILD_DIR/Debug$EFFECTIVE_PLATFORM_NAME/ComposableArchitectureMacros#ComposableArchitectureMacros",
				);
				PRODUCT_BUNDLE_IDENTIFIER = com.mongmong.namo.CoreNetworkInterface;
				PRODUCT_NAME = CoreNetworkInterface;
				SDKROOT = iphoneos;
				SKIP_INSTALL = YES;
				SUPPORTS_MACCATALYST = NO;
				SUPPORTS_MAC_DESIGNED_FOR_IPHONE_IPAD = NO;
				SUPPORTS_XR_DESIGNED_FOR_IPHONE_IPAD = NO;
				SWIFT_COMPILATION_MODE = wholemodule;
				SWIFT_OPTIMIZATION_LEVEL = "-Owholemodule";
				SWIFT_VERSION = 5.0;
				TARGETED_DEVICE_FAMILY = 1;
			};
			name = Release;
		};
		4594EEE68C754A7A5B53BA79 /* Debug */ = {
			isa = XCBuildConfiguration;
			buildSettings = {
				ALWAYS_SEARCH_USER_PATHS = NO;
				CLANG_ANALYZER_LOCALIZABILITY_NONLOCALIZED = YES;
				CLANG_ANALYZER_NONNULL = YES;
				CLANG_ANALYZER_NUMBER_OBJECT_CONVERSION = YES_AGGRESSIVE;
				CLANG_CXX_LANGUAGE_STANDARD = "gnu++14";
				CLANG_CXX_LIBRARY = "libc++";
				CLANG_ENABLE_MODULES = YES;
				CLANG_ENABLE_OBJC_ARC = YES;
				CLANG_ENABLE_OBJC_WEAK = YES;
				CLANG_WARN_BLOCK_CAPTURE_AUTORELEASING = YES;
				CLANG_WARN_BOOL_CONVERSION = YES;
				CLANG_WARN_COMMA = YES;
				CLANG_WARN_CONSTANT_CONVERSION = YES;
				CLANG_WARN_DEPRECATED_OBJC_IMPLEMENTATIONS = YES;
				CLANG_WARN_DIRECT_OBJC_ISA_USAGE = YES_ERROR;
				CLANG_WARN_DOCUMENTATION_COMMENTS = YES;
				CLANG_WARN_EMPTY_BODY = YES;
				CLANG_WARN_ENUM_CONVERSION = YES;
				CLANG_WARN_INFINITE_RECURSION = YES;
				CLANG_WARN_INT_CONVERSION = YES;
				CLANG_WARN_NON_LITERAL_NULL_CONVERSION = YES;
				CLANG_WARN_OBJC_IMPLICIT_RETAIN_SELF = YES;
				CLANG_WARN_OBJC_LITERAL_CONVERSION = YES;
				CLANG_WARN_OBJC_ROOT_CLASS = YES_ERROR;
				CLANG_WARN_QUOTED_INCLUDE_IN_FRAMEWORK_HEADER = YES;
				CLANG_WARN_RANGE_LOOP_ANALYSIS = YES;
				CLANG_WARN_STRICT_PROTOTYPES = YES;
				CLANG_WARN_SUSPICIOUS_MOVE = YES;
				CLANG_WARN_UNGUARDED_AVAILABILITY = YES_AGGRESSIVE;
				CLANG_WARN_UNREACHABLE_CODE = YES;
				CLANG_WARN__DUPLICATE_METHOD_MATCH = YES;
				COPY_PHASE_STRIP = NO;
				DEAD_CODE_STRIPPING = YES;
				DEBUG_INFORMATION_FORMAT = dwarf;
				ENABLE_STRICT_OBJC_MSGSEND = YES;
				ENABLE_TESTABILITY = YES;
				GCC_C_LANGUAGE_STANDARD = gnu11;
				GCC_DYNAMIC_NO_PIC = NO;
				GCC_NO_COMMON_BLOCKS = YES;
				GCC_OPTIMIZATION_LEVEL = 0;
				GCC_PREPROCESSOR_DEFINITIONS = (
					"DEBUG=1",
					"$(inherited)",
				);
				GCC_WARN_64_TO_32_BIT_CONVERSION = YES;
				GCC_WARN_ABOUT_RETURN_TYPE = YES_ERROR;
				GCC_WARN_UNDECLARED_SELECTOR = YES;
				GCC_WARN_UNINITIALIZED_AUTOS = YES_AGGRESSIVE;
				GCC_WARN_UNUSED_FUNCTION = YES;
				GCC_WARN_UNUSED_VARIABLE = YES;
				MTL_ENABLE_DEBUG_INFO = YES;
				ONLY_ACTIVE_ARCH = YES;
				PRODUCT_NAME = "$(TARGET_NAME)";
			};
			name = Debug;
		};
		6D2B6F8FB9260669F6B7049E /* Release */ = {
			isa = XCBuildConfiguration;
			buildSettings = {
				CODE_SIGN_IDENTITY = "iPhone Developer";
				HEADER_SEARCH_PATHS = (
					"$(inherited)",
					"$(inherited)",
					"$(SRCROOT)/../../../Tuist/.build/checkouts/GoogleAppMeasurement/GoogleAppMeasurementWrapper/include",
					"$(SRCROOT)/../../../Tuist/.build/checkouts/GoogleDataTransport",
					"$(SRCROOT)/../../../Tuist/.build/checkouts/GoogleDataTransport/GoogleDataTransport/GDTCORLibrary/Public",
					"$(SRCROOT)/../../../Tuist/.build/checkouts/GoogleUtilities",
					"$(SRCROOT)/../../../Tuist/.build/checkouts/GoogleUtilities/GoogleUtilities/AppDelegateSwizzler/Public",
					"$(SRCROOT)/../../../Tuist/.build/checkouts/GoogleUtilities/GoogleUtilities/Environment/Public",
					"$(SRCROOT)/../../../Tuist/.build/checkouts/GoogleUtilities/GoogleUtilities/Logger/Public",
					"$(SRCROOT)/../../../Tuist/.build/checkouts/GoogleUtilities/GoogleUtilities/MethodSwizzler/Public",
					"$(SRCROOT)/../../../Tuist/.build/checkouts/GoogleUtilities/GoogleUtilities/NSData+zlib/Public",
					"$(SRCROOT)/../../../Tuist/.build/checkouts/GoogleUtilities/GoogleUtilities/Network/Public",
					"$(SRCROOT)/../../../Tuist/.build/checkouts/GoogleUtilities/GoogleUtilities/Reachability/Public",
					"$(SRCROOT)/../../../Tuist/.build/checkouts/GoogleUtilities/GoogleUtilities/UserDefaults/Public",
					"$(SRCROOT)/../../../Tuist/.build/checkouts/GoogleUtilities/third_party/IsAppEncrypted/Public",
					"$(SRCROOT)/../../../Tuist/.build/checkouts/firebase-ios-sdk",
					"$(SRCROOT)/../../../Tuist/.build/checkouts/firebase-ios-sdk/CoreOnly/Sources",
					"$(SRCROOT)/../../../Tuist/.build/checkouts/firebase-ios-sdk/Crashlytics/Crashlytics/Public",
					"$(SRCROOT)/../../../Tuist/.build/checkouts/firebase-ios-sdk/FirebaseABTesting/Sources/Public",
					"$(SRCROOT)/../../../Tuist/.build/checkouts/firebase-ios-sdk/FirebaseAnalyticsWrapper/include",
					"$(SRCROOT)/../../../Tuist/.build/checkouts/firebase-ios-sdk/FirebaseAppCheck/Interop/Public",
					"$(SRCROOT)/../../../Tuist/.build/checkouts/firebase-ios-sdk/FirebaseCore/Extension",
					"$(SRCROOT)/../../../Tuist/.build/checkouts/firebase-ios-sdk/FirebaseCore/Sources/Public",
					"$(SRCROOT)/../../../Tuist/.build/checkouts/firebase-ios-sdk/FirebaseDatabase/Sources/Public",
					"$(SRCROOT)/../../../Tuist/.build/checkouts/firebase-ios-sdk/FirebaseDynamicLinks/Sources/Public",
					"$(SRCROOT)/../../../Tuist/.build/checkouts/firebase-ios-sdk/FirebaseInstallations/Source/Library/Public",
					"$(SRCROOT)/../../../Tuist/.build/checkouts/firebase-ios-sdk/FirebaseMessaging/Sources/Public",
					"$(SRCROOT)/../../../Tuist/.build/checkouts/firebase-ios-sdk/FirebasePerformance/Sources/Public",
					"$(SRCROOT)/../../../Tuist/.build/checkouts/firebase-ios-sdk/FirebaseRemoteConfig/Sources/Public",
					"$(SRCROOT)/../../../Tuist/.build/checkouts/firebase-ios-sdk/FirebaseSessions",
					"$(SRCROOT)/../../../Tuist/.build/checkouts/firebase-ios-sdk/FirebaseSessions/SourcesObjC",
					"$(SRCROOT)/../../../Tuist/.build/checkouts/firebase-ios-sdk/SwiftPM-PlatformExclude/FirebaseAnalyticsWrap/include",
					"$(SRCROOT)/../../../Tuist/.build/checkouts/firebase-ios-sdk/SwiftPM-PlatformExclude/FirebaseDynamicLinksWrap/include",
					"$(SRCROOT)/../../../Tuist/.build/checkouts/firebase-ios-sdk/SwiftPM-PlatformExclude/FirebasePerformanceWrap/include",
					"$(SRCROOT)/../../../Tuist/.build/checkouts/leveldb",
					"$(SRCROOT)/../../../Tuist/.build/checkouts/leveldb/include",
					"$(SRCROOT)/../../../Tuist/.build/checkouts/nanopb/spm_headers",
					"$(SRCROOT)/../../../Tuist/.build/checkouts/promises/Sources/FBLPromises/include",
					"$(SRCROOT)/../../../Tuist/.build/checkouts/swift-navigation/Sources/UIKitNavigationShim/include",
					"$(SRCROOT)/../../../Tuist/.build/checkouts/swift-syntax/Sources/_SwiftSyntaxCShims/include",
				);
				IPHONEOS_DEPLOYMENT_TARGET = 16.0;
				OTHER_CFLAGS = (
					"$(inherited)",
					"-fmodule-map-file=$(SRCROOT)/../../../Tuist/.build/checkouts/firebase-ios-sdk/CoreOnly/Sources/module.modulemap",
					"-fmodule-map-file=$(SRCROOT)/../../../Tuist/.build/checkouts/promises/Sources/FBLPromises/include/module.modulemap",
					"-fmodule-map-file=$(SRCROOT)/../../../Tuist/.build/checkouts/swift-syntax/Sources/_SwiftSyntaxCShims/include/module.modulemap",
					"-fmodule-map-file=$(SRCROOT)/../../../Tuist/.build/tuist-derived/FirebaseABTesting/FirebaseABTesting.modulemap",
					"-fmodule-map-file=$(SRCROOT)/../../../Tuist/.build/tuist-derived/FirebaseAnalyticsTarget/FirebaseAnalyticsTarget.modulemap",
					"-fmodule-map-file=$(SRCROOT)/../../../Tuist/.build/tuist-derived/FirebaseAnalyticsWrapper/FirebaseAnalyticsWrapper.modulemap",
					"-fmodule-map-file=$(SRCROOT)/../../../Tuist/.build/tuist-derived/FirebaseAppCheckInterop/FirebaseAppCheckInterop.modulemap",
					"-fmodule-map-file=$(SRCROOT)/../../../Tuist/.build/tuist-derived/FirebaseCore/FirebaseCore.modulemap",
					"-fmodule-map-file=$(SRCROOT)/../../../Tuist/.build/tuist-derived/FirebaseCoreExtension/FirebaseCoreExtension.modulemap",
					"-fmodule-map-file=$(SRCROOT)/../../../Tuist/.build/tuist-derived/FirebaseCrashlytics/FirebaseCrashlytics.modulemap",
					"-fmodule-map-file=$(SRCROOT)/../../../Tuist/.build/tuist-derived/FirebaseDatabaseInternal/FirebaseDatabaseInternal.modulemap",
					"-fmodule-map-file=$(SRCROOT)/../../../Tuist/.build/tuist-derived/FirebaseDynamicLinks/FirebaseDynamicLinks.modulemap",
					"-fmodule-map-file=$(SRCROOT)/../../../Tuist/.build/tuist-derived/FirebaseDynamicLinksTarget/FirebaseDynamicLinksTarget.modulemap",
					"-fmodule-map-file=$(SRCROOT)/../../../Tuist/.build/tuist-derived/FirebaseInstallations/FirebaseInstallations.modulemap",
					"-fmodule-map-file=$(SRCROOT)/../../../Tuist/.build/tuist-derived/FirebaseMessaging/FirebaseMessaging.modulemap",
					"-fmodule-map-file=$(SRCROOT)/../../../Tuist/.build/tuist-derived/FirebasePerformance/FirebasePerformance.modulemap",
					"-fmodule-map-file=$(SRCROOT)/../../../Tuist/.build/tuist-derived/FirebasePerformanceTarget/FirebasePerformanceTarget.modulemap",
					"-fmodule-map-file=$(SRCROOT)/../../../Tuist/.build/tuist-derived/FirebaseRemoteConfigInternal/FirebaseRemoteConfigInternal.modulemap",
					"-fmodule-map-file=$(SRCROOT)/../../../Tuist/.build/tuist-derived/FirebaseSessionsObjC/FirebaseSessionsObjC.modulemap",
					"-fmodule-map-file=$(SRCROOT)/../../../Tuist/.build/tuist-derived/GoogleAppMeasurementTarget/GoogleAppMeasurementTarget.modulemap",
					"-fmodule-map-file=$(SRCROOT)/../../../Tuist/.build/tuist-derived/GoogleDataTransport/GoogleDataTransport.modulemap",
					"-fmodule-map-file=$(SRCROOT)/../../../Tuist/.build/tuist-derived/GoogleUtilities_AppDelegateSwizzler/GoogleUtilities_AppDelegateSwizzler.modulemap",
					"-fmodule-map-file=$(SRCROOT)/../../../Tuist/.build/tuist-derived/GoogleUtilities_Environment/GoogleUtilities_Environment.modulemap",
					"-fmodule-map-file=$(SRCROOT)/../../../Tuist/.build/tuist-derived/GoogleUtilities_Logger/GoogleUtilities_Logger.modulemap",
					"-fmodule-map-file=$(SRCROOT)/../../../Tuist/.build/tuist-derived/GoogleUtilities_MethodSwizzler/GoogleUtilities_MethodSwizzler.modulemap",
					"-fmodule-map-file=$(SRCROOT)/../../../Tuist/.build/tuist-derived/GoogleUtilities_NSData/GoogleUtilities_NSData.modulemap",
					"-fmodule-map-file=$(SRCROOT)/../../../Tuist/.build/tuist-derived/GoogleUtilities_Network/GoogleUtilities_Network.modulemap",
					"-fmodule-map-file=$(SRCROOT)/../../../Tuist/.build/tuist-derived/GoogleUtilities_Reachability/GoogleUtilities_Reachability.modulemap",
					"-fmodule-map-file=$(SRCROOT)/../../../Tuist/.build/tuist-derived/GoogleUtilities_UserDefaults/GoogleUtilities_UserDefaults.modulemap",
					"-fmodule-map-file=$(SRCROOT)/../../../Tuist/.build/tuist-derived/UIKitNavigationShim/UIKitNavigationShim.modulemap",
					"-fmodule-map-file=$(SRCROOT)/../../../Tuist/.build/tuist-derived/leveldb/leveldb.modulemap",
					"-fmodule-map-file=$(SRCROOT)/../../../Tuist/.build/tuist-derived/nanopb/nanopb.modulemap",
					"-fmodule-map-file=$(SRCROOT)/../../../Tuist/.build/tuist-derived/third_party_IsAppEncrypted/third_party_IsAppEncrypted.modulemap",
				);
				OTHER_LDFLAGS = "-ObjC";
				OTHER_SWIFT_FLAGS = (
					"$(inherited)",
					"-Xcc",
					"-fmodule-map-file=$(SRCROOT)/../../../Tuist/.build/checkouts/firebase-ios-sdk/CoreOnly/Sources/module.modulemap",
					"-Xcc",
					"-fmodule-map-file=$(SRCROOT)/../../../Tuist/.build/checkouts/promises/Sources/FBLPromises/include/module.modulemap",
					"-Xcc",
					"-fmodule-map-file=$(SRCROOT)/../../../Tuist/.build/checkouts/swift-syntax/Sources/_SwiftSyntaxCShims/include/module.modulemap",
					"-Xcc",
					"-fmodule-map-file=$(SRCROOT)/../../../Tuist/.build/tuist-derived/FirebaseABTesting/FirebaseABTesting.modulemap",
					"-Xcc",
					"-fmodule-map-file=$(SRCROOT)/../../../Tuist/.build/tuist-derived/FirebaseAnalyticsTarget/FirebaseAnalyticsTarget.modulemap",
					"-Xcc",
					"-fmodule-map-file=$(SRCROOT)/../../../Tuist/.build/tuist-derived/FirebaseAnalyticsWrapper/FirebaseAnalyticsWrapper.modulemap",
					"-Xcc",
					"-fmodule-map-file=$(SRCROOT)/../../../Tuist/.build/tuist-derived/FirebaseAppCheckInterop/FirebaseAppCheckInterop.modulemap",
					"-Xcc",
					"-fmodule-map-file=$(SRCROOT)/../../../Tuist/.build/tuist-derived/FirebaseCore/FirebaseCore.modulemap",
					"-Xcc",
					"-fmodule-map-file=$(SRCROOT)/../../../Tuist/.build/tuist-derived/FirebaseCoreExtension/FirebaseCoreExtension.modulemap",
					"-Xcc",
					"-fmodule-map-file=$(SRCROOT)/../../../Tuist/.build/tuist-derived/FirebaseCrashlytics/FirebaseCrashlytics.modulemap",
					"-Xcc",
					"-fmodule-map-file=$(SRCROOT)/../../../Tuist/.build/tuist-derived/FirebaseDatabaseInternal/FirebaseDatabaseInternal.modulemap",
					"-Xcc",
					"-fmodule-map-file=$(SRCROOT)/../../../Tuist/.build/tuist-derived/FirebaseDynamicLinks/FirebaseDynamicLinks.modulemap",
					"-Xcc",
					"-fmodule-map-file=$(SRCROOT)/../../../Tuist/.build/tuist-derived/FirebaseDynamicLinksTarget/FirebaseDynamicLinksTarget.modulemap",
					"-Xcc",
					"-fmodule-map-file=$(SRCROOT)/../../../Tuist/.build/tuist-derived/FirebaseInstallations/FirebaseInstallations.modulemap",
					"-Xcc",
					"-fmodule-map-file=$(SRCROOT)/../../../Tuist/.build/tuist-derived/FirebaseMessaging/FirebaseMessaging.modulemap",
					"-Xcc",
					"-fmodule-map-file=$(SRCROOT)/../../../Tuist/.build/tuist-derived/FirebasePerformance/FirebasePerformance.modulemap",
					"-Xcc",
					"-fmodule-map-file=$(SRCROOT)/../../../Tuist/.build/tuist-derived/FirebasePerformanceTarget/FirebasePerformanceTarget.modulemap",
					"-Xcc",
					"-fmodule-map-file=$(SRCROOT)/../../../Tuist/.build/tuist-derived/FirebaseRemoteConfigInternal/FirebaseRemoteConfigInternal.modulemap",
					"-Xcc",
					"-fmodule-map-file=$(SRCROOT)/../../../Tuist/.build/tuist-derived/FirebaseSessionsObjC/FirebaseSessionsObjC.modulemap",
					"-Xcc",
					"-fmodule-map-file=$(SRCROOT)/../../../Tuist/.build/tuist-derived/GoogleAppMeasurementTarget/GoogleAppMeasurementTarget.modulemap",
					"-Xcc",
					"-fmodule-map-file=$(SRCROOT)/../../../Tuist/.build/tuist-derived/GoogleDataTransport/GoogleDataTransport.modulemap",
					"-Xcc",
					"-fmodule-map-file=$(SRCROOT)/../../../Tuist/.build/tuist-derived/GoogleUtilities_AppDelegateSwizzler/GoogleUtilities_AppDelegateSwizzler.modulemap",
					"-Xcc",
					"-fmodule-map-file=$(SRCROOT)/../../../Tuist/.build/tuist-derived/GoogleUtilities_Environment/GoogleUtilities_Environment.modulemap",
					"-Xcc",
					"-fmodule-map-file=$(SRCROOT)/../../../Tuist/.build/tuist-derived/GoogleUtilities_Logger/GoogleUtilities_Logger.modulemap",
					"-Xcc",
					"-fmodule-map-file=$(SRCROOT)/../../../Tuist/.build/tuist-derived/GoogleUtilities_MethodSwizzler/GoogleUtilities_MethodSwizzler.modulemap",
					"-Xcc",
					"-fmodule-map-file=$(SRCROOT)/../../../Tuist/.build/tuist-derived/GoogleUtilities_NSData/GoogleUtilities_NSData.modulemap",
					"-Xcc",
					"-fmodule-map-file=$(SRCROOT)/../../../Tuist/.build/tuist-derived/GoogleUtilities_Network/GoogleUtilities_Network.modulemap",
					"-Xcc",
					"-fmodule-map-file=$(SRCROOT)/../../../Tuist/.build/tuist-derived/GoogleUtilities_Reachability/GoogleUtilities_Reachability.modulemap",
					"-Xcc",
					"-fmodule-map-file=$(SRCROOT)/../../../Tuist/.build/tuist-derived/GoogleUtilities_UserDefaults/GoogleUtilities_UserDefaults.modulemap",
					"-Xcc",
					"-fmodule-map-file=$(SRCROOT)/../../../Tuist/.build/tuist-derived/UIKitNavigationShim/UIKitNavigationShim.modulemap",
					"-Xcc",
					"-fmodule-map-file=$(SRCROOT)/../../../Tuist/.build/tuist-derived/leveldb/leveldb.modulemap",
					"-Xcc",
					"-fmodule-map-file=$(SRCROOT)/../../../Tuist/.build/tuist-derived/nanopb/nanopb.modulemap",
					"-Xcc",
					"-fmodule-map-file=$(SRCROOT)/../../../Tuist/.build/tuist-derived/third_party_IsAppEncrypted/third_party_IsAppEncrypted.modulemap",
					"-load-plugin-executable",
					"$BUILD_DIR/Debug$EFFECTIVE_PLATFORM_NAME/PerceptionMacros#PerceptionMacros",
					"-load-plugin-executable",
					"$BUILD_DIR/Debug$EFFECTIVE_PLATFORM_NAME/DependenciesMacrosPlugin#DependenciesMacrosPlugin",
					"-load-plugin-executable",
					"$BUILD_DIR/Debug$EFFECTIVE_PLATFORM_NAME/ComposableArchitectureMacros#ComposableArchitectureMacros",
					"-load-plugin-executable",
					"$BUILD_DIR/Debug$EFFECTIVE_PLATFORM_NAME/CasePathsMacros#CasePathsMacros",
				);
				PRODUCT_BUNDLE_IDENTIFIER = com.mongmong.namo.CoreNetwork;
				PRODUCT_NAME = CoreNetwork;
				SDKROOT = iphoneos;
				SKIP_INSTALL = YES;
				SUPPORTS_MACCATALYST = NO;
				SUPPORTS_MAC_DESIGNED_FOR_IPHONE_IPAD = NO;
				SUPPORTS_XR_DESIGNED_FOR_IPHONE_IPAD = NO;
				SWIFT_COMPILATION_MODE = wholemodule;
				SWIFT_OPTIMIZATION_LEVEL = "-Owholemodule";
				SWIFT_VERSION = 5.0;
				TARGETED_DEVICE_FAMILY = 1;
			};
			name = Release;
		};
		BD74994E4AB8872618134FE8 /* Debug */ = {
			isa = XCBuildConfiguration;
			buildSettings = {
				CODE_SIGN_IDENTITY = "iPhone Developer";
				HEADER_SEARCH_PATHS = (
					"$(inherited)",
					"$(inherited)",
					"$(SRCROOT)/../../../Tuist/.build/checkouts/GoogleAppMeasurement/GoogleAppMeasurementWrapper/include",
					"$(SRCROOT)/../../../Tuist/.build/checkouts/GoogleDataTransport",
					"$(SRCROOT)/../../../Tuist/.build/checkouts/GoogleDataTransport/GoogleDataTransport/GDTCORLibrary/Public",
					"$(SRCROOT)/../../../Tuist/.build/checkouts/GoogleUtilities",
					"$(SRCROOT)/../../../Tuist/.build/checkouts/GoogleUtilities/GoogleUtilities/AppDelegateSwizzler/Public",
					"$(SRCROOT)/../../../Tuist/.build/checkouts/GoogleUtilities/GoogleUtilities/Environment/Public",
					"$(SRCROOT)/../../../Tuist/.build/checkouts/GoogleUtilities/GoogleUtilities/Logger/Public",
					"$(SRCROOT)/../../../Tuist/.build/checkouts/GoogleUtilities/GoogleUtilities/MethodSwizzler/Public",
					"$(SRCROOT)/../../../Tuist/.build/checkouts/GoogleUtilities/GoogleUtilities/NSData+zlib/Public",
					"$(SRCROOT)/../../../Tuist/.build/checkouts/GoogleUtilities/GoogleUtilities/Network/Public",
					"$(SRCROOT)/../../../Tuist/.build/checkouts/GoogleUtilities/GoogleUtilities/Reachability/Public",
					"$(SRCROOT)/../../../Tuist/.build/checkouts/GoogleUtilities/GoogleUtilities/UserDefaults/Public",
					"$(SRCROOT)/../../../Tuist/.build/checkouts/GoogleUtilities/third_party/IsAppEncrypted/Public",
					"$(SRCROOT)/../../../Tuist/.build/checkouts/firebase-ios-sdk",
					"$(SRCROOT)/../../../Tuist/.build/checkouts/firebase-ios-sdk/CoreOnly/Sources",
					"$(SRCROOT)/../../../Tuist/.build/checkouts/firebase-ios-sdk/Crashlytics/Crashlytics/Public",
					"$(SRCROOT)/../../../Tuist/.build/checkouts/firebase-ios-sdk/FirebaseABTesting/Sources/Public",
					"$(SRCROOT)/../../../Tuist/.build/checkouts/firebase-ios-sdk/FirebaseAnalyticsWrapper/include",
					"$(SRCROOT)/../../../Tuist/.build/checkouts/firebase-ios-sdk/FirebaseAppCheck/Interop/Public",
					"$(SRCROOT)/../../../Tuist/.build/checkouts/firebase-ios-sdk/FirebaseCore/Extension",
					"$(SRCROOT)/../../../Tuist/.build/checkouts/firebase-ios-sdk/FirebaseCore/Sources/Public",
					"$(SRCROOT)/../../../Tuist/.build/checkouts/firebase-ios-sdk/FirebaseDatabase/Sources/Public",
					"$(SRCROOT)/../../../Tuist/.build/checkouts/firebase-ios-sdk/FirebaseDynamicLinks/Sources/Public",
					"$(SRCROOT)/../../../Tuist/.build/checkouts/firebase-ios-sdk/FirebaseInstallations/Source/Library/Public",
					"$(SRCROOT)/../../../Tuist/.build/checkouts/firebase-ios-sdk/FirebaseMessaging/Sources/Public",
					"$(SRCROOT)/../../../Tuist/.build/checkouts/firebase-ios-sdk/FirebasePerformance/Sources/Public",
					"$(SRCROOT)/../../../Tuist/.build/checkouts/firebase-ios-sdk/FirebaseRemoteConfig/Sources/Public",
					"$(SRCROOT)/../../../Tuist/.build/checkouts/firebase-ios-sdk/FirebaseSessions",
					"$(SRCROOT)/../../../Tuist/.build/checkouts/firebase-ios-sdk/FirebaseSessions/SourcesObjC",
					"$(SRCROOT)/../../../Tuist/.build/checkouts/firebase-ios-sdk/SwiftPM-PlatformExclude/FirebaseAnalyticsWrap/include",
					"$(SRCROOT)/../../../Tuist/.build/checkouts/firebase-ios-sdk/SwiftPM-PlatformExclude/FirebaseDynamicLinksWrap/include",
					"$(SRCROOT)/../../../Tuist/.build/checkouts/firebase-ios-sdk/SwiftPM-PlatformExclude/FirebasePerformanceWrap/include",
					"$(SRCROOT)/../../../Tuist/.build/checkouts/leveldb",
					"$(SRCROOT)/../../../Tuist/.build/checkouts/leveldb/include",
					"$(SRCROOT)/../../../Tuist/.build/checkouts/nanopb/spm_headers",
					"$(SRCROOT)/../../../Tuist/.build/checkouts/promises/Sources/FBLPromises/include",
					"$(SRCROOT)/../../../Tuist/.build/checkouts/swift-navigation/Sources/UIKitNavigationShim/include",
					"$(SRCROOT)/../../../Tuist/.build/checkouts/swift-syntax/Sources/_SwiftSyntaxCShims/include",
				);
				IPHONEOS_DEPLOYMENT_TARGET = 16.0;
				OTHER_CFLAGS = (
					"$(inherited)",
					"-fmodule-map-file=$(SRCROOT)/../../../Tuist/.build/checkouts/firebase-ios-sdk/CoreOnly/Sources/module.modulemap",
					"-fmodule-map-file=$(SRCROOT)/../../../Tuist/.build/checkouts/promises/Sources/FBLPromises/include/module.modulemap",
					"-fmodule-map-file=$(SRCROOT)/../../../Tuist/.build/checkouts/swift-syntax/Sources/_SwiftSyntaxCShims/include/module.modulemap",
					"-fmodule-map-file=$(SRCROOT)/../../../Tuist/.build/tuist-derived/FirebaseABTesting/FirebaseABTesting.modulemap",
					"-fmodule-map-file=$(SRCROOT)/../../../Tuist/.build/tuist-derived/FirebaseAnalyticsTarget/FirebaseAnalyticsTarget.modulemap",
					"-fmodule-map-file=$(SRCROOT)/../../../Tuist/.build/tuist-derived/FirebaseAnalyticsWrapper/FirebaseAnalyticsWrapper.modulemap",
					"-fmodule-map-file=$(SRCROOT)/../../../Tuist/.build/tuist-derived/FirebaseAppCheckInterop/FirebaseAppCheckInterop.modulemap",
					"-fmodule-map-file=$(SRCROOT)/../../../Tuist/.build/tuist-derived/FirebaseCore/FirebaseCore.modulemap",
					"-fmodule-map-file=$(SRCROOT)/../../../Tuist/.build/tuist-derived/FirebaseCoreExtension/FirebaseCoreExtension.modulemap",
					"-fmodule-map-file=$(SRCROOT)/../../../Tuist/.build/tuist-derived/FirebaseCrashlytics/FirebaseCrashlytics.modulemap",
					"-fmodule-map-file=$(SRCROOT)/../../../Tuist/.build/tuist-derived/FirebaseDatabaseInternal/FirebaseDatabaseInternal.modulemap",
					"-fmodule-map-file=$(SRCROOT)/../../../Tuist/.build/tuist-derived/FirebaseDynamicLinks/FirebaseDynamicLinks.modulemap",
					"-fmodule-map-file=$(SRCROOT)/../../../Tuist/.build/tuist-derived/FirebaseDynamicLinksTarget/FirebaseDynamicLinksTarget.modulemap",
					"-fmodule-map-file=$(SRCROOT)/../../../Tuist/.build/tuist-derived/FirebaseInstallations/FirebaseInstallations.modulemap",
					"-fmodule-map-file=$(SRCROOT)/../../../Tuist/.build/tuist-derived/FirebaseMessaging/FirebaseMessaging.modulemap",
					"-fmodule-map-file=$(SRCROOT)/../../../Tuist/.build/tuist-derived/FirebasePerformance/FirebasePerformance.modulemap",
					"-fmodule-map-file=$(SRCROOT)/../../../Tuist/.build/tuist-derived/FirebasePerformanceTarget/FirebasePerformanceTarget.modulemap",
					"-fmodule-map-file=$(SRCROOT)/../../../Tuist/.build/tuist-derived/FirebaseRemoteConfigInternal/FirebaseRemoteConfigInternal.modulemap",
					"-fmodule-map-file=$(SRCROOT)/../../../Tuist/.build/tuist-derived/FirebaseSessionsObjC/FirebaseSessionsObjC.modulemap",
					"-fmodule-map-file=$(SRCROOT)/../../../Tuist/.build/tuist-derived/GoogleAppMeasurementTarget/GoogleAppMeasurementTarget.modulemap",
					"-fmodule-map-file=$(SRCROOT)/../../../Tuist/.build/tuist-derived/GoogleDataTransport/GoogleDataTransport.modulemap",
					"-fmodule-map-file=$(SRCROOT)/../../../Tuist/.build/tuist-derived/GoogleUtilities_AppDelegateSwizzler/GoogleUtilities_AppDelegateSwizzler.modulemap",
					"-fmodule-map-file=$(SRCROOT)/../../../Tuist/.build/tuist-derived/GoogleUtilities_Environment/GoogleUtilities_Environment.modulemap",
					"-fmodule-map-file=$(SRCROOT)/../../../Tuist/.build/tuist-derived/GoogleUtilities_Logger/GoogleUtilities_Logger.modulemap",
					"-fmodule-map-file=$(SRCROOT)/../../../Tuist/.build/tuist-derived/GoogleUtilities_MethodSwizzler/GoogleUtilities_MethodSwizzler.modulemap",
					"-fmodule-map-file=$(SRCROOT)/../../../Tuist/.build/tuist-derived/GoogleUtilities_NSData/GoogleUtilities_NSData.modulemap",
					"-fmodule-map-file=$(SRCROOT)/../../../Tuist/.build/tuist-derived/GoogleUtilities_Network/GoogleUtilities_Network.modulemap",
					"-fmodule-map-file=$(SRCROOT)/../../../Tuist/.build/tuist-derived/GoogleUtilities_Reachability/GoogleUtilities_Reachability.modulemap",
					"-fmodule-map-file=$(SRCROOT)/../../../Tuist/.build/tuist-derived/GoogleUtilities_UserDefaults/GoogleUtilities_UserDefaults.modulemap",
					"-fmodule-map-file=$(SRCROOT)/../../../Tuist/.build/tuist-derived/UIKitNavigationShim/UIKitNavigationShim.modulemap",
					"-fmodule-map-file=$(SRCROOT)/../../../Tuist/.build/tuist-derived/leveldb/leveldb.modulemap",
					"-fmodule-map-file=$(SRCROOT)/../../../Tuist/.build/tuist-derived/nanopb/nanopb.modulemap",
					"-fmodule-map-file=$(SRCROOT)/../../../Tuist/.build/tuist-derived/third_party_IsAppEncrypted/third_party_IsAppEncrypted.modulemap",
				);
				OTHER_LDFLAGS = "-ObjC";
				OTHER_SWIFT_FLAGS = (
					"$(inherited)",
					"-Xcc",
					"-fmodule-map-file=$(SRCROOT)/../../../Tuist/.build/checkouts/firebase-ios-sdk/CoreOnly/Sources/module.modulemap",
					"-Xcc",
					"-fmodule-map-file=$(SRCROOT)/../../../Tuist/.build/checkouts/promises/Sources/FBLPromises/include/module.modulemap",
					"-Xcc",
					"-fmodule-map-file=$(SRCROOT)/../../../Tuist/.build/checkouts/swift-syntax/Sources/_SwiftSyntaxCShims/include/module.modulemap",
					"-Xcc",
					"-fmodule-map-file=$(SRCROOT)/../../../Tuist/.build/tuist-derived/FirebaseABTesting/FirebaseABTesting.modulemap",
					"-Xcc",
					"-fmodule-map-file=$(SRCROOT)/../../../Tuist/.build/tuist-derived/FirebaseAnalyticsTarget/FirebaseAnalyticsTarget.modulemap",
					"-Xcc",
					"-fmodule-map-file=$(SRCROOT)/../../../Tuist/.build/tuist-derived/FirebaseAnalyticsWrapper/FirebaseAnalyticsWrapper.modulemap",
					"-Xcc",
					"-fmodule-map-file=$(SRCROOT)/../../../Tuist/.build/tuist-derived/FirebaseAppCheckInterop/FirebaseAppCheckInterop.modulemap",
					"-Xcc",
					"-fmodule-map-file=$(SRCROOT)/../../../Tuist/.build/tuist-derived/FirebaseCore/FirebaseCore.modulemap",
					"-Xcc",
					"-fmodule-map-file=$(SRCROOT)/../../../Tuist/.build/tuist-derived/FirebaseCoreExtension/FirebaseCoreExtension.modulemap",
					"-Xcc",
					"-fmodule-map-file=$(SRCROOT)/../../../Tuist/.build/tuist-derived/FirebaseCrashlytics/FirebaseCrashlytics.modulemap",
					"-Xcc",
					"-fmodule-map-file=$(SRCROOT)/../../../Tuist/.build/tuist-derived/FirebaseDatabaseInternal/FirebaseDatabaseInternal.modulemap",
					"-Xcc",
					"-fmodule-map-file=$(SRCROOT)/../../../Tuist/.build/tuist-derived/FirebaseDynamicLinks/FirebaseDynamicLinks.modulemap",
					"-Xcc",
					"-fmodule-map-file=$(SRCROOT)/../../../Tuist/.build/tuist-derived/FirebaseDynamicLinksTarget/FirebaseDynamicLinksTarget.modulemap",
					"-Xcc",
					"-fmodule-map-file=$(SRCROOT)/../../../Tuist/.build/tuist-derived/FirebaseInstallations/FirebaseInstallations.modulemap",
					"-Xcc",
					"-fmodule-map-file=$(SRCROOT)/../../../Tuist/.build/tuist-derived/FirebaseMessaging/FirebaseMessaging.modulemap",
					"-Xcc",
					"-fmodule-map-file=$(SRCROOT)/../../../Tuist/.build/tuist-derived/FirebasePerformance/FirebasePerformance.modulemap",
					"-Xcc",
					"-fmodule-map-file=$(SRCROOT)/../../../Tuist/.build/tuist-derived/FirebasePerformanceTarget/FirebasePerformanceTarget.modulemap",
					"-Xcc",
					"-fmodule-map-file=$(SRCROOT)/../../../Tuist/.build/tuist-derived/FirebaseRemoteConfigInternal/FirebaseRemoteConfigInternal.modulemap",
					"-Xcc",
					"-fmodule-map-file=$(SRCROOT)/../../../Tuist/.build/tuist-derived/FirebaseSessionsObjC/FirebaseSessionsObjC.modulemap",
					"-Xcc",
					"-fmodule-map-file=$(SRCROOT)/../../../Tuist/.build/tuist-derived/GoogleAppMeasurementTarget/GoogleAppMeasurementTarget.modulemap",
					"-Xcc",
					"-fmodule-map-file=$(SRCROOT)/../../../Tuist/.build/tuist-derived/GoogleDataTransport/GoogleDataTransport.modulemap",
					"-Xcc",
					"-fmodule-map-file=$(SRCROOT)/../../../Tuist/.build/tuist-derived/GoogleUtilities_AppDelegateSwizzler/GoogleUtilities_AppDelegateSwizzler.modulemap",
					"-Xcc",
					"-fmodule-map-file=$(SRCROOT)/../../../Tuist/.build/tuist-derived/GoogleUtilities_Environment/GoogleUtilities_Environment.modulemap",
					"-Xcc",
					"-fmodule-map-file=$(SRCROOT)/../../../Tuist/.build/tuist-derived/GoogleUtilities_Logger/GoogleUtilities_Logger.modulemap",
					"-Xcc",
					"-fmodule-map-file=$(SRCROOT)/../../../Tuist/.build/tuist-derived/GoogleUtilities_MethodSwizzler/GoogleUtilities_MethodSwizzler.modulemap",
					"-Xcc",
					"-fmodule-map-file=$(SRCROOT)/../../../Tuist/.build/tuist-derived/GoogleUtilities_NSData/GoogleUtilities_NSData.modulemap",
					"-Xcc",
					"-fmodule-map-file=$(SRCROOT)/../../../Tuist/.build/tuist-derived/GoogleUtilities_Network/GoogleUtilities_Network.modulemap",
					"-Xcc",
					"-fmodule-map-file=$(SRCROOT)/../../../Tuist/.build/tuist-derived/GoogleUtilities_Reachability/GoogleUtilities_Reachability.modulemap",
					"-Xcc",
					"-fmodule-map-file=$(SRCROOT)/../../../Tuist/.build/tuist-derived/GoogleUtilities_UserDefaults/GoogleUtilities_UserDefaults.modulemap",
					"-Xcc",
					"-fmodule-map-file=$(SRCROOT)/../../../Tuist/.build/tuist-derived/UIKitNavigationShim/UIKitNavigationShim.modulemap",
					"-Xcc",
					"-fmodule-map-file=$(SRCROOT)/../../../Tuist/.build/tuist-derived/leveldb/leveldb.modulemap",
					"-Xcc",
					"-fmodule-map-file=$(SRCROOT)/../../../Tuist/.build/tuist-derived/nanopb/nanopb.modulemap",
					"-Xcc",
					"-fmodule-map-file=$(SRCROOT)/../../../Tuist/.build/tuist-derived/third_party_IsAppEncrypted/third_party_IsAppEncrypted.modulemap",
					"-load-plugin-executable",
					"$BUILD_DIR/Debug$EFFECTIVE_PLATFORM_NAME/ComposableArchitectureMacros#ComposableArchitectureMacros",
					"-load-plugin-executable",
					"$BUILD_DIR/Debug$EFFECTIVE_PLATFORM_NAME/PerceptionMacros#PerceptionMacros",
					"-load-plugin-executable",
					"$BUILD_DIR/Debug$EFFECTIVE_PLATFORM_NAME/CasePathsMacros#CasePathsMacros",
					"-load-plugin-executable",
					"$BUILD_DIR/Debug$EFFECTIVE_PLATFORM_NAME/DependenciesMacrosPlugin#DependenciesMacrosPlugin",
				);
				PRODUCT_BUNDLE_IDENTIFIER = com.mongmong.namo.CoreNetworkInterface;
				PRODUCT_NAME = CoreNetworkInterface;
				SDKROOT = iphoneos;
				SKIP_INSTALL = YES;
				SUPPORTS_MACCATALYST = NO;
				SUPPORTS_MAC_DESIGNED_FOR_IPHONE_IPAD = NO;
				SUPPORTS_XR_DESIGNED_FOR_IPHONE_IPAD = NO;
				SWIFT_ACTIVE_COMPILATION_CONDITIONS = (
					"$(inherited)",
					DEBUG,
				);
				SWIFT_COMPILATION_MODE = singlefile;
				SWIFT_OPTIMIZATION_LEVEL = "-Onone";
				SWIFT_VERSION = 5.0;
				TARGETED_DEVICE_FAMILY = 1;
			};
			name = Debug;
		};
		F6C6AB541EB841D761004977 /* Debug */ = {
			isa = XCBuildConfiguration;
			buildSettings = {
				CODE_SIGN_IDENTITY = "iPhone Developer";
				HEADER_SEARCH_PATHS = (
					"$(inherited)",
					"$(inherited)",
					"$(SRCROOT)/../../../Tuist/.build/checkouts/GoogleAppMeasurement/GoogleAppMeasurementWrapper/include",
					"$(SRCROOT)/../../../Tuist/.build/checkouts/GoogleDataTransport",
					"$(SRCROOT)/../../../Tuist/.build/checkouts/GoogleDataTransport/GoogleDataTransport/GDTCORLibrary/Public",
					"$(SRCROOT)/../../../Tuist/.build/checkouts/GoogleUtilities",
					"$(SRCROOT)/../../../Tuist/.build/checkouts/GoogleUtilities/GoogleUtilities/AppDelegateSwizzler/Public",
					"$(SRCROOT)/../../../Tuist/.build/checkouts/GoogleUtilities/GoogleUtilities/Environment/Public",
					"$(SRCROOT)/../../../Tuist/.build/checkouts/GoogleUtilities/GoogleUtilities/Logger/Public",
					"$(SRCROOT)/../../../Tuist/.build/checkouts/GoogleUtilities/GoogleUtilities/MethodSwizzler/Public",
					"$(SRCROOT)/../../../Tuist/.build/checkouts/GoogleUtilities/GoogleUtilities/NSData+zlib/Public",
					"$(SRCROOT)/../../../Tuist/.build/checkouts/GoogleUtilities/GoogleUtilities/Network/Public",
					"$(SRCROOT)/../../../Tuist/.build/checkouts/GoogleUtilities/GoogleUtilities/Reachability/Public",
					"$(SRCROOT)/../../../Tuist/.build/checkouts/GoogleUtilities/GoogleUtilities/UserDefaults/Public",
					"$(SRCROOT)/../../../Tuist/.build/checkouts/GoogleUtilities/third_party/IsAppEncrypted/Public",
					"$(SRCROOT)/../../../Tuist/.build/checkouts/firebase-ios-sdk",
					"$(SRCROOT)/../../../Tuist/.build/checkouts/firebase-ios-sdk/CoreOnly/Sources",
					"$(SRCROOT)/../../../Tuist/.build/checkouts/firebase-ios-sdk/Crashlytics/Crashlytics/Public",
					"$(SRCROOT)/../../../Tuist/.build/checkouts/firebase-ios-sdk/FirebaseABTesting/Sources/Public",
					"$(SRCROOT)/../../../Tuist/.build/checkouts/firebase-ios-sdk/FirebaseAnalyticsWrapper/include",
					"$(SRCROOT)/../../../Tuist/.build/checkouts/firebase-ios-sdk/FirebaseAppCheck/Interop/Public",
					"$(SRCROOT)/../../../Tuist/.build/checkouts/firebase-ios-sdk/FirebaseCore/Extension",
					"$(SRCROOT)/../../../Tuist/.build/checkouts/firebase-ios-sdk/FirebaseCore/Sources/Public",
					"$(SRCROOT)/../../../Tuist/.build/checkouts/firebase-ios-sdk/FirebaseDatabase/Sources/Public",
					"$(SRCROOT)/../../../Tuist/.build/checkouts/firebase-ios-sdk/FirebaseDynamicLinks/Sources/Public",
					"$(SRCROOT)/../../../Tuist/.build/checkouts/firebase-ios-sdk/FirebaseInstallations/Source/Library/Public",
					"$(SRCROOT)/../../../Tuist/.build/checkouts/firebase-ios-sdk/FirebaseMessaging/Sources/Public",
					"$(SRCROOT)/../../../Tuist/.build/checkouts/firebase-ios-sdk/FirebasePerformance/Sources/Public",
					"$(SRCROOT)/../../../Tuist/.build/checkouts/firebase-ios-sdk/FirebaseRemoteConfig/Sources/Public",
					"$(SRCROOT)/../../../Tuist/.build/checkouts/firebase-ios-sdk/FirebaseSessions",
					"$(SRCROOT)/../../../Tuist/.build/checkouts/firebase-ios-sdk/FirebaseSessions/SourcesObjC",
					"$(SRCROOT)/../../../Tuist/.build/checkouts/firebase-ios-sdk/SwiftPM-PlatformExclude/FirebaseAnalyticsWrap/include",
					"$(SRCROOT)/../../../Tuist/.build/checkouts/firebase-ios-sdk/SwiftPM-PlatformExclude/FirebaseDynamicLinksWrap/include",
					"$(SRCROOT)/../../../Tuist/.build/checkouts/firebase-ios-sdk/SwiftPM-PlatformExclude/FirebasePerformanceWrap/include",
					"$(SRCROOT)/../../../Tuist/.build/checkouts/leveldb",
					"$(SRCROOT)/../../../Tuist/.build/checkouts/leveldb/include",
					"$(SRCROOT)/../../../Tuist/.build/checkouts/nanopb/spm_headers",
					"$(SRCROOT)/../../../Tuist/.build/checkouts/promises/Sources/FBLPromises/include",
					"$(SRCROOT)/../../../Tuist/.build/checkouts/swift-navigation/Sources/UIKitNavigationShim/include",
					"$(SRCROOT)/../../../Tuist/.build/checkouts/swift-syntax/Sources/_SwiftSyntaxCShims/include",
				);
				IPHONEOS_DEPLOYMENT_TARGET = 16.0;
				OTHER_CFLAGS = (
					"$(inherited)",
					"-fmodule-map-file=$(SRCROOT)/../../../Tuist/.build/checkouts/firebase-ios-sdk/CoreOnly/Sources/module.modulemap",
					"-fmodule-map-file=$(SRCROOT)/../../../Tuist/.build/checkouts/promises/Sources/FBLPromises/include/module.modulemap",
					"-fmodule-map-file=$(SRCROOT)/../../../Tuist/.build/checkouts/swift-syntax/Sources/_SwiftSyntaxCShims/include/module.modulemap",
					"-fmodule-map-file=$(SRCROOT)/../../../Tuist/.build/tuist-derived/FirebaseABTesting/FirebaseABTesting.modulemap",
					"-fmodule-map-file=$(SRCROOT)/../../../Tuist/.build/tuist-derived/FirebaseAnalyticsTarget/FirebaseAnalyticsTarget.modulemap",
					"-fmodule-map-file=$(SRCROOT)/../../../Tuist/.build/tuist-derived/FirebaseAnalyticsWrapper/FirebaseAnalyticsWrapper.modulemap",
					"-fmodule-map-file=$(SRCROOT)/../../../Tuist/.build/tuist-derived/FirebaseAppCheckInterop/FirebaseAppCheckInterop.modulemap",
					"-fmodule-map-file=$(SRCROOT)/../../../Tuist/.build/tuist-derived/FirebaseCore/FirebaseCore.modulemap",
					"-fmodule-map-file=$(SRCROOT)/../../../Tuist/.build/tuist-derived/FirebaseCoreExtension/FirebaseCoreExtension.modulemap",
					"-fmodule-map-file=$(SRCROOT)/../../../Tuist/.build/tuist-derived/FirebaseCrashlytics/FirebaseCrashlytics.modulemap",
					"-fmodule-map-file=$(SRCROOT)/../../../Tuist/.build/tuist-derived/FirebaseDatabaseInternal/FirebaseDatabaseInternal.modulemap",
					"-fmodule-map-file=$(SRCROOT)/../../../Tuist/.build/tuist-derived/FirebaseDynamicLinks/FirebaseDynamicLinks.modulemap",
					"-fmodule-map-file=$(SRCROOT)/../../../Tuist/.build/tuist-derived/FirebaseDynamicLinksTarget/FirebaseDynamicLinksTarget.modulemap",
					"-fmodule-map-file=$(SRCROOT)/../../../Tuist/.build/tuist-derived/FirebaseInstallations/FirebaseInstallations.modulemap",
					"-fmodule-map-file=$(SRCROOT)/../../../Tuist/.build/tuist-derived/FirebaseMessaging/FirebaseMessaging.modulemap",
					"-fmodule-map-file=$(SRCROOT)/../../../Tuist/.build/tuist-derived/FirebasePerformance/FirebasePerformance.modulemap",
					"-fmodule-map-file=$(SRCROOT)/../../../Tuist/.build/tuist-derived/FirebasePerformanceTarget/FirebasePerformanceTarget.modulemap",
					"-fmodule-map-file=$(SRCROOT)/../../../Tuist/.build/tuist-derived/FirebaseRemoteConfigInternal/FirebaseRemoteConfigInternal.modulemap",
					"-fmodule-map-file=$(SRCROOT)/../../../Tuist/.build/tuist-derived/FirebaseSessionsObjC/FirebaseSessionsObjC.modulemap",
					"-fmodule-map-file=$(SRCROOT)/../../../Tuist/.build/tuist-derived/GoogleAppMeasurementTarget/GoogleAppMeasurementTarget.modulemap",
					"-fmodule-map-file=$(SRCROOT)/../../../Tuist/.build/tuist-derived/GoogleDataTransport/GoogleDataTransport.modulemap",
					"-fmodule-map-file=$(SRCROOT)/../../../Tuist/.build/tuist-derived/GoogleUtilities_AppDelegateSwizzler/GoogleUtilities_AppDelegateSwizzler.modulemap",
					"-fmodule-map-file=$(SRCROOT)/../../../Tuist/.build/tuist-derived/GoogleUtilities_Environment/GoogleUtilities_Environment.modulemap",
					"-fmodule-map-file=$(SRCROOT)/../../../Tuist/.build/tuist-derived/GoogleUtilities_Logger/GoogleUtilities_Logger.modulemap",
					"-fmodule-map-file=$(SRCROOT)/../../../Tuist/.build/tuist-derived/GoogleUtilities_MethodSwizzler/GoogleUtilities_MethodSwizzler.modulemap",
					"-fmodule-map-file=$(SRCROOT)/../../../Tuist/.build/tuist-derived/GoogleUtilities_NSData/GoogleUtilities_NSData.modulemap",
					"-fmodule-map-file=$(SRCROOT)/../../../Tuist/.build/tuist-derived/GoogleUtilities_Network/GoogleUtilities_Network.modulemap",
					"-fmodule-map-file=$(SRCROOT)/../../../Tuist/.build/tuist-derived/GoogleUtilities_Reachability/GoogleUtilities_Reachability.modulemap",
					"-fmodule-map-file=$(SRCROOT)/../../../Tuist/.build/tuist-derived/GoogleUtilities_UserDefaults/GoogleUtilities_UserDefaults.modulemap",
					"-fmodule-map-file=$(SRCROOT)/../../../Tuist/.build/tuist-derived/UIKitNavigationShim/UIKitNavigationShim.modulemap",
					"-fmodule-map-file=$(SRCROOT)/../../../Tuist/.build/tuist-derived/leveldb/leveldb.modulemap",
					"-fmodule-map-file=$(SRCROOT)/../../../Tuist/.build/tuist-derived/nanopb/nanopb.modulemap",
					"-fmodule-map-file=$(SRCROOT)/../../../Tuist/.build/tuist-derived/third_party_IsAppEncrypted/third_party_IsAppEncrypted.modulemap",
				);
				OTHER_LDFLAGS = "-ObjC";
				OTHER_SWIFT_FLAGS = (
					"$(inherited)",
					"-Xcc",
					"-fmodule-map-file=$(SRCROOT)/../../../Tuist/.build/checkouts/firebase-ios-sdk/CoreOnly/Sources/module.modulemap",
					"-Xcc",
					"-fmodule-map-file=$(SRCROOT)/../../../Tuist/.build/checkouts/promises/Sources/FBLPromises/include/module.modulemap",
					"-Xcc",
					"-fmodule-map-file=$(SRCROOT)/../../../Tuist/.build/checkouts/swift-syntax/Sources/_SwiftSyntaxCShims/include/module.modulemap",
					"-Xcc",
					"-fmodule-map-file=$(SRCROOT)/../../../Tuist/.build/tuist-derived/FirebaseABTesting/FirebaseABTesting.modulemap",
					"-Xcc",
					"-fmodule-map-file=$(SRCROOT)/../../../Tuist/.build/tuist-derived/FirebaseAnalyticsTarget/FirebaseAnalyticsTarget.modulemap",
					"-Xcc",
					"-fmodule-map-file=$(SRCROOT)/../../../Tuist/.build/tuist-derived/FirebaseAnalyticsWrapper/FirebaseAnalyticsWrapper.modulemap",
					"-Xcc",
					"-fmodule-map-file=$(SRCROOT)/../../../Tuist/.build/tuist-derived/FirebaseAppCheckInterop/FirebaseAppCheckInterop.modulemap",
					"-Xcc",
					"-fmodule-map-file=$(SRCROOT)/../../../Tuist/.build/tuist-derived/FirebaseCore/FirebaseCore.modulemap",
					"-Xcc",
					"-fmodule-map-file=$(SRCROOT)/../../../Tuist/.build/tuist-derived/FirebaseCoreExtension/FirebaseCoreExtension.modulemap",
					"-Xcc",
					"-fmodule-map-file=$(SRCROOT)/../../../Tuist/.build/tuist-derived/FirebaseCrashlytics/FirebaseCrashlytics.modulemap",
					"-Xcc",
					"-fmodule-map-file=$(SRCROOT)/../../../Tuist/.build/tuist-derived/FirebaseDatabaseInternal/FirebaseDatabaseInternal.modulemap",
					"-Xcc",
					"-fmodule-map-file=$(SRCROOT)/../../../Tuist/.build/tuist-derived/FirebaseDynamicLinks/FirebaseDynamicLinks.modulemap",
					"-Xcc",
					"-fmodule-map-file=$(SRCROOT)/../../../Tuist/.build/tuist-derived/FirebaseDynamicLinksTarget/FirebaseDynamicLinksTarget.modulemap",
					"-Xcc",
					"-fmodule-map-file=$(SRCROOT)/../../../Tuist/.build/tuist-derived/FirebaseInstallations/FirebaseInstallations.modulemap",
					"-Xcc",
					"-fmodule-map-file=$(SRCROOT)/../../../Tuist/.build/tuist-derived/FirebaseMessaging/FirebaseMessaging.modulemap",
					"-Xcc",
					"-fmodule-map-file=$(SRCROOT)/../../../Tuist/.build/tuist-derived/FirebasePerformance/FirebasePerformance.modulemap",
					"-Xcc",
					"-fmodule-map-file=$(SRCROOT)/../../../Tuist/.build/tuist-derived/FirebasePerformanceTarget/FirebasePerformanceTarget.modulemap",
					"-Xcc",
					"-fmodule-map-file=$(SRCROOT)/../../../Tuist/.build/tuist-derived/FirebaseRemoteConfigInternal/FirebaseRemoteConfigInternal.modulemap",
					"-Xcc",
					"-fmodule-map-file=$(SRCROOT)/../../../Tuist/.build/tuist-derived/FirebaseSessionsObjC/FirebaseSessionsObjC.modulemap",
					"-Xcc",
					"-fmodule-map-file=$(SRCROOT)/../../../Tuist/.build/tuist-derived/GoogleAppMeasurementTarget/GoogleAppMeasurementTarget.modulemap",
					"-Xcc",
					"-fmodule-map-file=$(SRCROOT)/../../../Tuist/.build/tuist-derived/GoogleDataTransport/GoogleDataTransport.modulemap",
					"-Xcc",
					"-fmodule-map-file=$(SRCROOT)/../../../Tuist/.build/tuist-derived/GoogleUtilities_AppDelegateSwizzler/GoogleUtilities_AppDelegateSwizzler.modulemap",
					"-Xcc",
					"-fmodule-map-file=$(SRCROOT)/../../../Tuist/.build/tuist-derived/GoogleUtilities_Environment/GoogleUtilities_Environment.modulemap",
					"-Xcc",
					"-fmodule-map-file=$(SRCROOT)/../../../Tuist/.build/tuist-derived/GoogleUtilities_Logger/GoogleUtilities_Logger.modulemap",
					"-Xcc",
					"-fmodule-map-file=$(SRCROOT)/../../../Tuist/.build/tuist-derived/GoogleUtilities_MethodSwizzler/GoogleUtilities_MethodSwizzler.modulemap",
					"-Xcc",
					"-fmodule-map-file=$(SRCROOT)/../../../Tuist/.build/tuist-derived/GoogleUtilities_NSData/GoogleUtilities_NSData.modulemap",
					"-Xcc",
					"-fmodule-map-file=$(SRCROOT)/../../../Tuist/.build/tuist-derived/GoogleUtilities_Network/GoogleUtilities_Network.modulemap",
					"-Xcc",
					"-fmodule-map-file=$(SRCROOT)/../../../Tuist/.build/tuist-derived/GoogleUtilities_Reachability/GoogleUtilities_Reachability.modulemap",
					"-Xcc",
					"-fmodule-map-file=$(SRCROOT)/../../../Tuist/.build/tuist-derived/GoogleUtilities_UserDefaults/GoogleUtilities_UserDefaults.modulemap",
					"-Xcc",
					"-fmodule-map-file=$(SRCROOT)/../../../Tuist/.build/tuist-derived/UIKitNavigationShim/UIKitNavigationShim.modulemap",
					"-Xcc",
					"-fmodule-map-file=$(SRCROOT)/../../../Tuist/.build/tuist-derived/leveldb/leveldb.modulemap",
					"-Xcc",
					"-fmodule-map-file=$(SRCROOT)/../../../Tuist/.build/tuist-derived/nanopb/nanopb.modulemap",
					"-Xcc",
					"-fmodule-map-file=$(SRCROOT)/../../../Tuist/.build/tuist-derived/third_party_IsAppEncrypted/third_party_IsAppEncrypted.modulemap",
					"-load-plugin-executable",
					"$BUILD_DIR/Debug$EFFECTIVE_PLATFORM_NAME/DependenciesMacrosPlugin#DependenciesMacrosPlugin",
					"-load-plugin-executable",
					"$BUILD_DIR/Debug$EFFECTIVE_PLATFORM_NAME/ComposableArchitectureMacros#ComposableArchitectureMacros",
					"-load-plugin-executable",
					"$BUILD_DIR/Debug$EFFECTIVE_PLATFORM_NAME/CasePathsMacros#CasePathsMacros",
					"-load-plugin-executable",
					"$BUILD_DIR/Debug$EFFECTIVE_PLATFORM_NAME/PerceptionMacros#PerceptionMacros",
				);
				PRODUCT_BUNDLE_IDENTIFIER = com.mongmong.namo.CoreNetwork;
				PRODUCT_NAME = CoreNetwork;
				SDKROOT = iphoneos;
				SKIP_INSTALL = YES;
				SUPPORTS_MACCATALYST = NO;
				SUPPORTS_MAC_DESIGNED_FOR_IPHONE_IPAD = NO;
				SUPPORTS_XR_DESIGNED_FOR_IPHONE_IPAD = NO;
				SWIFT_ACTIVE_COMPILATION_CONDITIONS = (
					"$(inherited)",
					DEBUG,
				);
				SWIFT_COMPILATION_MODE = singlefile;
				SWIFT_OPTIMIZATION_LEVEL = "-Onone";
				SWIFT_VERSION = 5.0;
				TARGETED_DEVICE_FAMILY = 1;
			};
			name = Debug;
		};
/* End XCBuildConfiguration section */

/* Begin XCConfigurationList section */
		07F98E05C9C4F1AA7B4E3C1B /* Build configuration list for PBXNativeTarget "CoreNetworkInterface" */ = {
			isa = XCConfigurationList;
			buildConfigurations = (
				BD74994E4AB8872618134FE8 /* Debug */,
				3EA9D97BDEF4C86D4C7734AA /* Release */,
			);
			defaultConfigurationIsVisible = 0;
			defaultConfigurationName = Release;
		};
		15D58D6A0F68081606FA7B55 /* Build configuration list for PBXProject "CoreNetwork" */ = {
			isa = XCConfigurationList;
			buildConfigurations = (
				4594EEE68C754A7A5B53BA79 /* Debug */,
				07FE230BF807CCFA26F8FC22 /* Release */,
			);
			defaultConfigurationIsVisible = 0;
			defaultConfigurationName = Release;
		};
		3B9DF099817DA6F3210F93BC /* Build configuration list for PBXNativeTarget "CoreNetwork" */ = {
			isa = XCConfigurationList;
			buildConfigurations = (
				F6C6AB541EB841D761004977 /* Debug */,
				6D2B6F8FB9260669F6B7049E /* Release */,
			);
			defaultConfigurationIsVisible = 0;
			defaultConfigurationName = Release;
		};
/* End XCConfigurationList section */
	};
	rootObject = 691C8819DDA33B5FC519C434 /* Project object */;
}
